// !$*UTF8*$!
{
	archiveVersion = 1;
	classes = {
	};
	objectVersion = 46;
	objects = {

/* Begin PBXBuildFile section */
		FC09EA0B1BF40322009E7DB6 /* TopShelf.appex in Embed App Extensions */ = {isa = PBXBuildFile; fileRef = FC09EA021BF40322009E7DB6 /* TopShelf.appex */; settings = {ATTRIBUTES = (RemoveHeadersOnCopy, ); }; };
		FC09EA101BF40360009E7DB6 /* ServiceProvider.swift in Sources */ = {isa = PBXBuildFile; fileRef = FC09E9FC1BF3FF7F009E7DB6 /* ServiceProvider.swift */; };
		FC09EA111BF40371009E7DB6 /* Constants.swift in Sources */ = {isa = PBXBuildFile; fileRef = FCCC30011BE7E039009DEEC7 /* Constants.swift */; };
		FC2DCB531CBB7C860059DDFE /* LoadingState.swift in Sources */ = {isa = PBXBuildFile; fileRef = FCE5DB0F1CA9CB70002AB4ED /* LoadingState.swift */; };
		FC2DCB551CBB82E10059DDFE /* BaseViewModel.swift in Sources */ = {isa = PBXBuildFile; fileRef = FC2DCB541CBB82E10059DDFE /* BaseViewModel.swift */; };
		FC2DCB561CBB83040059DDFE /* BaseViewModel.swift in Sources */ = {isa = PBXBuildFile; fileRef = FC2DCB541CBB82E10059DDFE /* BaseViewModel.swift */; };
		FC5163DC1CFB386300203FE3 /* SearchResultsViewController.swift in Sources */ = {isa = PBXBuildFile; fileRef = FC5163DA1CFB386300203FE3 /* SearchResultsViewController.swift */; };
		FC9B898F1F657C6600C19EAC /* Alamofire.framework in Frameworks */ = {isa = PBXBuildFile; fileRef = FC9B89171F657BF600C19EAC /* Alamofire.framework */; };
		FC9B89901F657C6600C19EAC /* Alamofire.framework in Copy Frameworks */ = {isa = PBXBuildFile; fileRef = FC9B89171F657BF600C19EAC /* Alamofire.framework */; settings = {ATTRIBUTES = (CodeSignOnCopy, RemoveHeadersOnCopy, ); }; };
		FC9B89931F657C6600C19EAC /* DataSource.framework in Frameworks */ = {isa = PBXBuildFile; fileRef = FC9B89251F657BFA00C19EAC /* DataSource.framework */; };
		FC9B89941F657C6600C19EAC /* DataSource.framework in Copy Frameworks */ = {isa = PBXBuildFile; fileRef = FC9B89251F657BFA00C19EAC /* DataSource.framework */; settings = {ATTRIBUTES = (CodeSignOnCopy, RemoveHeadersOnCopy, ); }; };
		FC9B899B1F657C6600C19EAC /* ReactiveCocoa.framework in Frameworks */ = {isa = PBXBuildFile; fileRef = FC9B89491F657C0300C19EAC /* ReactiveCocoa.framework */; };
		FC9B899C1F657C6600C19EAC /* ReactiveCocoa.framework in Copy Frameworks */ = {isa = PBXBuildFile; fileRef = FC9B89491F657C0300C19EAC /* ReactiveCocoa.framework */; settings = {ATTRIBUTES = (CodeSignOnCopy, RemoveHeadersOnCopy, ); }; };
		FC9B899F1F657C6600C19EAC /* ReactiveSwift.framework in Frameworks */ = {isa = PBXBuildFile; fileRef = FC9B89611F657C0800C19EAC /* ReactiveSwift.framework */; };
		FC9B89A01F657C6600C19EAC /* ReactiveSwift.framework in Copy Frameworks */ = {isa = PBXBuildFile; fileRef = FC9B89611F657C0800C19EAC /* ReactiveSwift.framework */; settings = {ATTRIBUTES = (CodeSignOnCopy, RemoveHeadersOnCopy, ); }; };
		FC9B89A31F657C6600C19EAC /* Result.framework in Frameworks */ = {isa = PBXBuildFile; fileRef = FC9B89771F657C0B00C19EAC /* Result.framework */; };
		FC9B89A41F657C6600C19EAC /* Result.framework in Copy Frameworks */ = {isa = PBXBuildFile; fileRef = FC9B89771F657C0B00C19EAC /* Result.framework */; settings = {ATTRIBUTES = (CodeSignOnCopy, RemoveHeadersOnCopy, ); }; };
		FC9B89A71F657C6600C19EAC /* WebImage.framework in Frameworks */ = {isa = PBXBuildFile; fileRef = FC9B898E1F657C0F00C19EAC /* WebImage.framework */; };
		FC9B89A81F657C6600C19EAC /* WebImage.framework in Copy Frameworks */ = {isa = PBXBuildFile; fileRef = FC9B898E1F657C0F00C19EAC /* WebImage.framework */; settings = {ATTRIBUTES = (CodeSignOnCopy, RemoveHeadersOnCopy, ); }; };
		FC9B89AC1F657C9E00C19EAC /* ReactiveSwift.framework in Frameworks */ = {isa = PBXBuildFile; fileRef = FC9B89611F657C0800C19EAC /* ReactiveSwift.framework */; };
		FCC826B11C2237ED0005BF14 /* HomeTabBarDelegate.swift in Sources */ = {isa = PBXBuildFile; fileRef = FCC826B01C2237ED0005BF14 /* HomeTabBarDelegate.swift */; };
		FCCC30251BE7E039009DEEC7 /* Constants.swift in Sources */ = {isa = PBXBuildFile; fileRef = FCCC30011BE7E039009DEEC7 /* Constants.swift */; };
		FCCC302C1BE7E039009DEEC7 /* AppDelegate.swift in Sources */ = {isa = PBXBuildFile; fileRef = FCCC300D1BE7E039009DEEC7 /* AppDelegate.swift */; };
		FCCC30301BE7E039009DEEC7 /* Assets.xcassets in Resources */ = {isa = PBXBuildFile; fileRef = FCCC30131BE7E039009DEEC7 /* Assets.xcassets */; };
		FCCC30311BE7E039009DEEC7 /* LaunchScreen.storyboard in Resources */ = {isa = PBXBuildFile; fileRef = FCCC30141BE7E039009DEEC7 /* LaunchScreen.storyboard */; };
		FCCC30321BE7E039009DEEC7 /* Main.storyboard in Resources */ = {isa = PBXBuildFile; fileRef = FCCC30161BE7E039009DEEC7 /* Main.storyboard */; };
		FCCC303A1BE7E03F009DEEC7 /* AppDelegate.swift in Sources */ = {isa = PBXBuildFile; fileRef = FCCC301B1BE7E039009DEEC7 /* AppDelegate.swift */; };
		FCCC303D1BE7E04B009DEEC7 /* Assets.xcassets in Resources */ = {isa = PBXBuildFile; fileRef = FCCC30211BE7E039009DEEC7 /* Assets.xcassets */; };
		FCCC303E1BE7E053009DEEC7 /* Main.storyboard in Resources */ = {isa = PBXBuildFile; fileRef = FCCC30221BE7E039009DEEC7 /* Main.storyboard */; };
		FCCC30431BE94152009DEEC7 /* UIColor+RGB.swift in Sources */ = {isa = PBXBuildFile; fileRef = FCCC30421BE94152009DEEC7 /* UIColor+RGB.swift */; };
		FCCC30561BE9458D009DEEC7 /* Constants.swift in Sources */ = {isa = PBXBuildFile; fileRef = FCCC30011BE7E039009DEEC7 /* Constants.swift */; };
		FCCC30571BE94592009DEEC7 /* UIColor+RGB.swift in Sources */ = {isa = PBXBuildFile; fileRef = FCCC30421BE94152009DEEC7 /* UIColor+RGB.swift */; };
		FCCC30661BE951FD009DEEC7 /* GameCell.xib in Resources */ = {isa = PBXBuildFile; fileRef = FCCC30641BE951FD009DEEC7 /* GameCell.xib */; };
		FCCC30681BE951FD009DEEC7 /* ViewController.swift in Sources */ = {isa = PBXBuildFile; fileRef = FCCC30651BE951FD009DEEC7 /* ViewController.swift */; };
		FCCC307F1BE971EE009DEEC7 /* StreamsListViewModel.swift in Sources */ = {isa = PBXBuildFile; fileRef = FCCC307E1BE971EE009DEEC7 /* StreamsListViewModel.swift */; };
		FCCC30801BE971EE009DEEC7 /* StreamsListViewModel.swift in Sources */ = {isa = PBXBuildFile; fileRef = FCCC307E1BE971EE009DEEC7 /* StreamsListViewModel.swift */; };
		FCCC30851BE972FE009DEEC7 /* StreamViewModel.swift in Sources */ = {isa = PBXBuildFile; fileRef = FCCC30841BE972FE009DEEC7 /* StreamViewModel.swift */; };
		FCCC30861BE972FE009DEEC7 /* StreamViewModel.swift in Sources */ = {isa = PBXBuildFile; fileRef = FCCC30841BE972FE009DEEC7 /* StreamViewModel.swift */; };
		FCD02B1E1CFB4BA700638355 /* Search.storyboard in Resources */ = {isa = PBXBuildFile; fileRef = FCD02B1D1CFB4BA700638355 /* Search.storyboard */; };
		FCD02B201CFB4C2F00638355 /* Streams.storyboard in Resources */ = {isa = PBXBuildFile; fileRef = FCD02B1F1CFB4C2F00638355 /* Streams.storyboard */; };
		FCD294061DAAAFBE00B748EE /* LoadingMessages.swift in Sources */ = {isa = PBXBuildFile; fileRef = FCD294051DAAAFBE00B748EE /* LoadingMessages.swift */; };
		FCE5DAA11CA98D42002AB4ED /* StreamCell.swift in Sources */ = {isa = PBXBuildFile; fileRef = FCE769EC1BECFF6500119B19 /* StreamCell.swift */; };
		FCE5DAEB1CA9ADC9002AB4ED /* RACExtensions.swift in Sources */ = {isa = PBXBuildFile; fileRef = FCE5DAE91CA9ADC9002AB4ED /* RACExtensions.swift */; };
		FCE5DAEC1CA9ADC9002AB4ED /* RACExtensions.swift in Sources */ = {isa = PBXBuildFile; fileRef = FCE5DAE91CA9ADC9002AB4ED /* RACExtensions.swift */; };
		FCE5DAFB1CA9C889002AB4ED /* AccessToken.swift in Sources */ = {isa = PBXBuildFile; fileRef = FCE5DAF11CA9C889002AB4ED /* AccessToken.swift */; };
		FCE5DAFC1CA9C889002AB4ED /* AccessToken.swift in Sources */ = {isa = PBXBuildFile; fileRef = FCE5DAF11CA9C889002AB4ED /* AccessToken.swift */; };
		FCE5DAFD1CA9C889002AB4ED /* Channel.swift in Sources */ = {isa = PBXBuildFile; fileRef = FCE5DAF21CA9C889002AB4ED /* Channel.swift */; };
		FCE5DAFE1CA9C889002AB4ED /* Channel.swift in Sources */ = {isa = PBXBuildFile; fileRef = FCE5DAF21CA9C889002AB4ED /* Channel.swift */; };
		FCE5DAFF1CA9C889002AB4ED /* Game.swift in Sources */ = {isa = PBXBuildFile; fileRef = FCE5DAF31CA9C889002AB4ED /* Game.swift */; };
		FCE5DB001CA9C889002AB4ED /* Game.swift in Sources */ = {isa = PBXBuildFile; fileRef = FCE5DAF31CA9C889002AB4ED /* Game.swift */; };
		FCE5DB011CA9C889002AB4ED /* ListResponse.swift in Sources */ = {isa = PBXBuildFile; fileRef = FCE5DAF41CA9C889002AB4ED /* ListResponse.swift */; };
		FCE5DB021CA9C889002AB4ED /* ListResponse.swift in Sources */ = {isa = PBXBuildFile; fileRef = FCE5DAF41CA9C889002AB4ED /* ListResponse.swift */; };
		FCE5DB031CA9C889002AB4ED /* Preview.swift in Sources */ = {isa = PBXBuildFile; fileRef = FCE5DAF51CA9C889002AB4ED /* Preview.swift */; };
		FCE5DB041CA9C889002AB4ED /* Preview.swift in Sources */ = {isa = PBXBuildFile; fileRef = FCE5DAF51CA9C889002AB4ED /* Preview.swift */; };
		FCE5DB051CA9C889002AB4ED /* Stream.swift in Sources */ = {isa = PBXBuildFile; fileRef = FCE5DAF61CA9C889002AB4ED /* Stream.swift */; };
		FCE5DB061CA9C889002AB4ED /* Stream.swift in Sources */ = {isa = PBXBuildFile; fileRef = FCE5DAF61CA9C889002AB4ED /* Stream.swift */; };
		FCE5DB071CA9C889002AB4ED /* TopGame.swift in Sources */ = {isa = PBXBuildFile; fileRef = FCE5DAF71CA9C889002AB4ED /* TopGame.swift */; };
		FCE5DB081CA9C889002AB4ED /* TopGame.swift in Sources */ = {isa = PBXBuildFile; fileRef = FCE5DAF71CA9C889002AB4ED /* TopGame.swift */; };
		FCE5DB091CA9C889002AB4ED /* TwitchError.swift in Sources */ = {isa = PBXBuildFile; fileRef = FCE5DAF81CA9C889002AB4ED /* TwitchError.swift */; };
		FCE5DB0A1CA9C889002AB4ED /* TwitchError.swift in Sources */ = {isa = PBXBuildFile; fileRef = FCE5DAF81CA9C889002AB4ED /* TwitchError.swift */; };
		FCE5DB0B1CA9C889002AB4ED /* TwitchAPIClient.swift in Sources */ = {isa = PBXBuildFile; fileRef = FCE5DAF91CA9C889002AB4ED /* TwitchAPIClient.swift */; };
		FCE5DB0C1CA9C889002AB4ED /* TwitchAPIClient.swift in Sources */ = {isa = PBXBuildFile; fileRef = FCE5DAF91CA9C889002AB4ED /* TwitchAPIClient.swift */; };
		FCE5DB0D1CA9C889002AB4ED /* TwitchRouter.swift in Sources */ = {isa = PBXBuildFile; fileRef = FCE5DAFA1CA9C889002AB4ED /* TwitchRouter.swift */; };
		FCE5DB0E1CA9C889002AB4ED /* TwitchRouter.swift in Sources */ = {isa = PBXBuildFile; fileRef = FCE5DAFA1CA9C889002AB4ED /* TwitchRouter.swift */; };
		FCE5DB101CA9CB70002AB4ED /* LoadingState.swift in Sources */ = {isa = PBXBuildFile; fileRef = FCE5DB0F1CA9CB70002AB4ED /* LoadingState.swift */; };
		FCE5DB111CA9CB70002AB4ED /* LoadingState.swift in Sources */ = {isa = PBXBuildFile; fileRef = FCE5DB0F1CA9CB70002AB4ED /* LoadingState.swift */; };
		FCE5DB141CA9CE74002AB4ED /* GamesListViewModel.swift in Sources */ = {isa = PBXBuildFile; fileRef = FCE5DB131CA9CE74002AB4ED /* GamesListViewModel.swift */; };
		FCE5DB151CA9CE74002AB4ED /* GamesListViewModel.swift in Sources */ = {isa = PBXBuildFile; fileRef = FCE5DB131CA9CE74002AB4ED /* GamesListViewModel.swift */; };
		FCE5DB171CA9CF1B002AB4ED /* LoadMoreCellViewModel.swift in Sources */ = {isa = PBXBuildFile; fileRef = FCE5DB161CA9CF1B002AB4ED /* LoadMoreCellViewModel.swift */; };
		FCE5DB181CA9CF1B002AB4ED /* LoadMoreCellViewModel.swift in Sources */ = {isa = PBXBuildFile; fileRef = FCE5DB161CA9CF1B002AB4ED /* LoadMoreCellViewModel.swift */; };
		FCE5DB191CA9D25F002AB4ED /* TwitchAPIClient.swift in Sources */ = {isa = PBXBuildFile; fileRef = FCE5DAF91CA9C889002AB4ED /* TwitchAPIClient.swift */; };
		FCE5DB1A1CA9D262002AB4ED /* TwitchRouter.swift in Sources */ = {isa = PBXBuildFile; fileRef = FCE5DAFA1CA9C889002AB4ED /* TwitchRouter.swift */; };
		FCE5DB1B1CA9D268002AB4ED /* AccessToken.swift in Sources */ = {isa = PBXBuildFile; fileRef = FCE5DAF11CA9C889002AB4ED /* AccessToken.swift */; };
		FCE5DB1C1CA9D268002AB4ED /* Channel.swift in Sources */ = {isa = PBXBuildFile; fileRef = FCE5DAF21CA9C889002AB4ED /* Channel.swift */; };
		FCE5DB1D1CA9D268002AB4ED /* Game.swift in Sources */ = {isa = PBXBuildFile; fileRef = FCE5DAF31CA9C889002AB4ED /* Game.swift */; };
		FCE5DB1E1CA9D268002AB4ED /* ListResponse.swift in Sources */ = {isa = PBXBuildFile; fileRef = FCE5DAF41CA9C889002AB4ED /* ListResponse.swift */; };
		FCE5DB1F1CA9D268002AB4ED /* Preview.swift in Sources */ = {isa = PBXBuildFile; fileRef = FCE5DAF51CA9C889002AB4ED /* Preview.swift */; };
		FCE5DB201CA9D268002AB4ED /* Stream.swift in Sources */ = {isa = PBXBuildFile; fileRef = FCE5DAF61CA9C889002AB4ED /* Stream.swift */; };
		FCE5DB211CA9D268002AB4ED /* TopGame.swift in Sources */ = {isa = PBXBuildFile; fileRef = FCE5DAF71CA9C889002AB4ED /* TopGame.swift */; };
		FCE5DB221CA9D268002AB4ED /* TwitchError.swift in Sources */ = {isa = PBXBuildFile; fileRef = FCE5DAF81CA9C889002AB4ED /* TwitchError.swift */; };
		FCE5DB251CA9D479002AB4ED /* GameCellViewModel.swift in Sources */ = {isa = PBXBuildFile; fileRef = FCE5DB241CA9D479002AB4ED /* GameCellViewModel.swift */; };
		FCE5DB261CA9D479002AB4ED /* GameCellViewModel.swift in Sources */ = {isa = PBXBuildFile; fileRef = FCE5DB241CA9D479002AB4ED /* GameCellViewModel.swift */; };
		FCE5DB301CAD4804002AB4ED /* LoadingStateView.swift in Sources */ = {isa = PBXBuildFile; fileRef = FCE5DB2E1CAD4803002AB4ED /* LoadingStateView.swift */; };
		FCE5DB311CAD4804002AB4ED /* LoadingStateView.swift in Sources */ = {isa = PBXBuildFile; fileRef = FCE5DB2E1CAD4803002AB4ED /* LoadingStateView.swift */; };
		FCE5DB371CAD4824002AB4ED /* NibDesignable.swift in Sources */ = {isa = PBXBuildFile; fileRef = FCE5DB361CAD4824002AB4ED /* NibDesignable.swift */; };
		FCE5DB381CAD4824002AB4ED /* NibDesignable.swift in Sources */ = {isa = PBXBuildFile; fileRef = FCE5DB361CAD4824002AB4ED /* NibDesignable.swift */; };
		FCE5DB391CAD4824002AB4ED /* NibDesignable.swift in Sources */ = {isa = PBXBuildFile; fileRef = FCE5DB361CAD4824002AB4ED /* NibDesignable.swift */; };
		FCE5DB3B1CAD4DFA002AB4ED /* DataSourceProtocols.swift in Sources */ = {isa = PBXBuildFile; fileRef = FCE5DB3A1CAD4DFA002AB4ED /* DataSourceProtocols.swift */; };
		FCE5DB3C1CAD4DFA002AB4ED /* DataSourceProtocols.swift in Sources */ = {isa = PBXBuildFile; fileRef = FCE5DB3A1CAD4DFA002AB4ED /* DataSourceProtocols.swift */; };
		FCE5DB3D1CAD4DFA002AB4ED /* DataSourceProtocols.swift in Sources */ = {isa = PBXBuildFile; fileRef = FCE5DB3A1CAD4DFA002AB4ED /* DataSourceProtocols.swift */; };
		FCE5DB3E1CAD4FA5002AB4ED /* UIKitHelpers.swift in Sources */ = {isa = PBXBuildFile; fileRef = FCE76A021BEE26A900119B19 /* UIKitHelpers.swift */; };
		FCE5DB401CAD5146002AB4ED /* LoadMoreCell.swift in Sources */ = {isa = PBXBuildFile; fileRef = FCE5DB3F1CAD5146002AB4ED /* LoadMoreCell.swift */; };
		FCE5DB411CAD5146002AB4ED /* LoadMoreCell.swift in Sources */ = {isa = PBXBuildFile; fileRef = FCE5DB3F1CAD5146002AB4ED /* LoadMoreCell.swift */; };
		FCE5DB491CAD60EB002AB4ED /* LoadingStateView.xib in Resources */ = {isa = PBXBuildFile; fileRef = FCE5DB481CAD60EB002AB4ED /* LoadingStateView.xib */; };
		FCE5DB4C1CAD6106002AB4ED /* LoadingStateView.xib in Resources */ = {isa = PBXBuildFile; fileRef = FCE5DB4A1CAD6103002AB4ED /* LoadingStateView.xib */; };
		FCE5DB4F1CAD66F0002AB4ED /* LoadMoreCell.xib in Resources */ = {isa = PBXBuildFile; fileRef = FCE5DB4D1CAD66EA002AB4ED /* LoadMoreCell.xib */; };
		FCE5DB541CAF1FCE002AB4ED /* LoadMoreCell.xib in Resources */ = {isa = PBXBuildFile; fileRef = FCE5DB531CAF1FCD002AB4ED /* LoadMoreCell.xib */; };
		FCE769DF1BECFEB500119B19 /* GameCell.swift in Sources */ = {isa = PBXBuildFile; fileRef = FCE769DD1BECFEAE00119B19 /* GameCell.swift */; };
		FCE769EF1BECFF6500119B19 /* GameCell.swift in Sources */ = {isa = PBXBuildFile; fileRef = FCE769E51BECFF6500119B19 /* GameCell.swift */; };
		FCE769F01BECFF6500119B19 /* GameCell.xib in Resources */ = {isa = PBXBuildFile; fileRef = FCE769E61BECFF6500119B19 /* GameCell.xib */; };
		FCE769F11BECFF6500119B19 /* GamesViewController.swift in Sources */ = {isa = PBXBuildFile; fileRef = FCE769E71BECFF6500119B19 /* GamesViewController.swift */; };
		FCE769F21BECFF6500119B19 /* TwitchHomeViewController.swift in Sources */ = {isa = PBXBuildFile; fileRef = FCE769E91BECFF6500119B19 /* TwitchHomeViewController.swift */; };
		FCE769F31BECFF6500119B19 /* StreamCell.swift in Sources */ = {isa = PBXBuildFile; fileRef = FCE769EC1BECFF6500119B19 /* StreamCell.swift */; };
		FCE769F41BECFF6500119B19 /* StreamCell.xib in Resources */ = {isa = PBXBuildFile; fileRef = FCE769ED1BECFF6500119B19 /* StreamCell.xib */; };
		FCE769F51BECFF6500119B19 /* StreamsViewController.swift in Sources */ = {isa = PBXBuildFile; fileRef = FCE769EE1BECFF6500119B19 /* StreamsViewController.swift */; };
		FCE769FA1BED275100119B19 /* UIView+MotionEffect.swift in Sources */ = {isa = PBXBuildFile; fileRef = FCE769F91BED275100119B19 /* UIView+MotionEffect.swift */; };
		FCE769FB1BED275100119B19 /* UIView+MotionEffect.swift in Sources */ = {isa = PBXBuildFile; fileRef = FCE769F91BED275100119B19 /* UIView+MotionEffect.swift */; };
		FCE76A031BEE26A900119B19 /* UIKitHelpers.swift in Sources */ = {isa = PBXBuildFile; fileRef = FCE76A021BEE26A900119B19 /* UIKitHelpers.swift */; };
		FCE76A041BEE26A900119B19 /* UIKitHelpers.swift in Sources */ = {isa = PBXBuildFile; fileRef = FCE76A021BEE26A900119B19 /* UIKitHelpers.swift */; };
/* End PBXBuildFile section */

/* Begin PBXContainerItemProxy section */
		FC09EA091BF40322009E7DB6 /* PBXContainerItemProxy */ = {
			isa = PBXContainerItemProxy;
			containerPortal = FC858B061B7E40FF007A9B54 /* Project object */;
			proxyType = 1;
			remoteGlobalIDString = FC09EA011BF40322009E7DB6;
			remoteInfo = TopShelf;
		};
		FC9B890E1F657BF600C19EAC /* PBXContainerItemProxy */ = {
			isa = PBXContainerItemProxy;
			containerPortal = FC9B89031F657BF600C19EAC /* Alamofire.xcodeproj */;
			proxyType = 2;
			remoteGlobalIDString = F8111E3319A95C8B0040E7D1;
			remoteInfo = "Alamofire iOS";
		};
		FC9B89101F657BF600C19EAC /* PBXContainerItemProxy */ = {
			isa = PBXContainerItemProxy;
			containerPortal = FC9B89031F657BF600C19EAC /* Alamofire.xcodeproj */;
			proxyType = 2;
			remoteGlobalIDString = F8111E3E19A95C8B0040E7D1;
			remoteInfo = "Alamofire iOS Tests";
		};
		FC9B89121F657BF600C19EAC /* PBXContainerItemProxy */ = {
			isa = PBXContainerItemProxy;
			containerPortal = FC9B89031F657BF600C19EAC /* Alamofire.xcodeproj */;
			proxyType = 2;
			remoteGlobalIDString = 4DD67C0B1A5C55C900ED2280;
			remoteInfo = "Alamofire macOS";
		};
		FC9B89141F657BF600C19EAC /* PBXContainerItemProxy */ = {
			isa = PBXContainerItemProxy;
			containerPortal = FC9B89031F657BF600C19EAC /* Alamofire.xcodeproj */;
			proxyType = 2;
			remoteGlobalIDString = F829C6B21A7A94F100A2CD59;
			remoteInfo = "Alamofire macOS Tests";
		};
		FC9B89161F657BF600C19EAC /* PBXContainerItemProxy */ = {
			isa = PBXContainerItemProxy;
			containerPortal = FC9B89031F657BF600C19EAC /* Alamofire.xcodeproj */;
			proxyType = 2;
			remoteGlobalIDString = 4CF626EF1BA7CB3E0011A099;
			remoteInfo = "Alamofire tvOS";
		};
		FC9B89181F657BF600C19EAC /* PBXContainerItemProxy */ = {
			isa = PBXContainerItemProxy;
			containerPortal = FC9B89031F657BF600C19EAC /* Alamofire.xcodeproj */;
			proxyType = 2;
			remoteGlobalIDString = 4CF626F81BA7CB3E0011A099;
			remoteInfo = "Alamofire tvOS Tests";
		};
		FC9B891A1F657BF600C19EAC /* PBXContainerItemProxy */ = {
			isa = PBXContainerItemProxy;
			containerPortal = FC9B89031F657BF600C19EAC /* Alamofire.xcodeproj */;
			proxyType = 2;
			remoteGlobalIDString = E4202FE01B667AA100C997FB;
			remoteInfo = "Alamofire watchOS";
		};
		FC9B89221F657BFA00C19EAC /* PBXContainerItemProxy */ = {
			isa = PBXContainerItemProxy;
			containerPortal = FC9B891C1F657BFA00C19EAC /* DataSource.xcodeproj */;
			proxyType = 2;
			remoteGlobalIDString = 022B0F991B2F2AE500DD4DCD;
			remoteInfo = "DataSource-iOS";
		};
		FC9B89241F657BFA00C19EAC /* PBXContainerItemProxy */ = {
			isa = PBXContainerItemProxy;
			containerPortal = FC9B891C1F657BFA00C19EAC /* DataSource.xcodeproj */;
			proxyType = 2;
			remoteGlobalIDString = FCBEE8DC1DA8F41C00F59863;
			remoteInfo = "DataSource-tvOS";
		};
		FC9B89261F657BFA00C19EAC /* PBXContainerItemProxy */ = {
			isa = PBXContainerItemProxy;
			containerPortal = FC9B891C1F657BFA00C19EAC /* DataSource.xcodeproj */;
			proxyType = 2;
			remoteGlobalIDString = 022B0FA41B2F2AE500DD4DCD;
			remoteInfo = DataSourceTests;
		};
		FC9B893E1F657C0300C19EAC /* PBXContainerItemProxy */ = {
			isa = PBXContainerItemProxy;
			containerPortal = FC9B89341F657C0300C19EAC /* ReactiveCocoa.xcodeproj */;
			proxyType = 2;
			remoteGlobalIDString = D04725EA19E49ED7006002AA;
			remoteInfo = "ReactiveCocoa-macOS";
		};
		FC9B89401F657C0300C19EAC /* PBXContainerItemProxy */ = {
			isa = PBXContainerItemProxy;
			containerPortal = FC9B89341F657C0300C19EAC /* ReactiveCocoa.xcodeproj */;
			proxyType = 2;
			remoteGlobalIDString = D04725F519E49ED7006002AA;
			remoteInfo = "ReactiveCocoa-macOSTests";
		};
		FC9B89421F657C0300C19EAC /* PBXContainerItemProxy */ = {
			isa = PBXContainerItemProxy;
			containerPortal = FC9B89341F657C0300C19EAC /* ReactiveCocoa.xcodeproj */;
			proxyType = 2;
			remoteGlobalIDString = D047260C19E49F82006002AA;
			remoteInfo = "ReactiveCocoa-iOS";
		};
		FC9B89441F657C0300C19EAC /* PBXContainerItemProxy */ = {
			isa = PBXContainerItemProxy;
			containerPortal = FC9B89341F657C0300C19EAC /* ReactiveCocoa.xcodeproj */;
			proxyType = 2;
			remoteGlobalIDString = D047261619E49F82006002AA;
			remoteInfo = "ReactiveCocoa-iOSTests";
		};
		FC9B89461F657C0300C19EAC /* PBXContainerItemProxy */ = {
			isa = PBXContainerItemProxy;
			containerPortal = FC9B89341F657C0300C19EAC /* ReactiveCocoa.xcodeproj */;
			proxyType = 2;
			remoteGlobalIDString = A9B315541B3940610001CB9C;
			remoteInfo = "ReactiveCocoa-watchOS";
		};
		FC9B89481F657C0300C19EAC /* PBXContainerItemProxy */ = {
			isa = PBXContainerItemProxy;
			containerPortal = FC9B89341F657C0300C19EAC /* ReactiveCocoa.xcodeproj */;
			proxyType = 2;
			remoteGlobalIDString = 57A4D2411BA13D7A00F7D4B1;
			remoteInfo = "ReactiveCocoa-tvOS";
		};
		FC9B894A1F657C0300C19EAC /* PBXContainerItemProxy */ = {
			isa = PBXContainerItemProxy;
			containerPortal = FC9B89341F657C0300C19EAC /* ReactiveCocoa.xcodeproj */;
			proxyType = 2;
			remoteGlobalIDString = 7DFBED031CDB8C9500EE435B;
			remoteInfo = "ReactiveCocoa-tvOSTests";
		};
		FC9B89561F657C0800C19EAC /* PBXContainerItemProxy */ = {
			isa = PBXContainerItemProxy;
			containerPortal = FC9B894C1F657C0800C19EAC /* ReactiveSwift.xcodeproj */;
			proxyType = 2;
			remoteGlobalIDString = D04725EA19E49ED7006002AA;
			remoteInfo = "ReactiveSwift-macOS";
		};
		FC9B89581F657C0800C19EAC /* PBXContainerItemProxy */ = {
			isa = PBXContainerItemProxy;
			containerPortal = FC9B894C1F657C0800C19EAC /* ReactiveSwift.xcodeproj */;
			proxyType = 2;
			remoteGlobalIDString = D04725F519E49ED7006002AA;
			remoteInfo = "ReactiveSwift-macOSTests";
		};
		FC9B895A1F657C0800C19EAC /* PBXContainerItemProxy */ = {
			isa = PBXContainerItemProxy;
			containerPortal = FC9B894C1F657C0800C19EAC /* ReactiveSwift.xcodeproj */;
			proxyType = 2;
			remoteGlobalIDString = D047260C19E49F82006002AA;
			remoteInfo = "ReactiveSwift-iOS";
		};
		FC9B895C1F657C0800C19EAC /* PBXContainerItemProxy */ = {
			isa = PBXContainerItemProxy;
			containerPortal = FC9B894C1F657C0800C19EAC /* ReactiveSwift.xcodeproj */;
			proxyType = 2;
			remoteGlobalIDString = D047261619E49F82006002AA;
			remoteInfo = "ReactiveSwift-iOSTests";
		};
		FC9B895E1F657C0800C19EAC /* PBXContainerItemProxy */ = {
			isa = PBXContainerItemProxy;
			containerPortal = FC9B894C1F657C0800C19EAC /* ReactiveSwift.xcodeproj */;
			proxyType = 2;
			remoteGlobalIDString = A9B315541B3940610001CB9C;
			remoteInfo = "ReactiveSwift-watchOS";
		};
		FC9B89601F657C0800C19EAC /* PBXContainerItemProxy */ = {
			isa = PBXContainerItemProxy;
			containerPortal = FC9B894C1F657C0800C19EAC /* ReactiveSwift.xcodeproj */;
			proxyType = 2;
			remoteGlobalIDString = 57A4D2411BA13D7A00F7D4B1;
			remoteInfo = "ReactiveSwift-tvOS";
		};
		FC9B89621F657C0800C19EAC /* PBXContainerItemProxy */ = {
			isa = PBXContainerItemProxy;
			containerPortal = FC9B894C1F657C0800C19EAC /* ReactiveSwift.xcodeproj */;
			proxyType = 2;
			remoteGlobalIDString = 7DFBED031CDB8C9500EE435B;
			remoteInfo = "ReactiveSwift-tvOSTests";
		};
		FC9B896E1F657C0B00C19EAC /* PBXContainerItemProxy */ = {
			isa = PBXContainerItemProxy;
			containerPortal = FC9B89641F657C0B00C19EAC /* Result.xcodeproj */;
			proxyType = 2;
			remoteGlobalIDString = D45480571A9572F5009D7229;
			remoteInfo = "Result-Mac";
		};
		FC9B89701F657C0B00C19EAC /* PBXContainerItemProxy */ = {
			isa = PBXContainerItemProxy;
			containerPortal = FC9B89641F657C0B00C19EAC /* Result.xcodeproj */;
			proxyType = 2;
			remoteGlobalIDString = D45480671A9572F5009D7229;
			remoteInfo = "Result-MacTests";
		};
		FC9B89721F657C0B00C19EAC /* PBXContainerItemProxy */ = {
			isa = PBXContainerItemProxy;
			containerPortal = FC9B89641F657C0B00C19EAC /* Result.xcodeproj */;
			proxyType = 2;
			remoteGlobalIDString = D454807D1A957361009D7229;
			remoteInfo = "Result-iOS";
		};
		FC9B89741F657C0B00C19EAC /* PBXContainerItemProxy */ = {
			isa = PBXContainerItemProxy;
			containerPortal = FC9B89641F657C0B00C19EAC /* Result.xcodeproj */;
			proxyType = 2;
			remoteGlobalIDString = D45480871A957362009D7229;
			remoteInfo = "Result-iOSTests";
		};
		FC9B89761F657C0B00C19EAC /* PBXContainerItemProxy */ = {
			isa = PBXContainerItemProxy;
			containerPortal = FC9B89641F657C0B00C19EAC /* Result.xcodeproj */;
			proxyType = 2;
			remoteGlobalIDString = 57FCDE471BA280DC00130C48;
			remoteInfo = "Result-tvOS";
		};
		FC9B89781F657C0B00C19EAC /* PBXContainerItemProxy */ = {
			isa = PBXContainerItemProxy;
			containerPortal = FC9B89641F657C0B00C19EAC /* Result.xcodeproj */;
			proxyType = 2;
			remoteGlobalIDString = 57FCDE541BA280E000130C48;
			remoteInfo = "Result-tvOSTests";
		};
		FC9B897A1F657C0B00C19EAC /* PBXContainerItemProxy */ = {
			isa = PBXContainerItemProxy;
			containerPortal = FC9B89641F657C0B00C19EAC /* Result.xcodeproj */;
			proxyType = 2;
			remoteGlobalIDString = D03579A31B2B788F005D26AE;
			remoteInfo = "Result-watchOS";
		};
		FC9B89851F657C0F00C19EAC /* PBXContainerItemProxy */ = {
			isa = PBXContainerItemProxy;
			containerPortal = FC9B897C1F657C0F00C19EAC /* SDWebImage.xcodeproj */;
			proxyType = 2;
			remoteGlobalIDString = 53761325155AD0D5005750A4;
			remoteInfo = SDWebImage;
		};
		FC9B89871F657C0F00C19EAC /* PBXContainerItemProxy */ = {
			isa = PBXContainerItemProxy;
			containerPortal = FC9B897C1F657C0F00C19EAC /* SDWebImage.xcodeproj */;
			proxyType = 2;
			remoteGlobalIDString = 537D95C117ECC1FE0097C263;
			remoteInfo = "SDWebImage+WebP";
		};
		FC9B89891F657C0F00C19EAC /* PBXContainerItemProxy */ = {
			isa = PBXContainerItemProxy;
			containerPortal = FC9B897C1F657C0F00C19EAC /* SDWebImage.xcodeproj */;
			proxyType = 2;
			remoteGlobalIDString = 531041E0157EAFA400BBABC3;
			remoteInfo = "SDWebImage+MKAnnotation";
		};
		FC9B898B1F657C0F00C19EAC /* PBXContainerItemProxy */ = {
			isa = PBXContainerItemProxy;
			containerPortal = FC9B897C1F657C0F00C19EAC /* SDWebImage.xcodeproj */;
			proxyType = 2;
			remoteGlobalIDString = 4A2CADFF1AB4BB5300B6BC39;
			remoteInfo = WebImage;
		};
		FC9B898D1F657C0F00C19EAC /* PBXContainerItemProxy */ = {
			isa = PBXContainerItemProxy;
			containerPortal = FC9B897C1F657C0F00C19EAC /* SDWebImage.xcodeproj */;
			proxyType = 2;
			remoteGlobalIDString = 00733A4C1BC487C000A5A117;
			remoteInfo = "WebImage tvOS";
		};
		FC9B89911F657C6600C19EAC /* PBXContainerItemProxy */ = {
			isa = PBXContainerItemProxy;
			containerPortal = FC9B89031F657BF600C19EAC /* Alamofire.xcodeproj */;
			proxyType = 1;
			remoteGlobalIDString = 4CF626EE1BA7CB3E0011A099;
			remoteInfo = "Alamofire tvOS";
		};
		FC9B89951F657C6600C19EAC /* PBXContainerItemProxy */ = {
			isa = PBXContainerItemProxy;
			containerPortal = FC9B891C1F657BFA00C19EAC /* DataSource.xcodeproj */;
			proxyType = 1;
			remoteGlobalIDString = FCBEE8DB1DA8F41C00F59863;
			remoteInfo = "DataSource-tvOS";
		};
		FC9B899D1F657C6600C19EAC /* PBXContainerItemProxy */ = {
			isa = PBXContainerItemProxy;
			containerPortal = FC9B89341F657C0300C19EAC /* ReactiveCocoa.xcodeproj */;
			proxyType = 1;
			remoteGlobalIDString = 57A4D1AF1BA13D7A00F7D4B1;
			remoteInfo = "ReactiveCocoa-tvOS";
		};
		FC9B89A11F657C6600C19EAC /* PBXContainerItemProxy */ = {
			isa = PBXContainerItemProxy;
			containerPortal = FC9B894C1F657C0800C19EAC /* ReactiveSwift.xcodeproj */;
			proxyType = 1;
			remoteGlobalIDString = 57A4D1AF1BA13D7A00F7D4B1;
			remoteInfo = "ReactiveSwift-tvOS";
		};
		FC9B89A51F657C6600C19EAC /* PBXContainerItemProxy */ = {
			isa = PBXContainerItemProxy;
			containerPortal = FC9B89641F657C0B00C19EAC /* Result.xcodeproj */;
			proxyType = 1;
			remoteGlobalIDString = 57FCDE3C1BA280DC00130C48;
			remoteInfo = "Result-tvOS";
		};
		FC9B89A91F657C6600C19EAC /* PBXContainerItemProxy */ = {
			isa = PBXContainerItemProxy;
			containerPortal = FC9B897C1F657C0F00C19EAC /* SDWebImage.xcodeproj */;
			proxyType = 1;
			remoteGlobalIDString = 00733A4B1BC487C000A5A117;
			remoteInfo = "WebImage tvOS";
		};
/* End PBXContainerItemProxy section */

/* Begin PBXCopyFilesBuildPhase section */
		FC09EA0F1BF40322009E7DB6 /* Embed App Extensions */ = {
			isa = PBXCopyFilesBuildPhase;
			buildActionMask = 2147483647;
			dstPath = "";
			dstSubfolderSpec = 13;
			files = (
				FC09EA0B1BF40322009E7DB6 /* TopShelf.appex in Embed App Extensions */,
			);
			name = "Embed App Extensions";
			runOnlyForDeploymentPostprocessing = 0;
		};
		FCCC2FBA1BE7D8E8009DEEC7 /* Copy Frameworks */ = {
			isa = PBXCopyFilesBuildPhase;
			buildActionMask = 2147483647;
			dstPath = "";
			dstSubfolderSpec = 10;
			files = (
			);
			name = "Copy Frameworks";
			runOnlyForDeploymentPostprocessing = 0;
		};
		FCCC30501BE94559009DEEC7 /* Copy Frameworks */ = {
			isa = PBXCopyFilesBuildPhase;
			buildActionMask = 2147483647;
			dstPath = "";
			dstSubfolderSpec = 10;
			files = (
				FC9B89901F657C6600C19EAC /* Alamofire.framework in Copy Frameworks */,
				FC9B89A01F657C6600C19EAC /* ReactiveSwift.framework in Copy Frameworks */,
				FC9B89A41F657C6600C19EAC /* Result.framework in Copy Frameworks */,
				FC9B89A81F657C6600C19EAC /* WebImage.framework in Copy Frameworks */,
				FC9B89941F657C6600C19EAC /* DataSource.framework in Copy Frameworks */,
				FC9B899C1F657C6600C19EAC /* ReactiveCocoa.framework in Copy Frameworks */,
			);
			name = "Copy Frameworks";
			runOnlyForDeploymentPostprocessing = 0;
		};
/* End PBXCopyFilesBuildPhase section */

/* Begin PBXFileReference section */
		FC09E9FC1BF3FF7F009E7DB6 /* ServiceProvider.swift */ = {isa = PBXFileReference; fileEncoding = 4; lastKnownFileType = sourcecode.swift; path = ServiceProvider.swift; sourceTree = "<group>"; };
		FC09EA021BF40322009E7DB6 /* TopShelf.appex */ = {isa = PBXFileReference; explicitFileType = "wrapper.app-extension"; includeInIndex = 0; path = TopShelf.appex; sourceTree = BUILT_PRODUCTS_DIR; };
		FC09EA241BF409C8009E7DB6 /* Info.plist */ = {isa = PBXFileReference; lastKnownFileType = text.plist.xml; path = Info.plist; sourceTree = "<group>"; };
		FC1D62F61BEA06A400403CC4 /* .gitignore */ = {isa = PBXFileReference; lastKnownFileType = text; path = .gitignore; sourceTree = "<group>"; };
		FC1D62F81BEA06A400403CC4 /* Common.xcconfig */ = {isa = PBXFileReference; lastKnownFileType = text.xcconfig; path = Common.xcconfig; sourceTree = "<group>"; };
		FC1D62FA1BEA06A400403CC4 /* Debug.xcconfig */ = {isa = PBXFileReference; lastKnownFileType = text.xcconfig; path = Debug.xcconfig; sourceTree = "<group>"; };
		FC1D62FB1BEA06A400403CC4 /* Profile.xcconfig */ = {isa = PBXFileReference; lastKnownFileType = text.xcconfig; path = Profile.xcconfig; sourceTree = "<group>"; };
		FC1D62FC1BEA06A400403CC4 /* Release.xcconfig */ = {isa = PBXFileReference; lastKnownFileType = text.xcconfig; path = Release.xcconfig; sourceTree = "<group>"; };
		FC1D62FD1BEA06A400403CC4 /* Test.xcconfig */ = {isa = PBXFileReference; lastKnownFileType = text.xcconfig; path = Test.xcconfig; sourceTree = "<group>"; };
		FC1D62FF1BEA06A400403CC4 /* Application.xcconfig */ = {isa = PBXFileReference; lastKnownFileType = text.xcconfig; path = Application.xcconfig; sourceTree = "<group>"; };
		FC1D63001BEA06A400403CC4 /* Framework.xcconfig */ = {isa = PBXFileReference; lastKnownFileType = text.xcconfig; path = Framework.xcconfig; sourceTree = "<group>"; };
		FC1D63011BEA06A400403CC4 /* StaticLibrary.xcconfig */ = {isa = PBXFileReference; lastKnownFileType = text.xcconfig; path = StaticLibrary.xcconfig; sourceTree = "<group>"; };
		FC1D63031BEA06A400403CC4 /* iOS-Application.xcconfig */ = {isa = PBXFileReference; lastKnownFileType = text.xcconfig; path = "iOS-Application.xcconfig"; sourceTree = "<group>"; };
		FC1D63041BEA06A400403CC4 /* iOS-Base.xcconfig */ = {isa = PBXFileReference; lastKnownFileType = text.xcconfig; path = "iOS-Base.xcconfig"; sourceTree = "<group>"; };
		FC1D63051BEA06A400403CC4 /* iOS-Framework.xcconfig */ = {isa = PBXFileReference; lastKnownFileType = text.xcconfig; path = "iOS-Framework.xcconfig"; sourceTree = "<group>"; };
		FC1D63061BEA06A400403CC4 /* iOS-StaticLibrary.xcconfig */ = {isa = PBXFileReference; lastKnownFileType = text.xcconfig; path = "iOS-StaticLibrary.xcconfig"; sourceTree = "<group>"; };
		FC1D63081BEA06A400403CC4 /* Mac-Application.xcconfig */ = {isa = PBXFileReference; lastKnownFileType = text.xcconfig; path = "Mac-Application.xcconfig"; sourceTree = "<group>"; };
		FC1D63091BEA06A400403CC4 /* Mac-Base.xcconfig */ = {isa = PBXFileReference; lastKnownFileType = text.xcconfig; path = "Mac-Base.xcconfig"; sourceTree = "<group>"; };
		FC1D630A1BEA06A400403CC4 /* Mac-DynamicLibrary.xcconfig */ = {isa = PBXFileReference; lastKnownFileType = text.xcconfig; path = "Mac-DynamicLibrary.xcconfig"; sourceTree = "<group>"; };
		FC1D630B1BEA06A400403CC4 /* Mac-Framework.xcconfig */ = {isa = PBXFileReference; lastKnownFileType = text.xcconfig; path = "Mac-Framework.xcconfig"; sourceTree = "<group>"; };
		FC1D630C1BEA06A400403CC4 /* Mac-StaticLibrary.xcconfig */ = {isa = PBXFileReference; lastKnownFileType = text.xcconfig; path = "Mac-StaticLibrary.xcconfig"; sourceTree = "<group>"; };
		FC1D630D1BEA06A400403CC4 /* README.md */ = {isa = PBXFileReference; lastKnownFileType = net.daringfireball.markdown; path = README.md; sourceTree = "<group>"; };
		FC1D630F1BEA06A400403CC4 /* tvOS-Application.xcconfig */ = {isa = PBXFileReference; lastKnownFileType = text.xcconfig; path = "tvOS-Application.xcconfig"; sourceTree = "<group>"; };
		FC1D63101BEA06A400403CC4 /* tvOS-Base.xcconfig */ = {isa = PBXFileReference; lastKnownFileType = text.xcconfig; path = "tvOS-Base.xcconfig"; sourceTree = "<group>"; };
		FC1D63111BEA06A400403CC4 /* tvOS-Framework.xcconfig */ = {isa = PBXFileReference; lastKnownFileType = text.xcconfig; path = "tvOS-Framework.xcconfig"; sourceTree = "<group>"; };
		FC1D63121BEA06A400403CC4 /* tvOS-StaticLibrary.xcconfig */ = {isa = PBXFileReference; lastKnownFileType = text.xcconfig; path = "tvOS-StaticLibrary.xcconfig"; sourceTree = "<group>"; };
		FC1D63141BEA06A400403CC4 /* watchOS-Application.xcconfig */ = {isa = PBXFileReference; lastKnownFileType = text.xcconfig; path = "watchOS-Application.xcconfig"; sourceTree = "<group>"; };
		FC1D63151BEA06A400403CC4 /* watchOS-Base.xcconfig */ = {isa = PBXFileReference; lastKnownFileType = text.xcconfig; path = "watchOS-Base.xcconfig"; sourceTree = "<group>"; };
		FC1D63161BEA06A400403CC4 /* watchOS-Framework.xcconfig */ = {isa = PBXFileReference; lastKnownFileType = text.xcconfig; path = "watchOS-Framework.xcconfig"; sourceTree = "<group>"; };
		FC1D63171BEA06A400403CC4 /* watchOS-StaticLibrary.xcconfig */ = {isa = PBXFileReference; lastKnownFileType = text.xcconfig; path = "watchOS-StaticLibrary.xcconfig"; sourceTree = "<group>"; };
		FC2DCB541CBB82E10059DDFE /* BaseViewModel.swift */ = {isa = PBXFileReference; fileEncoding = 4; lastKnownFileType = sourcecode.swift; path = BaseViewModel.swift; sourceTree = "<group>"; };
		FC5163DA1CFB386300203FE3 /* SearchResultsViewController.swift */ = {isa = PBXFileReference; fileEncoding = 4; lastKnownFileType = sourcecode.swift; path = SearchResultsViewController.swift; sourceTree = "<group>"; };
		FC858B0E1B7E40FF007A9B54 /* TwitchTV.app */ = {isa = PBXFileReference; explicitFileType = wrapper.application; includeInIndex = 0; path = TwitchTV.app; sourceTree = BUILT_PRODUCTS_DIR; };
		FC9B89031F657BF600C19EAC /* Alamofire.xcodeproj */ = {isa = PBXFileReference; lastKnownFileType = "wrapper.pb-project"; name = Alamofire.xcodeproj; path = Carthage/Checkouts/Alamofire/Alamofire.xcodeproj; sourceTree = "<group>"; };
		FC9B891C1F657BFA00C19EAC /* DataSource.xcodeproj */ = {isa = PBXFileReference; lastKnownFileType = "wrapper.pb-project"; name = DataSource.xcodeproj; path = Carthage/Checkouts/DataSource/DataSource.xcodeproj; sourceTree = "<group>"; };
		FC9B89341F657C0300C19EAC /* ReactiveCocoa.xcodeproj */ = {isa = PBXFileReference; lastKnownFileType = "wrapper.pb-project"; name = ReactiveCocoa.xcodeproj; path = Carthage/Checkouts/ReactiveCocoa/ReactiveCocoa.xcodeproj; sourceTree = "<group>"; };
		FC9B894C1F657C0800C19EAC /* ReactiveSwift.xcodeproj */ = {isa = PBXFileReference; lastKnownFileType = "wrapper.pb-project"; name = ReactiveSwift.xcodeproj; path = Carthage/Checkouts/ReactiveSwift/ReactiveSwift.xcodeproj; sourceTree = "<group>"; };
		FC9B89641F657C0B00C19EAC /* Result.xcodeproj */ = {isa = PBXFileReference; lastKnownFileType = "wrapper.pb-project"; name = Result.xcodeproj; path = Carthage/Checkouts/Result/Result.xcodeproj; sourceTree = "<group>"; };
		FC9B897C1F657C0F00C19EAC /* SDWebImage.xcodeproj */ = {isa = PBXFileReference; lastKnownFileType = "wrapper.pb-project"; name = SDWebImage.xcodeproj; path = Carthage/Checkouts/SDWebImage/SDWebImage.xcodeproj; sourceTree = "<group>"; };
		FCC826B01C2237ED0005BF14 /* HomeTabBarDelegate.swift */ = {isa = PBXFileReference; fileEncoding = 4; lastKnownFileType = sourcecode.swift; path = HomeTabBarDelegate.swift; sourceTree = "<group>"; };
		FCCC2FE61BE7DC80009DEEC7 /* Game Theater.app */ = {isa = PBXFileReference; explicitFileType = wrapper.application; includeInIndex = 0; path = "Game Theater.app"; sourceTree = BUILT_PRODUCTS_DIR; };
		FCCC30011BE7E039009DEEC7 /* Constants.swift */ = {isa = PBXFileReference; fileEncoding = 4; lastKnownFileType = sourcecode.swift; path = Constants.swift; sourceTree = "<group>"; };
		FCCC300D1BE7E039009DEEC7 /* AppDelegate.swift */ = {isa = PBXFileReference; fileEncoding = 4; lastKnownFileType = sourcecode.swift; path = AppDelegate.swift; sourceTree = "<group>"; };
		FCCC30131BE7E039009DEEC7 /* Assets.xcassets */ = {isa = PBXFileReference; lastKnownFileType = folder.assetcatalog; path = Assets.xcassets; sourceTree = "<group>"; };
		FCCC30151BE7E039009DEEC7 /* Base */ = {isa = PBXFileReference; lastKnownFileType = file.storyboard; name = Base; path = Base.lproj/LaunchScreen.storyboard; sourceTree = "<group>"; };
		FCCC30171BE7E039009DEEC7 /* Base */ = {isa = PBXFileReference; lastKnownFileType = file.storyboard; name = Base; path = Base.lproj/Main.storyboard; sourceTree = "<group>"; };
		FCCC30181BE7E039009DEEC7 /* Info.plist */ = {isa = PBXFileReference; fileEncoding = 4; lastKnownFileType = text.plist.xml; path = Info.plist; sourceTree = "<group>"; };
		FCCC301B1BE7E039009DEEC7 /* AppDelegate.swift */ = {isa = PBXFileReference; fileEncoding = 4; lastKnownFileType = sourcecode.swift; path = AppDelegate.swift; sourceTree = "<group>"; };
		FCCC30211BE7E039009DEEC7 /* Assets.xcassets */ = {isa = PBXFileReference; lastKnownFileType = folder.assetcatalog; path = Assets.xcassets; sourceTree = "<group>"; };
		FCCC30231BE7E039009DEEC7 /* Base */ = {isa = PBXFileReference; lastKnownFileType = file.storyboard; name = Base; path = Base.lproj/Main.storyboard; sourceTree = "<group>"; };
		FCCC303F1BE927BD009DEEC7 /* Info.plist */ = {isa = PBXFileReference; lastKnownFileType = text.plist.xml; path = Info.plist; sourceTree = "<group>"; };
		FCCC30421BE94152009DEEC7 /* UIColor+RGB.swift */ = {isa = PBXFileReference; fileEncoding = 4; lastKnownFileType = sourcecode.swift; path = "UIColor+RGB.swift"; sourceTree = "<group>"; };
		FCCC30641BE951FD009DEEC7 /* GameCell.xib */ = {isa = PBXFileReference; fileEncoding = 4; lastKnownFileType = file.xib; path = GameCell.xib; sourceTree = "<group>"; };
		FCCC30651BE951FD009DEEC7 /* ViewController.swift */ = {isa = PBXFileReference; fileEncoding = 4; lastKnownFileType = sourcecode.swift; path = ViewController.swift; sourceTree = "<group>"; };
		FCCC307E1BE971EE009DEEC7 /* StreamsListViewModel.swift */ = {isa = PBXFileReference; fileEncoding = 4; lastKnownFileType = sourcecode.swift; name = StreamsListViewModel.swift; path = ../StreamsListViewModel.swift; sourceTree = "<group>"; };
		FCCC30841BE972FE009DEEC7 /* StreamViewModel.swift */ = {isa = PBXFileReference; fileEncoding = 4; lastKnownFileType = sourcecode.swift; name = StreamViewModel.swift; path = ../StreamViewModel.swift; sourceTree = "<group>"; };
		FCD02B1D1CFB4BA700638355 /* Search.storyboard */ = {isa = PBXFileReference; fileEncoding = 4; lastKnownFileType = file.storyboard; path = Search.storyboard; sourceTree = "<group>"; };
		FCD02B1F1CFB4C2F00638355 /* Streams.storyboard */ = {isa = PBXFileReference; fileEncoding = 4; lastKnownFileType = file.storyboard; path = Streams.storyboard; sourceTree = "<group>"; };
		FCD294051DAAAFBE00B748EE /* LoadingMessages.swift */ = {isa = PBXFileReference; fileEncoding = 4; lastKnownFileType = sourcecode.swift; path = LoadingMessages.swift; sourceTree = "<group>"; };
		FCE5DAE91CA9ADC9002AB4ED /* RACExtensions.swift */ = {isa = PBXFileReference; fileEncoding = 4; lastKnownFileType = sourcecode.swift; path = RACExtensions.swift; sourceTree = "<group>"; };
		FCE5DAF11CA9C889002AB4ED /* AccessToken.swift */ = {isa = PBXFileReference; fileEncoding = 4; lastKnownFileType = sourcecode.swift; path = AccessToken.swift; sourceTree = "<group>"; };
		FCE5DAF21CA9C889002AB4ED /* Channel.swift */ = {isa = PBXFileReference; fileEncoding = 4; lastKnownFileType = sourcecode.swift; path = Channel.swift; sourceTree = "<group>"; };
		FCE5DAF31CA9C889002AB4ED /* Game.swift */ = {isa = PBXFileReference; fileEncoding = 4; lastKnownFileType = sourcecode.swift; path = Game.swift; sourceTree = "<group>"; };
		FCE5DAF41CA9C889002AB4ED /* ListResponse.swift */ = {isa = PBXFileReference; fileEncoding = 4; lastKnownFileType = sourcecode.swift; path = ListResponse.swift; sourceTree = "<group>"; };
		FCE5DAF51CA9C889002AB4ED /* Preview.swift */ = {isa = PBXFileReference; fileEncoding = 4; lastKnownFileType = sourcecode.swift; path = Preview.swift; sourceTree = "<group>"; };
		FCE5DAF61CA9C889002AB4ED /* Stream.swift */ = {isa = PBXFileReference; fileEncoding = 4; lastKnownFileType = sourcecode.swift; path = Stream.swift; sourceTree = "<group>"; };
		FCE5DAF71CA9C889002AB4ED /* TopGame.swift */ = {isa = PBXFileReference; fileEncoding = 4; lastKnownFileType = sourcecode.swift; path = TopGame.swift; sourceTree = "<group>"; };
		FCE5DAF81CA9C889002AB4ED /* TwitchError.swift */ = {isa = PBXFileReference; fileEncoding = 4; lastKnownFileType = sourcecode.swift; path = TwitchError.swift; sourceTree = "<group>"; };
		FCE5DAF91CA9C889002AB4ED /* TwitchAPIClient.swift */ = {isa = PBXFileReference; fileEncoding = 4; lastKnownFileType = sourcecode.swift; path = TwitchAPIClient.swift; sourceTree = "<group>"; };
		FCE5DAFA1CA9C889002AB4ED /* TwitchRouter.swift */ = {isa = PBXFileReference; fileEncoding = 4; lastKnownFileType = sourcecode.swift; path = TwitchRouter.swift; sourceTree = "<group>"; };
		FCE5DB0F1CA9CB70002AB4ED /* LoadingState.swift */ = {isa = PBXFileReference; fileEncoding = 4; lastKnownFileType = sourcecode.swift; path = LoadingState.swift; sourceTree = "<group>"; };
		FCE5DB131CA9CE74002AB4ED /* GamesListViewModel.swift */ = {isa = PBXFileReference; fileEncoding = 4; lastKnownFileType = sourcecode.swift; path = GamesListViewModel.swift; sourceTree = "<group>"; };
		FCE5DB161CA9CF1B002AB4ED /* LoadMoreCellViewModel.swift */ = {isa = PBXFileReference; fileEncoding = 4; lastKnownFileType = sourcecode.swift; path = LoadMoreCellViewModel.swift; sourceTree = "<group>"; };
		FCE5DB241CA9D479002AB4ED /* GameCellViewModel.swift */ = {isa = PBXFileReference; fileEncoding = 4; lastKnownFileType = sourcecode.swift; path = GameCellViewModel.swift; sourceTree = "<group>"; };
		FCE5DB2E1CAD4803002AB4ED /* LoadingStateView.swift */ = {isa = PBXFileReference; fileEncoding = 4; lastKnownFileType = sourcecode.swift; path = LoadingStateView.swift; sourceTree = "<group>"; };
		FCE5DB361CAD4824002AB4ED /* NibDesignable.swift */ = {isa = PBXFileReference; fileEncoding = 4; lastKnownFileType = sourcecode.swift; path = NibDesignable.swift; sourceTree = "<group>"; };
		FCE5DB3A1CAD4DFA002AB4ED /* DataSourceProtocols.swift */ = {isa = PBXFileReference; fileEncoding = 4; lastKnownFileType = sourcecode.swift; path = DataSourceProtocols.swift; sourceTree = "<group>"; };
		FCE5DB3F1CAD5146002AB4ED /* LoadMoreCell.swift */ = {isa = PBXFileReference; fileEncoding = 4; lastKnownFileType = sourcecode.swift; path = LoadMoreCell.swift; sourceTree = "<group>"; };
		FCE5DB481CAD60EB002AB4ED /* LoadingStateView.xib */ = {isa = PBXFileReference; fileEncoding = 4; lastKnownFileType = file.xib; path = LoadingStateView.xib; sourceTree = "<group>"; };
		FCE5DB4A1CAD6103002AB4ED /* LoadingStateView.xib */ = {isa = PBXFileReference; fileEncoding = 4; lastKnownFileType = file.xib; path = LoadingStateView.xib; sourceTree = "<group>"; };
		FCE5DB4D1CAD66EA002AB4ED /* LoadMoreCell.xib */ = {isa = PBXFileReference; fileEncoding = 4; lastKnownFileType = file.xib; path = LoadMoreCell.xib; sourceTree = "<group>"; };
		FCE5DB531CAF1FCD002AB4ED /* LoadMoreCell.xib */ = {isa = PBXFileReference; fileEncoding = 4; lastKnownFileType = file.xib; path = LoadMoreCell.xib; sourceTree = "<group>"; };
		FCE769DD1BECFEAE00119B19 /* GameCell.swift */ = {isa = PBXFileReference; fileEncoding = 4; lastKnownFileType = sourcecode.swift; path = GameCell.swift; sourceTree = "<group>"; };
		FCE769E51BECFF6500119B19 /* GameCell.swift */ = {isa = PBXFileReference; fileEncoding = 4; lastKnownFileType = sourcecode.swift; path = GameCell.swift; sourceTree = "<group>"; };
		FCE769E61BECFF6500119B19 /* GameCell.xib */ = {isa = PBXFileReference; fileEncoding = 4; lastKnownFileType = file.xib; path = GameCell.xib; sourceTree = "<group>"; };
		FCE769E71BECFF6500119B19 /* GamesViewController.swift */ = {isa = PBXFileReference; fileEncoding = 4; lastKnownFileType = sourcecode.swift; path = GamesViewController.swift; sourceTree = "<group>"; };
		FCE769E91BECFF6500119B19 /* TwitchHomeViewController.swift */ = {isa = PBXFileReference; fileEncoding = 4; lastKnownFileType = sourcecode.swift; path = TwitchHomeViewController.swift; sourceTree = "<group>"; };
		FCE769EC1BECFF6500119B19 /* StreamCell.swift */ = {isa = PBXFileReference; fileEncoding = 4; lastKnownFileType = sourcecode.swift; path = StreamCell.swift; sourceTree = "<group>"; };
		FCE769ED1BECFF6500119B19 /* StreamCell.xib */ = {isa = PBXFileReference; fileEncoding = 4; lastKnownFileType = file.xib; path = StreamCell.xib; sourceTree = "<group>"; };
		FCE769EE1BECFF6500119B19 /* StreamsViewController.swift */ = {isa = PBXFileReference; fileEncoding = 4; lastKnownFileType = sourcecode.swift; path = StreamsViewController.swift; sourceTree = "<group>"; };
		FCE769F91BED275100119B19 /* UIView+MotionEffect.swift */ = {isa = PBXFileReference; fileEncoding = 4; lastKnownFileType = sourcecode.swift; path = "UIView+MotionEffect.swift"; sourceTree = "<group>"; };
		FCE76A021BEE26A900119B19 /* UIKitHelpers.swift */ = {isa = PBXFileReference; fileEncoding = 4; lastKnownFileType = sourcecode.swift; path = UIKitHelpers.swift; sourceTree = "<group>"; };
/* End PBXFileReference section */

/* Begin PBXFrameworksBuildPhase section */
		FC09E9FF1BF40322009E7DB6 /* Frameworks */ = {
			isa = PBXFrameworksBuildPhase;
			buildActionMask = 2147483647;
			files = (
				FC9B89AC1F657C9E00C19EAC /* ReactiveSwift.framework in Frameworks */,
			);
			runOnlyForDeploymentPostprocessing = 0;
		};
		FC858B0B1B7E40FF007A9B54 /* Frameworks */ = {
			isa = PBXFrameworksBuildPhase;
			buildActionMask = 2147483647;
			files = (
			);
			runOnlyForDeploymentPostprocessing = 0;
		};
		FCCC2FE31BE7DC80009DEEC7 /* Frameworks */ = {
			isa = PBXFrameworksBuildPhase;
			buildActionMask = 2147483647;
			files = (
				FC9B89A31F657C6600C19EAC /* Result.framework in Frameworks */,
				FC9B89931F657C6600C19EAC /* DataSource.framework in Frameworks */,
				FC9B898F1F657C6600C19EAC /* Alamofire.framework in Frameworks */,
				FC9B899B1F657C6600C19EAC /* ReactiveCocoa.framework in Frameworks */,
				FC9B899F1F657C6600C19EAC /* ReactiveSwift.framework in Frameworks */,
				FC9B89A71F657C6600C19EAC /* WebImage.framework in Frameworks */,
			);
			runOnlyForDeploymentPostprocessing = 0;
		};
/* End PBXFrameworksBuildPhase section */

/* Begin PBXGroup section */
		FC09E9FB1BF3FEE4009E7DB6 /* TopShelf */ = {
			isa = PBXGroup;
			children = (
				FC09EA241BF409C8009E7DB6 /* Info.plist */,
				FC09E9FC1BF3FF7F009E7DB6 /* ServiceProvider.swift */,
			);
			path = TopShelf;
			sourceTree = "<group>";
		};
		FC1D62F51BEA06A400403CC4 /* xcconfigs */ = {
			isa = PBXGroup;
			children = (
				FC1D62F61BEA06A400403CC4 /* .gitignore */,
				FC1D62F71BEA06A400403CC4 /* Base */,
				FC1D63021BEA06A400403CC4 /* iOS */,
				FC1D63071BEA06A400403CC4 /* Mac OS X */,
				FC1D630D1BEA06A400403CC4 /* README.md */,
				FC1D630E1BEA06A400403CC4 /* tvOS */,
				FC1D63131BEA06A400403CC4 /* watchOS */,
			);
			name = xcconfigs;
			path = Carthage/Checkouts/xcconfigs;
			sourceTree = "<group>";
		};
		FC1D62F71BEA06A400403CC4 /* Base */ = {
			isa = PBXGroup;
			children = (
				FC1D62F81BEA06A400403CC4 /* Common.xcconfig */,
				FC1D62F91BEA06A400403CC4 /* Configurations */,
				FC1D62FE1BEA06A400403CC4 /* Targets */,
			);
			path = Base;
			sourceTree = "<group>";
		};
		FC1D62F91BEA06A400403CC4 /* Configurations */ = {
			isa = PBXGroup;
			children = (
				FC1D62FA1BEA06A400403CC4 /* Debug.xcconfig */,
				FC1D62FB1BEA06A400403CC4 /* Profile.xcconfig */,
				FC1D62FC1BEA06A400403CC4 /* Release.xcconfig */,
				FC1D62FD1BEA06A400403CC4 /* Test.xcconfig */,
			);
			path = Configurations;
			sourceTree = "<group>";
		};
		FC1D62FE1BEA06A400403CC4 /* Targets */ = {
			isa = PBXGroup;
			children = (
				FC1D62FF1BEA06A400403CC4 /* Application.xcconfig */,
				FC1D63001BEA06A400403CC4 /* Framework.xcconfig */,
				FC1D63011BEA06A400403CC4 /* StaticLibrary.xcconfig */,
			);
			path = Targets;
			sourceTree = "<group>";
		};
		FC1D63021BEA06A400403CC4 /* iOS */ = {
			isa = PBXGroup;
			children = (
				FC1D63031BEA06A400403CC4 /* iOS-Application.xcconfig */,
				FC1D63041BEA06A400403CC4 /* iOS-Base.xcconfig */,
				FC1D63051BEA06A400403CC4 /* iOS-Framework.xcconfig */,
				FC1D63061BEA06A400403CC4 /* iOS-StaticLibrary.xcconfig */,
			);
			path = iOS;
			sourceTree = "<group>";
		};
		FC1D63071BEA06A400403CC4 /* Mac OS X */ = {
			isa = PBXGroup;
			children = (
				FC1D63081BEA06A400403CC4 /* Mac-Application.xcconfig */,
				FC1D63091BEA06A400403CC4 /* Mac-Base.xcconfig */,
				FC1D630A1BEA06A400403CC4 /* Mac-DynamicLibrary.xcconfig */,
				FC1D630B1BEA06A400403CC4 /* Mac-Framework.xcconfig */,
				FC1D630C1BEA06A400403CC4 /* Mac-StaticLibrary.xcconfig */,
			);
			path = "Mac OS X";
			sourceTree = "<group>";
		};
		FC1D630E1BEA06A400403CC4 /* tvOS */ = {
			isa = PBXGroup;
			children = (
				FC1D630F1BEA06A400403CC4 /* tvOS-Application.xcconfig */,
				FC1D63101BEA06A400403CC4 /* tvOS-Base.xcconfig */,
				FC1D63111BEA06A400403CC4 /* tvOS-Framework.xcconfig */,
				FC1D63121BEA06A400403CC4 /* tvOS-StaticLibrary.xcconfig */,
			);
			path = tvOS;
			sourceTree = "<group>";
		};
		FC1D63131BEA06A400403CC4 /* watchOS */ = {
			isa = PBXGroup;
			children = (
				FC1D63141BEA06A400403CC4 /* watchOS-Application.xcconfig */,
				FC1D63151BEA06A400403CC4 /* watchOS-Base.xcconfig */,
				FC1D63161BEA06A400403CC4 /* watchOS-Framework.xcconfig */,
				FC1D63171BEA06A400403CC4 /* watchOS-StaticLibrary.xcconfig */,
			);
			path = watchOS;
			sourceTree = "<group>";
		};
		FC5163D91CFB386300203FE3 /* Search */ = {
			isa = PBXGroup;
			children = (
				FC5163DA1CFB386300203FE3 /* SearchResultsViewController.swift */,
				FCD02B1D1CFB4BA700638355 /* Search.storyboard */,
			);
			path = Search;
			sourceTree = "<group>";
		};
		FC858B051B7E40FF007A9B54 = {
			isa = PBXGroup;
			children = (
				FC1D62F51BEA06A400403CC4 /* xcconfigs */,
				FCCC2FFF1BE7E039009DEEC7 /* Code */,
				FCBAD4411B7E48DB00B8A7BD /* Frameworks */,
				FC858B0F1B7E40FF007A9B54 /* Products */,
			);
			sourceTree = "<group>";
		};
		FC858B0F1B7E40FF007A9B54 /* Products */ = {
			isa = PBXGroup;
			children = (
				FC858B0E1B7E40FF007A9B54 /* TwitchTV.app */,
				FCCC2FE61BE7DC80009DEEC7 /* Game Theater.app */,
				FC09EA021BF40322009E7DB6 /* TopShelf.appex */,
			);
			name = Products;
			sourceTree = "<group>";
		};
		FC9B89041F657BF600C19EAC /* Products */ = {
			isa = PBXGroup;
			children = (
				FC9B890F1F657BF600C19EAC /* Alamofire.framework */,
				FC9B89111F657BF600C19EAC /* Alamofire iOS Tests.xctest */,
				FC9B89131F657BF600C19EAC /* Alamofire.framework */,
				FC9B89151F657BF600C19EAC /* Alamofire macOS Tests.xctest */,
				FC9B89171F657BF600C19EAC /* Alamofire.framework */,
				FC9B89191F657BF600C19EAC /* Alamofire tvOS Tests.xctest */,
				FC9B891B1F657BF600C19EAC /* Alamofire.framework */,
			);
			name = Products;
			sourceTree = "<group>";
		};
		FC9B891D1F657BFA00C19EAC /* Products */ = {
			isa = PBXGroup;
			children = (
				FC9B89231F657BFA00C19EAC /* DataSource.framework */,
				FC9B89251F657BFA00C19EAC /* DataSource.framework */,
				FC9B89271F657BFA00C19EAC /* DataSourceTests.xctest */,
			);
			name = Products;
			sourceTree = "<group>";
		};
		FC9B89351F657C0300C19EAC /* Products */ = {
			isa = PBXGroup;
			children = (
				FC9B893F1F657C0300C19EAC /* ReactiveCocoa.framework */,
				FC9B89411F657C0300C19EAC /* ReactiveCocoaTests.xctest */,
				FC9B89431F657C0300C19EAC /* ReactiveCocoa.framework */,
				FC9B89451F657C0300C19EAC /* ReactiveCocoaTests.xctest */,
				FC9B89471F657C0300C19EAC /* ReactiveCocoa.framework */,
				FC9B89491F657C0300C19EAC /* ReactiveCocoa.framework */,
				FC9B894B1F657C0300C19EAC /* ReactiveCocoaTests.xctest */,
			);
			name = Products;
			sourceTree = "<group>";
		};
		FC9B894D1F657C0800C19EAC /* Products */ = {
			isa = PBXGroup;
			children = (
				FC9B89571F657C0800C19EAC /* ReactiveSwift.framework */,
				FC9B89591F657C0800C19EAC /* ReactiveSwiftTests.xctest */,
				FC9B895B1F657C0800C19EAC /* ReactiveSwift.framework */,
				FC9B895D1F657C0800C19EAC /* ReactiveSwiftTests.xctest */,
				FC9B895F1F657C0800C19EAC /* ReactiveSwift.framework */,
				FC9B89611F657C0800C19EAC /* ReactiveSwift.framework */,
				FC9B89631F657C0800C19EAC /* ReactiveSwiftTests.xctest */,
			);
			name = Products;
			sourceTree = "<group>";
		};
		FC9B89651F657C0B00C19EAC /* Products */ = {
			isa = PBXGroup;
			children = (
				FC9B896F1F657C0B00C19EAC /* Result.framework */,
				FC9B89711F657C0B00C19EAC /* Result-MacTests.xctest */,
				FC9B89731F657C0B00C19EAC /* Result.framework */,
				FC9B89751F657C0B00C19EAC /* Result-iOSTests.xctest */,
				FC9B89771F657C0B00C19EAC /* Result.framework */,
				FC9B89791F657C0B00C19EAC /* Result-tvOSTests.xctest */,
				FC9B897B1F657C0B00C19EAC /* Result.framework */,
			);
			name = Products;
			sourceTree = "<group>";
		};
		FC9B897D1F657C0F00C19EAC /* Products */ = {
			isa = PBXGroup;
			children = (
				FC9B89861F657C0F00C19EAC /* libSDWebImage.a */,
				FC9B89881F657C0F00C19EAC /* libSDWebImage+WebP.a */,
				FC9B898A1F657C0F00C19EAC /* libSDWebImage+MKAnnotation.a */,
				FC9B898C1F657C0F00C19EAC /* WebImage.framework */,
				FC9B898E1F657C0F00C19EAC /* WebImage.framework */,
			);
			name = Products;
			sourceTree = "<group>";
		};
		FCBAD4411B7E48DB00B8A7BD /* Frameworks */ = {
			isa = PBXGroup;
			children = (
				FC9B89031F657BF600C19EAC /* Alamofire.xcodeproj */,
				FC9B891C1F657BFA00C19EAC /* DataSource.xcodeproj */,
				FC9B89341F657C0300C19EAC /* ReactiveCocoa.xcodeproj */,
				FC9B894C1F657C0800C19EAC /* ReactiveSwift.xcodeproj */,
				FC9B89641F657C0B00C19EAC /* Result.xcodeproj */,
				FC9B897C1F657C0F00C19EAC /* SDWebImage.xcodeproj */,
			);
			name = Frameworks;
			sourceTree = "<group>";
		};
		FCCC2FFF1BE7E039009DEEC7 /* Code */ = {
			isa = PBXGroup;
			children = (
				FCCC30001BE7E039009DEEC7 /* Common */,
				FCCC300C1BE7E039009DEEC7 /* iOS */,
				FCCC301A1BE7E039009DEEC7 /* tvOS */,
			);
			path = Code;
			sourceTree = "<group>";
		};
		FCCC30001BE7E039009DEEC7 /* Common */ = {
			isa = PBXGroup;
			children = (
				FCCC30011BE7E039009DEEC7 /* Constants.swift */,
				FCCC30021BE7E039009DEEC7 /* Helpers */,
				FCE5DAEF1CA9C889002AB4ED /* Networking */,
				FCCC30091BE7E039009DEEC7 /* ViewModels */,
				FCE5DB2D1CAD47A0002AB4ED /* Views */,
			);
			path = Common;
			sourceTree = "<group>";
		};
		FCCC30021BE7E039009DEEC7 /* Helpers */ = {
			isa = PBXGroup;
			children = (
				FCE5DB0F1CA9CB70002AB4ED /* LoadingState.swift */,
				FCE5DAE91CA9ADC9002AB4ED /* RACExtensions.swift */,
				FCCC30421BE94152009DEEC7 /* UIColor+RGB.swift */,
				FCE76A021BEE26A900119B19 /* UIKitHelpers.swift */,
				FCE769F91BED275100119B19 /* UIView+MotionEffect.swift */,
			);
			path = Helpers;
			sourceTree = "<group>";
		};
		FCCC30091BE7E039009DEEC7 /* ViewModels */ = {
			isa = PBXGroup;
			children = (
				FC2DCB541CBB82E10059DDFE /* BaseViewModel.swift */,
				FCE5DB3A1CAD4DFA002AB4ED /* DataSourceProtocols.swift */,
				FCE5DB161CA9CF1B002AB4ED /* LoadMoreCellViewModel.swift */,
				FCE5DB451CAD56DB002AB4ED /* StreamsList */,
				FCE5DB121CA9CE74002AB4ED /* TopGames */,
			);
			path = ViewModels;
			sourceTree = "<group>";
		};
		FCCC300C1BE7E039009DEEC7 /* iOS */ = {
			isa = PBXGroup;
			children = (
				FCCC300D1BE7E039009DEEC7 /* AppDelegate.swift */,
				FCCC300E1BE7E039009DEEC7 /* Controllers */,
				FCCC30121BE7E039009DEEC7 /* Resources */,
				FCE5DB471CAD60BC002AB4ED /* Views */,
			);
			path = iOS;
			sourceTree = "<group>";
		};
		FCCC300E1BE7E039009DEEC7 /* Controllers */ = {
			isa = PBXGroup;
			children = (
				FCCC30621BE951FD009DEEC7 /* Home */,
			);
			path = Controllers;
			sourceTree = "<group>";
		};
		FCCC30121BE7E039009DEEC7 /* Resources */ = {
			isa = PBXGroup;
			children = (
				FCCC30131BE7E039009DEEC7 /* Assets.xcassets */,
				FCCC30141BE7E039009DEEC7 /* LaunchScreen.storyboard */,
				FCCC30161BE7E039009DEEC7 /* Main.storyboard */,
				FCCC30181BE7E039009DEEC7 /* Info.plist */,
			);
			path = Resources;
			sourceTree = "<group>";
		};
		FCCC301A1BE7E039009DEEC7 /* tvOS */ = {
			isa = PBXGroup;
			children = (
				FCCC301B1BE7E039009DEEC7 /* AppDelegate.swift */,
				FCE769E21BECFF6500119B19 /* Controllers */,
				FCD294021DAA92A300B748EE /* Models */,
				FCCC30201BE7E039009DEEC7 /* Resources */,
				FC09E9FB1BF3FEE4009E7DB6 /* TopShelf */,
				FCE5DB461CAD60B3002AB4ED /* Views */,
			);
			path = tvOS;
			sourceTree = "<group>";
		};
		FCCC30201BE7E039009DEEC7 /* Resources */ = {
			isa = PBXGroup;
			children = (
				FCCC303F1BE927BD009DEEC7 /* Info.plist */,
				FCCC30211BE7E039009DEEC7 /* Assets.xcassets */,
				FCCC30221BE7E039009DEEC7 /* Main.storyboard */,
			);
			path = Resources;
			sourceTree = "<group>";
		};
		FCCC30621BE951FD009DEEC7 /* Home */ = {
			isa = PBXGroup;
			children = (
				FCCC30631BE951FD009DEEC7 /* Cells */,
				FCCC30651BE951FD009DEEC7 /* ViewController.swift */,
			);
			path = Home;
			sourceTree = "<group>";
		};
		FCCC30631BE951FD009DEEC7 /* Cells */ = {
			isa = PBXGroup;
			children = (
				FCE769DD1BECFEAE00119B19 /* GameCell.swift */,
				FCCC30641BE951FD009DEEC7 /* GameCell.xib */,
			);
			path = Cells;
			sourceTree = "<group>";
		};
		FCD294021DAA92A300B748EE /* Models */ = {
			isa = PBXGroup;
			children = (
				FCD294051DAAAFBE00B748EE /* LoadingMessages.swift */,
			);
			path = Models;
			sourceTree = "<group>";
		};
		FCE5DAEF1CA9C889002AB4ED /* Networking */ = {
			isa = PBXGroup;
			children = (
				FCE5DAF01CA9C889002AB4ED /* Responses */,
				FCE5DAF91CA9C889002AB4ED /* TwitchAPIClient.swift */,
				FCE5DAFA1CA9C889002AB4ED /* TwitchRouter.swift */,
			);
			path = Networking;
			sourceTree = "<group>";
		};
		FCE5DAF01CA9C889002AB4ED /* Responses */ = {
			isa = PBXGroup;
			children = (
				FCE5DAF11CA9C889002AB4ED /* AccessToken.swift */,
				FCE5DAF21CA9C889002AB4ED /* Channel.swift */,
				FCE5DAF31CA9C889002AB4ED /* Game.swift */,
				FCE5DAF41CA9C889002AB4ED /* ListResponse.swift */,
				FCE5DAF51CA9C889002AB4ED /* Preview.swift */,
				FCE5DAF61CA9C889002AB4ED /* Stream.swift */,
				FCE5DAF71CA9C889002AB4ED /* TopGame.swift */,
				FCE5DAF81CA9C889002AB4ED /* TwitchError.swift */,
			);
			path = Responses;
			sourceTree = "<group>";
		};
		FCE5DB121CA9CE74002AB4ED /* TopGames */ = {
			isa = PBXGroup;
			children = (
				FCE5DB241CA9D479002AB4ED /* GameCellViewModel.swift */,
				FCE5DB131CA9CE74002AB4ED /* GamesListViewModel.swift */,
			);
			path = TopGames;
			sourceTree = "<group>";
		};
		FCE5DB2D1CAD47A0002AB4ED /* Views */ = {
			isa = PBXGroup;
			children = (
				FCE5DB2E1CAD4803002AB4ED /* LoadingStateView.swift */,
				FCE5DB3F1CAD5146002AB4ED /* LoadMoreCell.swift */,
				FCE5DB361CAD4824002AB4ED /* NibDesignable.swift */,
			);
			path = Views;
			sourceTree = "<group>";
		};
		FCE5DB451CAD56DB002AB4ED /* StreamsList */ = {
			isa = PBXGroup;
			children = (
				FCCC307E1BE971EE009DEEC7 /* StreamsListViewModel.swift */,
				FCCC30841BE972FE009DEEC7 /* StreamViewModel.swift */,
			);
			path = StreamsList;
			sourceTree = "<group>";
		};
		FCE5DB461CAD60B3002AB4ED /* Views */ = {
			isa = PBXGroup;
			children = (
				FCE5DB4D1CAD66EA002AB4ED /* LoadMoreCell.xib */,
				FCE5DB4A1CAD6103002AB4ED /* LoadingStateView.xib */,
			);
			path = Views;
			sourceTree = "<group>";
		};
		FCE5DB471CAD60BC002AB4ED /* Views */ = {
			isa = PBXGroup;
			children = (
				FCE5DB531CAF1FCD002AB4ED /* LoadMoreCell.xib */,
				FCE5DB481CAD60EB002AB4ED /* LoadingStateView.xib */,
			);
			path = Views;
			sourceTree = "<group>";
		};
		FCE769E21BECFF6500119B19 /* Controllers */ = {
			isa = PBXGroup;
			children = (
				FC5163D91CFB386300203FE3 /* Search */,
				FCE769E31BECFF6500119B19 /* Games */,
				FCE769E81BECFF6500119B19 /* Home */,
				FCE769EA1BECFF6500119B19 /* Streams */,
			);
			path = Controllers;
			sourceTree = "<group>";
		};
		FCE769E31BECFF6500119B19 /* Games */ = {
			isa = PBXGroup;
			children = (
				FCE769E41BECFF6500119B19 /* Cells */,
				FCE769E71BECFF6500119B19 /* GamesViewController.swift */,
			);
			path = Games;
			sourceTree = "<group>";
		};
		FCE769E41BECFF6500119B19 /* Cells */ = {
			isa = PBXGroup;
			children = (
				FCE769E51BECFF6500119B19 /* GameCell.swift */,
				FCE769E61BECFF6500119B19 /* GameCell.xib */,
			);
			path = Cells;
			sourceTree = "<group>";
		};
		FCE769E81BECFF6500119B19 /* Home */ = {
			isa = PBXGroup;
			children = (
				FCE769E91BECFF6500119B19 /* TwitchHomeViewController.swift */,
				FCC826B01C2237ED0005BF14 /* HomeTabBarDelegate.swift */,
			);
			path = Home;
			sourceTree = "<group>";
		};
		FCE769EA1BECFF6500119B19 /* Streams */ = {
			isa = PBXGroup;
			children = (
				FCE769EB1BECFF6500119B19 /* Cells */,
				FCE769EE1BECFF6500119B19 /* StreamsViewController.swift */,
				FCD02B1F1CFB4C2F00638355 /* Streams.storyboard */,
			);
			path = Streams;
			sourceTree = "<group>";
		};
		FCE769EB1BECFF6500119B19 /* Cells */ = {
			isa = PBXGroup;
			children = (
				FCE769EC1BECFF6500119B19 /* StreamCell.swift */,
				FCE769ED1BECFF6500119B19 /* StreamCell.xib */,
			);
			path = Cells;
			sourceTree = "<group>";
		};
/* End PBXGroup section */

/* Begin PBXNativeTarget section */
		FC09EA011BF40322009E7DB6 /* TopShelf */ = {
			isa = PBXNativeTarget;
			buildConfigurationList = FC09EA0C1BF40322009E7DB6 /* Build configuration list for PBXNativeTarget "TopShelf" */;
			buildPhases = (
				FC09E9FE1BF40322009E7DB6 /* Sources */,
				FC09E9FF1BF40322009E7DB6 /* Frameworks */,
				FC09EA001BF40322009E7DB6 /* Resources */,
			);
			buildRules = (
			);
			dependencies = (
			);
			name = TopShelf;
			productName = TopShelf;
			productReference = FC09EA021BF40322009E7DB6 /* TopShelf.appex */;
			productType = "com.apple.product-type.tv-app-extension";
		};
		FC858B0D1B7E40FF007A9B54 /* TwitchTV-iOS */ = {
			isa = PBXNativeTarget;
			buildConfigurationList = FC858B361B7E40FF007A9B54 /* Build configuration list for PBXNativeTarget "TwitchTV-iOS" */;
			buildPhases = (
				FC858B0A1B7E40FF007A9B54 /* Sources */,
				FC858B0B1B7E40FF007A9B54 /* Frameworks */,
				FC858B0C1B7E40FF007A9B54 /* Resources */,
				FCCC2FBA1BE7D8E8009DEEC7 /* Copy Frameworks */,
			);
			buildRules = (
			);
			dependencies = (
			);
			name = "TwitchTV-iOS";
			productName = ReactiveTesting;
			productReference = FC858B0E1B7E40FF007A9B54 /* TwitchTV.app */;
			productType = "com.apple.product-type.application";
		};
		FCCC2FE51BE7DC80009DEEC7 /* TwitchTV-tvOS */ = {
			isa = PBXNativeTarget;
			buildConfigurationList = FCCC2FF41BE7DC80009DEEC7 /* Build configuration list for PBXNativeTarget "TwitchTV-tvOS" */;
			buildPhases = (
				FCCC2FE21BE7DC80009DEEC7 /* Sources */,
				FCCC2FE31BE7DC80009DEEC7 /* Frameworks */,
				FCCC2FE41BE7DC80009DEEC7 /* Resources */,
				FCCC30501BE94559009DEEC7 /* Copy Frameworks */,
				FC09EA0F1BF40322009E7DB6 /* Embed App Extensions */,
			);
			buildRules = (
			);
			dependencies = (
				FC09EA0A1BF40322009E7DB6 /* PBXTargetDependency */,
				FC9B89921F657C6600C19EAC /* PBXTargetDependency */,
				FC9B89961F657C6600C19EAC /* PBXTargetDependency */,
				FC9B899E1F657C6600C19EAC /* PBXTargetDependency */,
				FC9B89A21F657C6600C19EAC /* PBXTargetDependency */,
				FC9B89A61F657C6600C19EAC /* PBXTargetDependency */,
				FC9B89AA1F657C6600C19EAC /* PBXTargetDependency */,
			);
			name = "TwitchTV-tvOS";
			productName = "TwitchTV-tvOS";
			productReference = FCCC2FE61BE7DC80009DEEC7 /* Game Theater.app */;
			productType = "com.apple.product-type.application";
		};
/* End PBXNativeTarget section */

/* Begin PBXProject section */
		FC858B061B7E40FF007A9B54 /* Project object */ = {
			isa = PBXProject;
			attributes = {
				LastSwiftUpdateCheck = 0710;
				LastUpgradeCheck = 0900;
				ORGANIZATIONNAME = "Benoit Layer";
				TargetAttributes = {
					FC09EA011BF40322009E7DB6 = {
						CreatedOnToolsVersion = 7.1;
						DevelopmentTeam = 43SXS7JQ42;
						LastSwiftMigration = 0900;
						ProvisioningStyle = Manual;
					};
					FC858B0D1B7E40FF007A9B54 = {
						CreatedOnToolsVersion = 7.0;
						ProvisioningStyle = Manual;
					};
					FCCC2FE51BE7DC80009DEEC7 = {
						CreatedOnToolsVersion = 7.1;
						DevelopmentTeam = 43SXS7JQ42;
						LastSwiftMigration = 0900;
						ProvisioningStyle = Manual;
					};
				};
			};
			buildConfigurationList = FC858B091B7E40FF007A9B54 /* Build configuration list for PBXProject "TwitchTV" */;
			compatibilityVersion = "Xcode 3.2";
			developmentRegion = English;
			hasScannedForEncodings = 0;
			knownRegions = (
				en,
				Base,
			);
			mainGroup = FC858B051B7E40FF007A9B54;
			productRefGroup = FC858B0F1B7E40FF007A9B54 /* Products */;
			projectDirPath = "";
			projectReferences = (
				{
					ProductGroup = FC9B89041F657BF600C19EAC /* Products */;
					ProjectRef = FC9B89031F657BF600C19EAC /* Alamofire.xcodeproj */;
				},
				{
					ProductGroup = FC9B891D1F657BFA00C19EAC /* Products */;
					ProjectRef = FC9B891C1F657BFA00C19EAC /* DataSource.xcodeproj */;
				},
				{
					ProductGroup = FC9B89351F657C0300C19EAC /* Products */;
					ProjectRef = FC9B89341F657C0300C19EAC /* ReactiveCocoa.xcodeproj */;
				},
				{
					ProductGroup = FC9B894D1F657C0800C19EAC /* Products */;
					ProjectRef = FC9B894C1F657C0800C19EAC /* ReactiveSwift.xcodeproj */;
				},
				{
					ProductGroup = FC9B89651F657C0B00C19EAC /* Products */;
					ProjectRef = FC9B89641F657C0B00C19EAC /* Result.xcodeproj */;
				},
				{
					ProductGroup = FC9B897D1F657C0F00C19EAC /* Products */;
					ProjectRef = FC9B897C1F657C0F00C19EAC /* SDWebImage.xcodeproj */;
				},
			);
			projectRoot = "";
			targets = (
				FC858B0D1B7E40FF007A9B54 /* TwitchTV-iOS */,
				FCCC2FE51BE7DC80009DEEC7 /* TwitchTV-tvOS */,
				FC09EA011BF40322009E7DB6 /* TopShelf */,
			);
		};
/* End PBXProject section */

/* Begin PBXReferenceProxy section */
		FC9B890F1F657BF600C19EAC /* Alamofire.framework */ = {
			isa = PBXReferenceProxy;
			fileType = wrapper.framework;
			path = Alamofire.framework;
			remoteRef = FC9B890E1F657BF600C19EAC /* PBXContainerItemProxy */;
			sourceTree = BUILT_PRODUCTS_DIR;
		};
		FC9B89111F657BF600C19EAC /* Alamofire iOS Tests.xctest */ = {
			isa = PBXReferenceProxy;
			fileType = wrapper.cfbundle;
			path = "Alamofire iOS Tests.xctest";
			remoteRef = FC9B89101F657BF600C19EAC /* PBXContainerItemProxy */;
			sourceTree = BUILT_PRODUCTS_DIR;
		};
		FC9B89131F657BF600C19EAC /* Alamofire.framework */ = {
			isa = PBXReferenceProxy;
			fileType = wrapper.framework;
			path = Alamofire.framework;
			remoteRef = FC9B89121F657BF600C19EAC /* PBXContainerItemProxy */;
			sourceTree = BUILT_PRODUCTS_DIR;
		};
		FC9B89151F657BF600C19EAC /* Alamofire macOS Tests.xctest */ = {
			isa = PBXReferenceProxy;
			fileType = wrapper.cfbundle;
			path = "Alamofire macOS Tests.xctest";
			remoteRef = FC9B89141F657BF600C19EAC /* PBXContainerItemProxy */;
			sourceTree = BUILT_PRODUCTS_DIR;
		};
		FC9B89171F657BF600C19EAC /* Alamofire.framework */ = {
			isa = PBXReferenceProxy;
			fileType = wrapper.framework;
			path = Alamofire.framework;
			remoteRef = FC9B89161F657BF600C19EAC /* PBXContainerItemProxy */;
			sourceTree = BUILT_PRODUCTS_DIR;
		};
		FC9B89191F657BF600C19EAC /* Alamofire tvOS Tests.xctest */ = {
			isa = PBXReferenceProxy;
			fileType = wrapper.cfbundle;
			path = "Alamofire tvOS Tests.xctest";
			remoteRef = FC9B89181F657BF600C19EAC /* PBXContainerItemProxy */;
			sourceTree = BUILT_PRODUCTS_DIR;
		};
		FC9B891B1F657BF600C19EAC /* Alamofire.framework */ = {
			isa = PBXReferenceProxy;
			fileType = wrapper.framework;
			path = Alamofire.framework;
			remoteRef = FC9B891A1F657BF600C19EAC /* PBXContainerItemProxy */;
			sourceTree = BUILT_PRODUCTS_DIR;
		};
		FC9B89231F657BFA00C19EAC /* DataSource.framework */ = {
			isa = PBXReferenceProxy;
			fileType = wrapper.framework;
			path = DataSource.framework;
			remoteRef = FC9B89221F657BFA00C19EAC /* PBXContainerItemProxy */;
			sourceTree = BUILT_PRODUCTS_DIR;
		};
		FC9B89251F657BFA00C19EAC /* DataSource.framework */ = {
			isa = PBXReferenceProxy;
			fileType = wrapper.framework;
			path = DataSource.framework;
			remoteRef = FC9B89241F657BFA00C19EAC /* PBXContainerItemProxy */;
			sourceTree = BUILT_PRODUCTS_DIR;
		};
		FC9B89271F657BFA00C19EAC /* DataSourceTests.xctest */ = {
			isa = PBXReferenceProxy;
			fileType = wrapper.cfbundle;
			path = DataSourceTests.xctest;
			remoteRef = FC9B89261F657BFA00C19EAC /* PBXContainerItemProxy */;
			sourceTree = BUILT_PRODUCTS_DIR;
		};
		FC9B893F1F657C0300C19EAC /* ReactiveCocoa.framework */ = {
			isa = PBXReferenceProxy;
			fileType = wrapper.framework;
			path = ReactiveCocoa.framework;
			remoteRef = FC9B893E1F657C0300C19EAC /* PBXContainerItemProxy */;
			sourceTree = BUILT_PRODUCTS_DIR;
		};
		FC9B89411F657C0300C19EAC /* ReactiveCocoaTests.xctest */ = {
			isa = PBXReferenceProxy;
			fileType = wrapper.cfbundle;
			path = ReactiveCocoaTests.xctest;
			remoteRef = FC9B89401F657C0300C19EAC /* PBXContainerItemProxy */;
			sourceTree = BUILT_PRODUCTS_DIR;
		};
		FC9B89431F657C0300C19EAC /* ReactiveCocoa.framework */ = {
			isa = PBXReferenceProxy;
			fileType = wrapper.framework;
			path = ReactiveCocoa.framework;
			remoteRef = FC9B89421F657C0300C19EAC /* PBXContainerItemProxy */;
			sourceTree = BUILT_PRODUCTS_DIR;
		};
		FC9B89451F657C0300C19EAC /* ReactiveCocoaTests.xctest */ = {
			isa = PBXReferenceProxy;
			fileType = wrapper.cfbundle;
			path = ReactiveCocoaTests.xctest;
			remoteRef = FC9B89441F657C0300C19EAC /* PBXContainerItemProxy */;
			sourceTree = BUILT_PRODUCTS_DIR;
		};
		FC9B89471F657C0300C19EAC /* ReactiveCocoa.framework */ = {
			isa = PBXReferenceProxy;
			fileType = wrapper.framework;
			path = ReactiveCocoa.framework;
			remoteRef = FC9B89461F657C0300C19EAC /* PBXContainerItemProxy */;
			sourceTree = BUILT_PRODUCTS_DIR;
		};
		FC9B89491F657C0300C19EAC /* ReactiveCocoa.framework */ = {
			isa = PBXReferenceProxy;
			fileType = wrapper.framework;
			path = ReactiveCocoa.framework;
			remoteRef = FC9B89481F657C0300C19EAC /* PBXContainerItemProxy */;
			sourceTree = BUILT_PRODUCTS_DIR;
		};
		FC9B894B1F657C0300C19EAC /* ReactiveCocoaTests.xctest */ = {
			isa = PBXReferenceProxy;
			fileType = wrapper.cfbundle;
			path = ReactiveCocoaTests.xctest;
			remoteRef = FC9B894A1F657C0300C19EAC /* PBXContainerItemProxy */;
			sourceTree = BUILT_PRODUCTS_DIR;
		};
		FC9B89571F657C0800C19EAC /* ReactiveSwift.framework */ = {
			isa = PBXReferenceProxy;
			fileType = wrapper.framework;
			path = ReactiveSwift.framework;
			remoteRef = FC9B89561F657C0800C19EAC /* PBXContainerItemProxy */;
			sourceTree = BUILT_PRODUCTS_DIR;
		};
		FC9B89591F657C0800C19EAC /* ReactiveSwiftTests.xctest */ = {
			isa = PBXReferenceProxy;
			fileType = wrapper.cfbundle;
			path = ReactiveSwiftTests.xctest;
			remoteRef = FC9B89581F657C0800C19EAC /* PBXContainerItemProxy */;
			sourceTree = BUILT_PRODUCTS_DIR;
		};
		FC9B895B1F657C0800C19EAC /* ReactiveSwift.framework */ = {
			isa = PBXReferenceProxy;
			fileType = wrapper.framework;
			path = ReactiveSwift.framework;
			remoteRef = FC9B895A1F657C0800C19EAC /* PBXContainerItemProxy */;
			sourceTree = BUILT_PRODUCTS_DIR;
		};
		FC9B895D1F657C0800C19EAC /* ReactiveSwiftTests.xctest */ = {
			isa = PBXReferenceProxy;
			fileType = wrapper.cfbundle;
			path = ReactiveSwiftTests.xctest;
			remoteRef = FC9B895C1F657C0800C19EAC /* PBXContainerItemProxy */;
			sourceTree = BUILT_PRODUCTS_DIR;
		};
		FC9B895F1F657C0800C19EAC /* ReactiveSwift.framework */ = {
			isa = PBXReferenceProxy;
			fileType = wrapper.framework;
			path = ReactiveSwift.framework;
			remoteRef = FC9B895E1F657C0800C19EAC /* PBXContainerItemProxy */;
			sourceTree = BUILT_PRODUCTS_DIR;
		};
		FC9B89611F657C0800C19EAC /* ReactiveSwift.framework */ = {
			isa = PBXReferenceProxy;
			fileType = wrapper.framework;
			path = ReactiveSwift.framework;
			remoteRef = FC9B89601F657C0800C19EAC /* PBXContainerItemProxy */;
			sourceTree = BUILT_PRODUCTS_DIR;
		};
		FC9B89631F657C0800C19EAC /* ReactiveSwiftTests.xctest */ = {
			isa = PBXReferenceProxy;
			fileType = wrapper.cfbundle;
			path = ReactiveSwiftTests.xctest;
			remoteRef = FC9B89621F657C0800C19EAC /* PBXContainerItemProxy */;
			sourceTree = BUILT_PRODUCTS_DIR;
		};
		FC9B896F1F657C0B00C19EAC /* Result.framework */ = {
			isa = PBXReferenceProxy;
			fileType = wrapper.framework;
			path = Result.framework;
			remoteRef = FC9B896E1F657C0B00C19EAC /* PBXContainerItemProxy */;
			sourceTree = BUILT_PRODUCTS_DIR;
		};
		FC9B89711F657C0B00C19EAC /* Result-MacTests.xctest */ = {
			isa = PBXReferenceProxy;
			fileType = wrapper.cfbundle;
			path = "Result-MacTests.xctest";
			remoteRef = FC9B89701F657C0B00C19EAC /* PBXContainerItemProxy */;
			sourceTree = BUILT_PRODUCTS_DIR;
		};
		FC9B89731F657C0B00C19EAC /* Result.framework */ = {
			isa = PBXReferenceProxy;
			fileType = wrapper.framework;
			path = Result.framework;
			remoteRef = FC9B89721F657C0B00C19EAC /* PBXContainerItemProxy */;
			sourceTree = BUILT_PRODUCTS_DIR;
		};
		FC9B89751F657C0B00C19EAC /* Result-iOSTests.xctest */ = {
			isa = PBXReferenceProxy;
			fileType = wrapper.cfbundle;
			path = "Result-iOSTests.xctest";
			remoteRef = FC9B89741F657C0B00C19EAC /* PBXContainerItemProxy */;
			sourceTree = BUILT_PRODUCTS_DIR;
		};
		FC9B89771F657C0B00C19EAC /* Result.framework */ = {
			isa = PBXReferenceProxy;
			fileType = wrapper.framework;
			path = Result.framework;
			remoteRef = FC9B89761F657C0B00C19EAC /* PBXContainerItemProxy */;
			sourceTree = BUILT_PRODUCTS_DIR;
		};
		FC9B89791F657C0B00C19EAC /* Result-tvOSTests.xctest */ = {
			isa = PBXReferenceProxy;
			fileType = wrapper.cfbundle;
			path = "Result-tvOSTests.xctest";
			remoteRef = FC9B89781F657C0B00C19EAC /* PBXContainerItemProxy */;
			sourceTree = BUILT_PRODUCTS_DIR;
		};
		FC9B897B1F657C0B00C19EAC /* Result.framework */ = {
			isa = PBXReferenceProxy;
			fileType = wrapper.framework;
			path = Result.framework;
			remoteRef = FC9B897A1F657C0B00C19EAC /* PBXContainerItemProxy */;
			sourceTree = BUILT_PRODUCTS_DIR;
		};
		FC9B89861F657C0F00C19EAC /* libSDWebImage.a */ = {
			isa = PBXReferenceProxy;
			fileType = archive.ar;
			path = libSDWebImage.a;
			remoteRef = FC9B89851F657C0F00C19EAC /* PBXContainerItemProxy */;
			sourceTree = BUILT_PRODUCTS_DIR;
		};
		FC9B89881F657C0F00C19EAC /* libSDWebImage+WebP.a */ = {
			isa = PBXReferenceProxy;
			fileType = archive.ar;
			path = "libSDWebImage+WebP.a";
			remoteRef = FC9B89871F657C0F00C19EAC /* PBXContainerItemProxy */;
			sourceTree = BUILT_PRODUCTS_DIR;
		};
		FC9B898A1F657C0F00C19EAC /* libSDWebImage+MKAnnotation.a */ = {
			isa = PBXReferenceProxy;
			fileType = archive.ar;
			path = "libSDWebImage+MKAnnotation.a";
			remoteRef = FC9B89891F657C0F00C19EAC /* PBXContainerItemProxy */;
			sourceTree = BUILT_PRODUCTS_DIR;
		};
		FC9B898C1F657C0F00C19EAC /* WebImage.framework */ = {
			isa = PBXReferenceProxy;
			fileType = wrapper.framework;
			path = WebImage.framework;
			remoteRef = FC9B898B1F657C0F00C19EAC /* PBXContainerItemProxy */;
			sourceTree = BUILT_PRODUCTS_DIR;
		};
		FC9B898E1F657C0F00C19EAC /* WebImage.framework */ = {
			isa = PBXReferenceProxy;
			fileType = wrapper.framework;
			path = WebImage.framework;
			remoteRef = FC9B898D1F657C0F00C19EAC /* PBXContainerItemProxy */;
			sourceTree = BUILT_PRODUCTS_DIR;
		};
/* End PBXReferenceProxy section */

/* Begin PBXResourcesBuildPhase section */
		FC09EA001BF40322009E7DB6 /* Resources */ = {
			isa = PBXResourcesBuildPhase;
			buildActionMask = 2147483647;
			files = (
			);
			runOnlyForDeploymentPostprocessing = 0;
		};
		FC858B0C1B7E40FF007A9B54 /* Resources */ = {
			isa = PBXResourcesBuildPhase;
			buildActionMask = 2147483647;
			files = (
				FCE5DB541CAF1FCE002AB4ED /* LoadMoreCell.xib in Resources */,
				FCCC30661BE951FD009DEEC7 /* GameCell.xib in Resources */,
				FCE5DB491CAD60EB002AB4ED /* LoadingStateView.xib in Resources */,
				FCCC30321BE7E039009DEEC7 /* Main.storyboard in Resources */,
				FCCC30301BE7E039009DEEC7 /* Assets.xcassets in Resources */,
				FCCC30311BE7E039009DEEC7 /* LaunchScreen.storyboard in Resources */,
			);
			runOnlyForDeploymentPostprocessing = 0;
		};
		FCCC2FE41BE7DC80009DEEC7 /* Resources */ = {
			isa = PBXResourcesBuildPhase;
			buildActionMask = 2147483647;
			files = (
				FCCC303D1BE7E04B009DEEC7 /* Assets.xcassets in Resources */,
				FCE5DB4C1CAD6106002AB4ED /* LoadingStateView.xib in Resources */,
				FCE5DB4F1CAD66F0002AB4ED /* LoadMoreCell.xib in Resources */,
				FCCC303E1BE7E053009DEEC7 /* Main.storyboard in Resources */,
				FCD02B201CFB4C2F00638355 /* Streams.storyboard in Resources */,
				FCE769F01BECFF6500119B19 /* GameCell.xib in Resources */,
				FCD02B1E1CFB4BA700638355 /* Search.storyboard in Resources */,
				FCE769F41BECFF6500119B19 /* StreamCell.xib in Resources */,
			);
			runOnlyForDeploymentPostprocessing = 0;
		};
/* End PBXResourcesBuildPhase section */

/* Begin PBXSourcesBuildPhase section */
		FC09E9FE1BF40322009E7DB6 /* Sources */ = {
			isa = PBXSourcesBuildPhase;
			buildActionMask = 2147483647;
			files = (
				FCE5DB221CA9D268002AB4ED /* TwitchError.swift in Sources */,
				FCE5DB391CAD4824002AB4ED /* NibDesignable.swift in Sources */,
				FCE5DB191CA9D25F002AB4ED /* TwitchAPIClient.swift in Sources */,
				FCE5DB1D1CA9D268002AB4ED /* Game.swift in Sources */,
				FCE5DB3D1CAD4DFA002AB4ED /* DataSourceProtocols.swift in Sources */,
				FCE5DB3E1CAD4FA5002AB4ED /* UIKitHelpers.swift in Sources */,
				FC09EA101BF40360009E7DB6 /* ServiceProvider.swift in Sources */,
				FCE5DB1E1CA9D268002AB4ED /* ListResponse.swift in Sources */,
				FC09EA111BF40371009E7DB6 /* Constants.swift in Sources */,
				FCE5DB1A1CA9D262002AB4ED /* TwitchRouter.swift in Sources */,
				FCE5DB201CA9D268002AB4ED /* Stream.swift in Sources */,
				FCE5DB1C1CA9D268002AB4ED /* Channel.swift in Sources */,
				FC2DCB531CBB7C860059DDFE /* LoadingState.swift in Sources */,
				FCE5DB211CA9D268002AB4ED /* TopGame.swift in Sources */,
				FCE5DB1F1CA9D268002AB4ED /* Preview.swift in Sources */,
				FCE5DB1B1CA9D268002AB4ED /* AccessToken.swift in Sources */,
			);
			runOnlyForDeploymentPostprocessing = 0;
		};
		FC858B0A1B7E40FF007A9B54 /* Sources */ = {
			isa = PBXSourcesBuildPhase;
			buildActionMask = 2147483647;
			files = (
				FCE5DB251CA9D479002AB4ED /* GameCellViewModel.swift in Sources */,
				FCE5DB371CAD4824002AB4ED /* NibDesignable.swift in Sources */,
				FCE769FA1BED275100119B19 /* UIView+MotionEffect.swift in Sources */,
				FCCC302C1BE7E039009DEEC7 /* AppDelegate.swift in Sources */,
				FCE5DAA11CA98D42002AB4ED /* StreamCell.swift in Sources */,
				FCE5DB031CA9C889002AB4ED /* Preview.swift in Sources */,
				FCE5DB171CA9CF1B002AB4ED /* LoadMoreCellViewModel.swift in Sources */,
				FCCC30851BE972FE009DEEC7 /* StreamViewModel.swift in Sources */,
				FCE5DB101CA9CB70002AB4ED /* LoadingState.swift in Sources */,
				FCE76A031BEE26A900119B19 /* UIKitHelpers.swift in Sources */,
				FCE5DAFD1CA9C889002AB4ED /* Channel.swift in Sources */,
				FCE5DB091CA9C889002AB4ED /* TwitchError.swift in Sources */,
				FCCC30681BE951FD009DEEC7 /* ViewController.swift in Sources */,
				FCE5DB051CA9C889002AB4ED /* Stream.swift in Sources */,
				FCE5DAEB1CA9ADC9002AB4ED /* RACExtensions.swift in Sources */,
				FCE5DB3B1CAD4DFA002AB4ED /* DataSourceProtocols.swift in Sources */,
				FCE5DB141CA9CE74002AB4ED /* GamesListViewModel.swift in Sources */,
				FCE5DB401CAD5146002AB4ED /* LoadMoreCell.swift in Sources */,
				FCCC30571BE94592009DEEC7 /* UIColor+RGB.swift in Sources */,
				FCE5DB071CA9C889002AB4ED /* TopGame.swift in Sources */,
				FC2DCB551CBB82E10059DDFE /* BaseViewModel.swift in Sources */,
				FCE5DB301CAD4804002AB4ED /* LoadingStateView.swift in Sources */,
				FCE5DAFB1CA9C889002AB4ED /* AccessToken.swift in Sources */,
				FCE5DB0D1CA9C889002AB4ED /* TwitchRouter.swift in Sources */,
				FCCC307F1BE971EE009DEEC7 /* StreamsListViewModel.swift in Sources */,
				FCE5DAFF1CA9C889002AB4ED /* Game.swift in Sources */,
				FCCC30251BE7E039009DEEC7 /* Constants.swift in Sources */,
				FCE5DB011CA9C889002AB4ED /* ListResponse.swift in Sources */,
				FCE769DF1BECFEB500119B19 /* GameCell.swift in Sources */,
				FCE5DB0B1CA9C889002AB4ED /* TwitchAPIClient.swift in Sources */,
			);
			runOnlyForDeploymentPostprocessing = 0;
		};
		FCCC2FE21BE7DC80009DEEC7 /* Sources */ = {
			isa = PBXSourcesBuildPhase;
			buildActionMask = 2147483647;
			files = (
				FCE769F31BECFF6500119B19 /* StreamCell.swift in Sources */,
				FCE5DB0E1CA9C889002AB4ED /* TwitchRouter.swift in Sources */,
				FCCC30801BE971EE009DEEC7 /* StreamsListViewModel.swift in Sources */,
				FCE769F51BECFF6500119B19 /* StreamsViewController.swift in Sources */,
				FCE5DB3C1CAD4DFA002AB4ED /* DataSourceProtocols.swift in Sources */,
				FCE5DB061CA9C889002AB4ED /* Stream.swift in Sources */,
				FCE5DB081CA9C889002AB4ED /* TopGame.swift in Sources */,
				FCE5DB0A1CA9C889002AB4ED /* TwitchError.swift in Sources */,
				FCD294061DAAAFBE00B748EE /* LoadingMessages.swift in Sources */,
				FCE5DB0C1CA9C889002AB4ED /* TwitchAPIClient.swift in Sources */,
				FCE5DB411CAD5146002AB4ED /* LoadMoreCell.swift in Sources */,
				FCCC30431BE94152009DEEC7 /* UIColor+RGB.swift in Sources */,
				FCE5DB111CA9CB70002AB4ED /* LoadingState.swift in Sources */,
				FCE5DAFE1CA9C889002AB4ED /* Channel.swift in Sources */,
				FCE5DB021CA9C889002AB4ED /* ListResponse.swift in Sources */,
				FCC826B11C2237ED0005BF14 /* HomeTabBarDelegate.swift in Sources */,
				FCE5DB041CA9C889002AB4ED /* Preview.swift in Sources */,
				FCE769F11BECFF6500119B19 /* GamesViewController.swift in Sources */,
				FCE5DAEC1CA9ADC9002AB4ED /* RACExtensions.swift in Sources */,
				FCE769EF1BECFF6500119B19 /* GameCell.swift in Sources */,
				FCE76A041BEE26A900119B19 /* UIKitHelpers.swift in Sources */,
				FCE5DB151CA9CE74002AB4ED /* GamesListViewModel.swift in Sources */,
				FCCC303A1BE7E03F009DEEC7 /* AppDelegate.swift in Sources */,
				FCE769FB1BED275100119B19 /* UIView+MotionEffect.swift in Sources */,
				FCE769F21BECFF6500119B19 /* TwitchHomeViewController.swift in Sources */,
				FC5163DC1CFB386300203FE3 /* SearchResultsViewController.swift in Sources */,
				FCE5DB001CA9C889002AB4ED /* Game.swift in Sources */,
				FCE5DB181CA9CF1B002AB4ED /* LoadMoreCellViewModel.swift in Sources */,
				FCCC30861BE972FE009DEEC7 /* StreamViewModel.swift in Sources */,
				FCCC30561BE9458D009DEEC7 /* Constants.swift in Sources */,
				FCE5DB381CAD4824002AB4ED /* NibDesignable.swift in Sources */,
				FC2DCB561CBB83040059DDFE /* BaseViewModel.swift in Sources */,
				FCE5DB311CAD4804002AB4ED /* LoadingStateView.swift in Sources */,
				FCE5DB261CA9D479002AB4ED /* GameCellViewModel.swift in Sources */,
				FCE5DAFC1CA9C889002AB4ED /* AccessToken.swift in Sources */,
			);
			runOnlyForDeploymentPostprocessing = 0;
		};
/* End PBXSourcesBuildPhase section */

/* Begin PBXTargetDependency section */
		FC09EA0A1BF40322009E7DB6 /* PBXTargetDependency */ = {
			isa = PBXTargetDependency;
			target = FC09EA011BF40322009E7DB6 /* TopShelf */;
			targetProxy = FC09EA091BF40322009E7DB6 /* PBXContainerItemProxy */;
		};
		FC9B89921F657C6600C19EAC /* PBXTargetDependency */ = {
			isa = PBXTargetDependency;
			name = "Alamofire tvOS";
			targetProxy = FC9B89911F657C6600C19EAC /* PBXContainerItemProxy */;
		};
		FC9B89961F657C6600C19EAC /* PBXTargetDependency */ = {
			isa = PBXTargetDependency;
			name = "DataSource-tvOS";
			targetProxy = FC9B89951F657C6600C19EAC /* PBXContainerItemProxy */;
		};
		FC9B899E1F657C6600C19EAC /* PBXTargetDependency */ = {
			isa = PBXTargetDependency;
			name = "ReactiveCocoa-tvOS";
			targetProxy = FC9B899D1F657C6600C19EAC /* PBXContainerItemProxy */;
		};
		FC9B89A21F657C6600C19EAC /* PBXTargetDependency */ = {
			isa = PBXTargetDependency;
			name = "ReactiveSwift-tvOS";
			targetProxy = FC9B89A11F657C6600C19EAC /* PBXContainerItemProxy */;
		};
		FC9B89A61F657C6600C19EAC /* PBXTargetDependency */ = {
			isa = PBXTargetDependency;
			name = "Result-tvOS";
			targetProxy = FC9B89A51F657C6600C19EAC /* PBXContainerItemProxy */;
		};
		FC9B89AA1F657C6600C19EAC /* PBXTargetDependency */ = {
			isa = PBXTargetDependency;
			name = "WebImage tvOS";
			targetProxy = FC9B89A91F657C6600C19EAC /* PBXContainerItemProxy */;
		};
/* End PBXTargetDependency section */

/* Begin PBXVariantGroup section */
		FCCC30141BE7E039009DEEC7 /* LaunchScreen.storyboard */ = {
			isa = PBXVariantGroup;
			children = (
				FCCC30151BE7E039009DEEC7 /* Base */,
			);
			name = LaunchScreen.storyboard;
			sourceTree = "<group>";
		};
		FCCC30161BE7E039009DEEC7 /* Main.storyboard */ = {
			isa = PBXVariantGroup;
			children = (
				FCCC30171BE7E039009DEEC7 /* Base */,
			);
			name = Main.storyboard;
			sourceTree = "<group>";
		};
		FCCC30221BE7E039009DEEC7 /* Main.storyboard */ = {
			isa = PBXVariantGroup;
			children = (
				FCCC30231BE7E039009DEEC7 /* Base */,
			);
			name = Main.storyboard;
			sourceTree = "<group>";
		};
/* End PBXVariantGroup section */

/* Begin XCBuildConfiguration section */
		FC09EA0D1BF40322009E7DB6 /* Debug */ = {
			isa = XCBuildConfiguration;
			baseConfigurationReference = FC1D630F1BEA06A400403CC4 /* tvOS-Application.xcconfig */;
			buildSettings = {
				CODE_SIGN_IDENTITY = "iPhone Developer";
				DEVELOPMENT_TEAM = 43SXS7JQ42;
				FRAMEWORK_SEARCH_PATHS = "$(inherited)";
				INFOPLIST_FILE = Code/tvOS/TopShelf/Info.plist;
				LD_RUNPATH_SEARCH_PATHS = "$(inherited) @executable_path/Frameworks @executable_path/../../Frameworks";
				PRODUCT_BUNDLE_IDENTIFIER = com.notbenoit.Twitch.TopShelf;
				PRODUCT_NAME = "$(TARGET_NAME)";
				PROVISIONING_PROFILE = "843c0786-6bde-4564-a8dc-f1525d13eb47";
				PROVISIONING_PROFILE_SPECIFIER = "Twitch Extension Development Profile";
				SDKROOT = appletvos;
				SKIP_INSTALL = YES;
				SWIFT_VERSION = 4.0;
				TVOS_DEPLOYMENT_TARGET = 9.1;
			};
			name = Debug;
		};
		FC09EA0E1BF40322009E7DB6 /* Release */ = {
			isa = XCBuildConfiguration;
			baseConfigurationReference = FC1D630F1BEA06A400403CC4 /* tvOS-Application.xcconfig */;
			buildSettings = {
				CODE_SIGN_IDENTITY = "iPhone Developer";
				"CODE_SIGN_IDENTITY[sdk=appletvos*]" = "iPhone Distribution";
				DEVELOPMENT_TEAM = 43SXS7JQ42;
				FRAMEWORK_SEARCH_PATHS = "$(inherited)";
				INFOPLIST_FILE = Code/tvOS/TopShelf/Info.plist;
				LD_RUNPATH_SEARCH_PATHS = "$(inherited) @executable_path/Frameworks @executable_path/../../Frameworks";
				PRODUCT_BUNDLE_IDENTIFIER = com.notbenoit.Twitch.TopShelf;
				PRODUCT_NAME = "$(TARGET_NAME)";
				PROVISIONING_PROFILE = "ff13892f-fe76-4029-bd2c-31ffa1124f85";
				PROVISIONING_PROFILE_SPECIFIER = "Twitch Extension";
				SDKROOT = appletvos;
				SKIP_INSTALL = YES;
				SWIFT_VERSION = 4.0;
				TVOS_DEPLOYMENT_TARGET = 9.1;
			};
			name = Release;
		};
		FC858B341B7E40FF007A9B54 /* Debug */ = {
			isa = XCBuildConfiguration;
			buildSettings = {
				ALWAYS_SEARCH_USER_PATHS = NO;
				CLANG_CXX_LANGUAGE_STANDARD = "gnu++0x";
				CLANG_CXX_LIBRARY = "libc++";
				CLANG_ENABLE_MODULES = YES;
				CLANG_ENABLE_OBJC_ARC = YES;
				CLANG_WARN_BLOCK_CAPTURE_AUTORELEASING = YES;
				CLANG_WARN_BOOL_CONVERSION = YES;
				CLANG_WARN_COMMA = YES;
				CLANG_WARN_CONSTANT_CONVERSION = YES;
				CLANG_WARN_DIRECT_OBJC_ISA_USAGE = YES_ERROR;
				CLANG_WARN_EMPTY_BODY = YES;
				CLANG_WARN_ENUM_CONVERSION = YES;
				CLANG_WARN_INFINITE_RECURSION = YES;
				CLANG_WARN_INT_CONVERSION = YES;
				CLANG_WARN_NON_LITERAL_NULL_CONVERSION = YES;
				CLANG_WARN_OBJC_LITERAL_CONVERSION = YES;
				CLANG_WARN_OBJC_ROOT_CLASS = YES_ERROR;
				CLANG_WARN_RANGE_LOOP_ANALYSIS = YES;
				CLANG_WARN_STRICT_PROTOTYPES = YES;
				CLANG_WARN_SUSPICIOUS_MOVE = YES;
				CLANG_WARN_UNREACHABLE_CODE = YES;
				CLANG_WARN__DUPLICATE_METHOD_MATCH = YES;
				"CODE_SIGN_IDENTITY[sdk=iphoneos*]" = "iPhone Developer";
				COPY_PHASE_STRIP = NO;
				CURRENT_PROJECT_VERSION = 171102221538;
				DEBUG_INFORMATION_FORMAT = dwarf;
				ENABLE_STRICT_OBJC_MSGSEND = YES;
				ENABLE_TESTABILITY = YES;
				GCC_C_LANGUAGE_STANDARD = gnu99;
				GCC_DYNAMIC_NO_PIC = NO;
				GCC_NO_COMMON_BLOCKS = YES;
				GCC_OPTIMIZATION_LEVEL = 0;
				GCC_PREPROCESSOR_DEFINITIONS = (
					"DEBUG=1",
					"$(inherited)",
				);
				GCC_WARN_64_TO_32_BIT_CONVERSION = YES;
				GCC_WARN_ABOUT_RETURN_TYPE = YES_ERROR;
				GCC_WARN_UNDECLARED_SELECTOR = YES;
				GCC_WARN_UNINITIALIZED_AUTOS = YES_AGGRESSIVE;
				GCC_WARN_UNUSED_FUNCTION = YES;
				GCC_WARN_UNUSED_VARIABLE = YES;
				IPHONEOS_DEPLOYMENT_TARGET = 9.1;
				MTL_ENABLE_DEBUG_INFO = YES;
				ONLY_ACTIVE_ARCH = YES;
				OTHER_LDFLAGS = "-ObjC";
				PRODUCT_NAME = "";
				SDKROOT = iphoneos;
				SWIFT_OPTIMIZATION_LEVEL = "-Onone";
				SWIFT_SWIFT3_OBJC_INFERENCE = Off;
				SWIFT_VERSION = 4.0;
				TVOS_APP_VERSION = 1.1.6;
				VERSIONING_SYSTEM = "apple-generic";
			};
			name = Debug;
		};
		FC858B351B7E40FF007A9B54 /* Release */ = {
			isa = XCBuildConfiguration;
			buildSettings = {
				ALWAYS_SEARCH_USER_PATHS = NO;
				CLANG_CXX_LANGUAGE_STANDARD = "gnu++0x";
				CLANG_CXX_LIBRARY = "libc++";
				CLANG_ENABLE_MODULES = YES;
				CLANG_ENABLE_OBJC_ARC = YES;
				CLANG_WARN_BLOCK_CAPTURE_AUTORELEASING = YES;
				CLANG_WARN_BOOL_CONVERSION = YES;
				CLANG_WARN_COMMA = YES;
				CLANG_WARN_CONSTANT_CONVERSION = YES;
				CLANG_WARN_DIRECT_OBJC_ISA_USAGE = YES_ERROR;
				CLANG_WARN_EMPTY_BODY = YES;
				CLANG_WARN_ENUM_CONVERSION = YES;
				CLANG_WARN_INFINITE_RECURSION = YES;
				CLANG_WARN_INT_CONVERSION = YES;
				CLANG_WARN_NON_LITERAL_NULL_CONVERSION = YES;
				CLANG_WARN_OBJC_LITERAL_CONVERSION = YES;
				CLANG_WARN_OBJC_ROOT_CLASS = YES_ERROR;
				CLANG_WARN_RANGE_LOOP_ANALYSIS = YES;
				CLANG_WARN_STRICT_PROTOTYPES = YES;
				CLANG_WARN_SUSPICIOUS_MOVE = YES;
				CLANG_WARN_UNREACHABLE_CODE = YES;
				CLANG_WARN__DUPLICATE_METHOD_MATCH = YES;
				"CODE_SIGN_IDENTITY[sdk=iphoneos*]" = "iPhone Developer";
				COPY_PHASE_STRIP = NO;
				CURRENT_PROJECT_VERSION = 171102221538;
				DEBUG_INFORMATION_FORMAT = "dwarf-with-dsym";
				ENABLE_NS_ASSERTIONS = NO;
				ENABLE_STRICT_OBJC_MSGSEND = YES;
				GCC_C_LANGUAGE_STANDARD = gnu99;
				GCC_NO_COMMON_BLOCKS = YES;
				GCC_WARN_64_TO_32_BIT_CONVERSION = YES;
				GCC_WARN_ABOUT_RETURN_TYPE = YES_ERROR;
				GCC_WARN_UNDECLARED_SELECTOR = YES;
				GCC_WARN_UNINITIALIZED_AUTOS = YES_AGGRESSIVE;
				GCC_WARN_UNUSED_FUNCTION = YES;
				GCC_WARN_UNUSED_VARIABLE = YES;
				IPHONEOS_DEPLOYMENT_TARGET = 9.1;
				MTL_ENABLE_DEBUG_INFO = NO;
				OTHER_LDFLAGS = "-ObjC";
				PRODUCT_NAME = "";
				SDKROOT = iphoneos;
				SWIFT_OPTIMIZATION_LEVEL = "-Owholemodule";
				SWIFT_SWIFT3_OBJC_INFERENCE = Off;
				SWIFT_VERSION = 4.0;
				TVOS_APP_VERSION = 1.1.6;
				VALIDATE_PRODUCT = YES;
				VERSIONING_SYSTEM = "apple-generic";
			};
			name = Release;
		};
		FC858B371B7E40FF007A9B54 /* Debug */ = {
			isa = XCBuildConfiguration;
			baseConfigurationReference = FC1D63031BEA06A400403CC4 /* iOS-Application.xcconfig */;
			buildSettings = {
				ASSETCATALOG_COMPILER_APPICON_NAME = AppIcon;
				DEVELOPMENT_TEAM = "";
				FRAMEWORK_SEARCH_PATHS = "$(inherited)";
				INFOPLIST_FILE = Code/iOS/Resources/Info.plist;
				LD_RUNPATH_SEARCH_PATHS = "$(inherited) @executable_path/Frameworks";
				PRODUCT_BUNDLE_IDENTIFIER = com.notbenoit.TwitchTV;
				PRODUCT_NAME = TwitchTV;
				SWIFT_VERSION = 3.0;
			};
			name = Debug;
		};
		FC858B381B7E40FF007A9B54 /* Release */ = {
			isa = XCBuildConfiguration;
			baseConfigurationReference = FC1D63031BEA06A400403CC4 /* iOS-Application.xcconfig */;
			buildSettings = {
				ASSETCATALOG_COMPILER_APPICON_NAME = AppIcon;
				DEVELOPMENT_TEAM = "";
				FRAMEWORK_SEARCH_PATHS = "$(inherited)";
				INFOPLIST_FILE = Code/iOS/Resources/Info.plist;
				LD_RUNPATH_SEARCH_PATHS = "$(inherited) @executable_path/Frameworks";
				PRODUCT_BUNDLE_IDENTIFIER = com.notbenoit.TwitchTV;
				PRODUCT_NAME = TwitchTV;
				SWIFT_VERSION = 3.0;
			};
			name = Release;
		};
		FCCC2FF51BE7DC80009DEEC7 /* Debug */ = {
			isa = XCBuildConfiguration;
			baseConfigurationReference = FC1D630F1BEA06A400403CC4 /* tvOS-Application.xcconfig */;
			buildSettings = {
				ALWAYS_EMBED_SWIFT_STANDARD_LIBRARIES = YES;
				ASSETCATALOG_COMPILER_APPICON_NAME = "App Icon & Top Shelf Image";
				ASSETCATALOG_COMPILER_LAUNCHIMAGE_NAME = LaunchImage;
				CODE_SIGN_IDENTITY = "iPhone Developer";
				"CODE_SIGN_IDENTITY[sdk=appletvos*]" = "iPhone Developer";
				DEVELOPMENT_TEAM = 43SXS7JQ42;
				FRAMEWORK_SEARCH_PATHS = "$(inherited)";
				INFOPLIST_FILE = Code/tvOS/Resources/Info.plist;
				LD_RUNPATH_SEARCH_PATHS = "$(inherited) @executable_path/Frameworks";
				PRODUCT_BUNDLE_IDENTIFIER = com.notbenoit.Twitch;
				PRODUCT_NAME = "Game Theater";
				PROVISIONING_PROFILE = "39839593-bf8f-4123-85a6-7920dea96e1f";
				PROVISIONING_PROFILE_SPECIFIER = "Twitch Development Profile";
				SDKROOT = appletvos;
				SWIFT_VERSION = 4.0;
				TARGETED_DEVICE_FAMILY = 3;
				TVOS_DEPLOYMENT_TARGET = 9.1;
			};
			name = Debug;
		};
		FCCC2FF61BE7DC80009DEEC7 /* Release */ = {
			isa = XCBuildConfiguration;
			baseConfigurationReference = FC1D630F1BEA06A400403CC4 /* tvOS-Application.xcconfig */;
			buildSettings = {
				ALWAYS_EMBED_SWIFT_STANDARD_LIBRARIES = YES;
				ASSETCATALOG_COMPILER_APPICON_NAME = "App Icon & Top Shelf Image";
				ASSETCATALOG_COMPILER_LAUNCHIMAGE_NAME = LaunchImage;
				CODE_SIGN_IDENTITY = "iPhone Developer";
				"CODE_SIGN_IDENTITY[sdk=appletvos*]" = "iPhone Distribution";
				DEVELOPMENT_TEAM = 43SXS7JQ42;
				FRAMEWORK_SEARCH_PATHS = "$(inherited)";
				INFOPLIST_FILE = Code/tvOS/Resources/Info.plist;
				LD_RUNPATH_SEARCH_PATHS = "$(inherited) @executable_path/Frameworks";
				PRODUCT_BUNDLE_IDENTIFIER = com.notbenoit.Twitch;
				PRODUCT_NAME = "Game Theater";
				PROVISIONING_PROFILE = "d79eed6c-9c9c-4c3a-a74d-2fb180091515";
				PROVISIONING_PROFILE_SPECIFIER = "Twitch App Store";
				SDKROOT = appletvos;
				SWIFT_VERSION = 4.0;
				TARGETED_DEVICE_FAMILY = 3;
				TVOS_DEPLOYMENT_TARGET = 9.1;
			};
			name = Release;
		};
/* End XCBuildConfiguration section */

/* Begin XCConfigurationList section */
		FC09EA0C1BF40322009E7DB6 /* Build configuration list for PBXNativeTarget "TopShelf" */ = {
			isa = XCConfigurationList;
			buildConfigurations = (
				FC09EA0D1BF40322009E7DB6 /* Debug */,
				FC09EA0E1BF40322009E7DB6 /* Release */,
			);
			defaultConfigurationIsVisible = 0;
			defaultConfigurationName = Release;
		};
		FC858B091B7E40FF007A9B54 /* Build configuration list for PBXProject "TwitchTV" */ = {
			isa = XCConfigurationList;
			buildConfigurations = (
				FC858B341B7E40FF007A9B54 /* Debug */,
				FC858B351B7E40FF007A9B54 /* Release */,
			);
			defaultConfigurationIsVisible = 0;
			defaultConfigurationName = Release;
		};
		FC858B361B7E40FF007A9B54 /* Build configuration list for PBXNativeTarget "TwitchTV-iOS" */ = {
			isa = XCConfigurationList;
			buildConfigurations = (
				FC858B371B7E40FF007A9B54 /* Debug */,
				FC858B381B7E40FF007A9B54 /* Release */,
			);
			defaultConfigurationIsVisible = 0;
			defaultConfigurationName = Release;
		};
		FCCC2FF41BE7DC80009DEEC7 /* Build configuration list for PBXNativeTarget "TwitchTV-tvOS" */ = {
			isa = XCConfigurationList;
			buildConfigurations = (
				FCCC2FF51BE7DC80009DEEC7 /* Debug */,
				FCCC2FF61BE7DC80009DEEC7 /* Release */,
			);
			defaultConfigurationIsVisible = 0;
			defaultConfigurationName = Release;
		};
/* End XCConfigurationList section */
	};
	rootObject = FC858B061B7E40FF007A9B54 /* Project object */;
}
