// !$*UTF8*$!
{
	archiveVersion = 1;
	classes = {
	};
	objectVersion = 46;
	objects = {

/* Begin PBXBuildFile section */
		FCCC2FB31BE7C669009DEEC7 /* Alamofire.framework in Frameworks */ = {isa = PBXBuildFile; fileRef = FCCC2FAF1BE7C669009DEEC7 /* Alamofire.framework */; };
		FCCC2FB41BE7C669009DEEC7 /* ObjectMapper.framework in Frameworks */ = {isa = PBXBuildFile; fileRef = FCCC2FB01BE7C669009DEEC7 /* ObjectMapper.framework */; };
		FCCC2FB51BE7C669009DEEC7 /* ReactiveCocoa.framework in Frameworks */ = {isa = PBXBuildFile; fileRef = FCCC2FB11BE7C669009DEEC7 /* ReactiveCocoa.framework */; };
		FCCC2FB61BE7C669009DEEC7 /* Result.framework in Frameworks */ = {isa = PBXBuildFile; fileRef = FCCC2FB21BE7C669009DEEC7 /* Result.framework */; };
		FCCC2FB91BE7D6F5009DEEC7 /* AlamofireImage.framework in Frameworks */ = {isa = PBXBuildFile; fileRef = FCCC2FB81BE7D6F5009DEEC7 /* AlamofireImage.framework */; };
		FCCC2FBB1BE7D8F3009DEEC7 /* AlamofireImage.framework in CopyFiles */ = {isa = PBXBuildFile; fileRef = FCCC2FB81BE7D6F5009DEEC7 /* AlamofireImage.framework */; settings = {ATTRIBUTES = (CodeSignOnCopy, RemoveHeadersOnCopy, ); }; };
		FCCC2FBC1BE7D8F3009DEEC7 /* Alamofire.framework in CopyFiles */ = {isa = PBXBuildFile; fileRef = FCCC2FAF1BE7C669009DEEC7 /* Alamofire.framework */; settings = {ATTRIBUTES = (CodeSignOnCopy, RemoveHeadersOnCopy, ); }; };
		FCCC2FBD1BE7D8F3009DEEC7 /* ObjectMapper.framework in CopyFiles */ = {isa = PBXBuildFile; fileRef = FCCC2FB01BE7C669009DEEC7 /* ObjectMapper.framework */; settings = {ATTRIBUTES = (CodeSignOnCopy, RemoveHeadersOnCopy, ); }; };
		FCCC2FC01BE7D8F3009DEEC7 /* ReactiveCocoa.framework in CopyFiles */ = {isa = PBXBuildFile; fileRef = FCBAD43D1B7E48B500B8A7BD /* ReactiveCocoa.framework */; settings = {ATTRIBUTES = (CodeSignOnCopy, RemoveHeadersOnCopy, ); }; };
		FCCC2FC11BE7D8F3009DEEC7 /* Result.framework in CopyFiles */ = {isa = PBXBuildFile; fileRef = FCBAD43E1B7E48B500B8A7BD /* Result.framework */; settings = {ATTRIBUTES = (CodeSignOnCopy, RemoveHeadersOnCopy, ); }; };
		FCCC30251BE7E039009DEEC7 /* Constants.swift in Sources */ = {isa = PBXBuildFile; fileRef = FCCC30011BE7E039009DEEC7 /* Constants.swift */; };
		FCCC30271BE7E039009DEEC7 /* Game.swift in Sources */ = {isa = PBXBuildFile; fileRef = FCCC30061BE7E039009DEEC7 /* Game.swift */; };
		FCCC30281BE7E039009DEEC7 /* TwitchAPIClient.swift in Sources */ = {isa = PBXBuildFile; fileRef = FCCC30071BE7E039009DEEC7 /* TwitchAPIClient.swift */; };
		FCCC30291BE7E039009DEEC7 /* TwitchRouter.swift in Sources */ = {isa = PBXBuildFile; fileRef = FCCC30081BE7E039009DEEC7 /* TwitchRouter.swift */; };
		FCCC302A1BE7E039009DEEC7 /* GameListViewModel.swift in Sources */ = {isa = PBXBuildFile; fileRef = FCCC300A1BE7E039009DEEC7 /* GameListViewModel.swift */; };
		FCCC302B1BE7E039009DEEC7 /* GameViewModel.swift in Sources */ = {isa = PBXBuildFile; fileRef = FCCC300B1BE7E039009DEEC7 /* GameViewModel.swift */; };
		FCCC302C1BE7E039009DEEC7 /* AppDelegate.swift in Sources */ = {isa = PBXBuildFile; fileRef = FCCC300D1BE7E039009DEEC7 /* AppDelegate.swift */; };
		FCCC30301BE7E039009DEEC7 /* Assets.xcassets in Resources */ = {isa = PBXBuildFile; fileRef = FCCC30131BE7E039009DEEC7 /* Assets.xcassets */; };
		FCCC30311BE7E039009DEEC7 /* LaunchScreen.storyboard in Resources */ = {isa = PBXBuildFile; fileRef = FCCC30141BE7E039009DEEC7 /* LaunchScreen.storyboard */; };
		FCCC30321BE7E039009DEEC7 /* Main.storyboard in Resources */ = {isa = PBXBuildFile; fileRef = FCCC30161BE7E039009DEEC7 /* Main.storyboard */; };
		FCCC303A1BE7E03F009DEEC7 /* AppDelegate.swift in Sources */ = {isa = PBXBuildFile; fileRef = FCCC301B1BE7E039009DEEC7 /* AppDelegate.swift */; };
		FCCC303D1BE7E04B009DEEC7 /* Assets.xcassets in Resources */ = {isa = PBXBuildFile; fileRef = FCCC30211BE7E039009DEEC7 /* Assets.xcassets */; };
		FCCC303E1BE7E053009DEEC7 /* Main.storyboard in Resources */ = {isa = PBXBuildFile; fileRef = FCCC30221BE7E039009DEEC7 /* Main.storyboard */; };
		FCCC30431BE94152009DEEC7 /* UIColor+RGB.swift in Sources */ = {isa = PBXBuildFile; fileRef = FCCC30421BE94152009DEEC7 /* UIColor+RGB.swift */; };
		FCCC30461BE9441C009DEEC7 /* GamesDataSource.swift in Sources */ = {isa = PBXBuildFile; fileRef = FCCC30451BE9441C009DEEC7 /* GamesDataSource.swift */; };
		FCCC30471BE9441C009DEEC7 /* GamesDataSource.swift in Sources */ = {isa = PBXBuildFile; fileRef = FCCC30451BE9441C009DEEC7 /* GamesDataSource.swift */; };
		FCCC30481BE944FC009DEEC7 /* GameListViewModel.swift in Sources */ = {isa = PBXBuildFile; fileRef = FCCC300A1BE7E039009DEEC7 /* GameListViewModel.swift */; };
		FCCC30491BE9454D009DEEC7 /* Alamofire.framework in Frameworks */ = {isa = PBXBuildFile; fileRef = FCCC2FAF1BE7C669009DEEC7 /* Alamofire.framework */; };
		FCCC304A1BE9454D009DEEC7 /* AlamofireImage.framework in Frameworks */ = {isa = PBXBuildFile; fileRef = FCCC2FB81BE7D6F5009DEEC7 /* AlamofireImage.framework */; };
		FCCC304B1BE9454D009DEEC7 /* ObjectMapper.framework in Frameworks */ = {isa = PBXBuildFile; fileRef = FCCC2FB01BE7C669009DEEC7 /* ObjectMapper.framework */; };
		FCCC304E1BE9454E009DEEC7 /* ReactiveCocoa.framework in Frameworks */ = {isa = PBXBuildFile; fileRef = FCCC304C1BE9454E009DEEC7 /* ReactiveCocoa.framework */; };
		FCCC304F1BE9454E009DEEC7 /* Result.framework in Frameworks */ = {isa = PBXBuildFile; fileRef = FCCC304D1BE9454E009DEEC7 /* Result.framework */; };
		FCCC30511BE94569009DEEC7 /* AlamofireImage.framework in CopyFiles */ = {isa = PBXBuildFile; fileRef = FCCC2FB81BE7D6F5009DEEC7 /* AlamofireImage.framework */; settings = {ATTRIBUTES = (CodeSignOnCopy, RemoveHeadersOnCopy, ); }; };
		FCCC30521BE94569009DEEC7 /* Alamofire.framework in CopyFiles */ = {isa = PBXBuildFile; fileRef = FCCC2FAF1BE7C669009DEEC7 /* Alamofire.framework */; settings = {ATTRIBUTES = (CodeSignOnCopy, RemoveHeadersOnCopy, ); }; };
		FCCC30531BE94569009DEEC7 /* ObjectMapper.framework in CopyFiles */ = {isa = PBXBuildFile; fileRef = FCCC2FB01BE7C669009DEEC7 /* ObjectMapper.framework */; settings = {ATTRIBUTES = (CodeSignOnCopy, RemoveHeadersOnCopy, ); }; };
		FCCC30541BE94569009DEEC7 /* ReactiveCocoa.framework in CopyFiles */ = {isa = PBXBuildFile; fileRef = FCCC2FB11BE7C669009DEEC7 /* ReactiveCocoa.framework */; settings = {ATTRIBUTES = (CodeSignOnCopy, RemoveHeadersOnCopy, ); }; };
		FCCC30551BE94569009DEEC7 /* Result.framework in CopyFiles */ = {isa = PBXBuildFile; fileRef = FCCC2FB21BE7C669009DEEC7 /* Result.framework */; settings = {ATTRIBUTES = (CodeSignOnCopy, RemoveHeadersOnCopy, ); }; };
		FCCC30561BE9458D009DEEC7 /* Constants.swift in Sources */ = {isa = PBXBuildFile; fileRef = FCCC30011BE7E039009DEEC7 /* Constants.swift */; };
		FCCC30571BE94592009DEEC7 /* UIColor+RGB.swift in Sources */ = {isa = PBXBuildFile; fileRef = FCCC30421BE94152009DEEC7 /* UIColor+RGB.swift */; };
		FCCC30591BE945A0009DEEC7 /* Game.swift in Sources */ = {isa = PBXBuildFile; fileRef = FCCC30061BE7E039009DEEC7 /* Game.swift */; };
		FCCC305A1BE945A0009DEEC7 /* TwitchAPIClient.swift in Sources */ = {isa = PBXBuildFile; fileRef = FCCC30071BE7E039009DEEC7 /* TwitchAPIClient.swift */; };
		FCCC305B1BE945A0009DEEC7 /* TwitchRouter.swift in Sources */ = {isa = PBXBuildFile; fileRef = FCCC30081BE7E039009DEEC7 /* TwitchRouter.swift */; };
		FCCC305C1BE945A7009DEEC7 /* GameViewModel.swift in Sources */ = {isa = PBXBuildFile; fileRef = FCCC300B1BE7E039009DEEC7 /* GameViewModel.swift */; };
		FCCC30661BE951FD009DEEC7 /* GameCell.xib in Resources */ = {isa = PBXBuildFile; fileRef = FCCC30641BE951FD009DEEC7 /* GameCell.xib */; };
		FCCC30681BE951FD009DEEC7 /* ViewController.swift in Sources */ = {isa = PBXBuildFile; fileRef = FCCC30651BE951FD009DEEC7 /* ViewController.swift */; };
		FCCC30761BE96C2F009DEEC7 /* Stream.swift in Sources */ = {isa = PBXBuildFile; fileRef = FCCC30751BE96C2F009DEEC7 /* Stream.swift */; };
		FCCC30771BE96C2F009DEEC7 /* Stream.swift in Sources */ = {isa = PBXBuildFile; fileRef = FCCC30751BE96C2F009DEEC7 /* Stream.swift */; };
		FCCC30791BE96D17009DEEC7 /* Channel.swift in Sources */ = {isa = PBXBuildFile; fileRef = FCCC30781BE96D17009DEEC7 /* Channel.swift */; };
		FCCC307A1BE96D17009DEEC7 /* Channel.swift in Sources */ = {isa = PBXBuildFile; fileRef = FCCC30781BE96D17009DEEC7 /* Channel.swift */; };
		FCCC307C1BE96DEC009DEEC7 /* Preview.swift in Sources */ = {isa = PBXBuildFile; fileRef = FCCC307B1BE96DEC009DEEC7 /* Preview.swift */; };
		FCCC307D1BE96DEC009DEEC7 /* Preview.swift in Sources */ = {isa = PBXBuildFile; fileRef = FCCC307B1BE96DEC009DEEC7 /* Preview.swift */; };
		FCCC307F1BE971EE009DEEC7 /* StreamListViewModel.swift in Sources */ = {isa = PBXBuildFile; fileRef = FCCC307E1BE971EE009DEEC7 /* StreamListViewModel.swift */; };
		FCCC30801BE971EE009DEEC7 /* StreamListViewModel.swift in Sources */ = {isa = PBXBuildFile; fileRef = FCCC307E1BE971EE009DEEC7 /* StreamListViewModel.swift */; };
		FCCC30851BE972FE009DEEC7 /* StreamViewModel.swift in Sources */ = {isa = PBXBuildFile; fileRef = FCCC30841BE972FE009DEEC7 /* StreamViewModel.swift */; };
		FCCC30861BE972FE009DEEC7 /* StreamViewModel.swift in Sources */ = {isa = PBXBuildFile; fileRef = FCCC30841BE972FE009DEEC7 /* StreamViewModel.swift */; };
		FCCC308B1BE974C0009DEEC7 /* StreamsDataSource.swift in Sources */ = {isa = PBXBuildFile; fileRef = FCCC308A1BE974C0009DEEC7 /* StreamsDataSource.swift */; };
		FCCC308C1BE974C0009DEEC7 /* StreamsDataSource.swift in Sources */ = {isa = PBXBuildFile; fileRef = FCCC308A1BE974C0009DEEC7 /* StreamsDataSource.swift */; };
		FCCC308E1BE97D02009DEEC7 /* AccessToken.swift in Sources */ = {isa = PBXBuildFile; fileRef = FCCC308D1BE97D02009DEEC7 /* AccessToken.swift */; };
		FCCC308F1BE97D02009DEEC7 /* AccessToken.swift in Sources */ = {isa = PBXBuildFile; fileRef = FCCC308D1BE97D02009DEEC7 /* AccessToken.swift */; };
		FCCC30911BE984E3009DEEC7 /* AVKit.framework in Frameworks */ = {isa = PBXBuildFile; fileRef = FCCC30901BE984E3009DEEC7 /* AVKit.framework */; };
		FCE769D31BEC09D800119B19 /* TopGame.swift in Sources */ = {isa = PBXBuildFile; fileRef = FCE769D21BEC09D800119B19 /* TopGame.swift */; };
		FCE769D41BEC09D800119B19 /* TopGame.swift in Sources */ = {isa = PBXBuildFile; fileRef = FCE769D21BEC09D800119B19 /* TopGame.swift */; };
		FCE769DF1BECFEB500119B19 /* GameCell.swift in Sources */ = {isa = PBXBuildFile; fileRef = FCE769DD1BECFEAE00119B19 /* GameCell.swift */; };
		FCE769EF1BECFF6500119B19 /* GameCell.swift in Sources */ = {isa = PBXBuildFile; fileRef = FCE769E51BECFF6500119B19 /* GameCell.swift */; };
		FCE769F01BECFF6500119B19 /* GameCell.xib in Resources */ = {isa = PBXBuildFile; fileRef = FCE769E61BECFF6500119B19 /* GameCell.xib */; };
		FCE769F11BECFF6500119B19 /* GamesViewController.swift in Sources */ = {isa = PBXBuildFile; fileRef = FCE769E71BECFF6500119B19 /* GamesViewController.swift */; };
		FCE769F21BECFF6500119B19 /* TwitchHomeViewController.swift in Sources */ = {isa = PBXBuildFile; fileRef = FCE769E91BECFF6500119B19 /* TwitchHomeViewController.swift */; };
		FCE769F31BECFF6500119B19 /* StreamCell.swift in Sources */ = {isa = PBXBuildFile; fileRef = FCE769EC1BECFF6500119B19 /* StreamCell.swift */; };
		FCE769F41BECFF6500119B19 /* StreamCell.xib in Resources */ = {isa = PBXBuildFile; fileRef = FCE769ED1BECFF6500119B19 /* StreamCell.xib */; };
		FCE769F51BECFF6500119B19 /* StreamsViewController.swift in Sources */ = {isa = PBXBuildFile; fileRef = FCE769EE1BECFF6500119B19 /* StreamsViewController.swift */; };
		FCE769F71BED122100119B19 /* UIKitAdditions.swift in Sources */ = {isa = PBXBuildFile; fileRef = FCE769F61BED122100119B19 /* UIKitAdditions.swift */; };
		FCE769F81BED122100119B19 /* UIKitAdditions.swift in Sources */ = {isa = PBXBuildFile; fileRef = FCE769F61BED122100119B19 /* UIKitAdditions.swift */; };
		FCE769FA1BED275100119B19 /* UIView+MotionEffect.swift in Sources */ = {isa = PBXBuildFile; fileRef = FCE769F91BED275100119B19 /* UIView+MotionEffect.swift */; };
		FCE769FB1BED275100119B19 /* UIView+MotionEffect.swift in Sources */ = {isa = PBXBuildFile; fileRef = FCE769F91BED275100119B19 /* UIView+MotionEffect.swift */; };
		FCE76A031BEE26A900119B19 /* UIKitHelpers.swift in Sources */ = {isa = PBXBuildFile; fileRef = FCE76A021BEE26A900119B19 /* UIKitHelpers.swift */; };
		FCE76A041BEE26A900119B19 /* UIKitHelpers.swift in Sources */ = {isa = PBXBuildFile; fileRef = FCE76A021BEE26A900119B19 /* UIKitHelpers.swift */; };
/* End PBXBuildFile section */

/* Begin PBXCopyFilesBuildPhase section */
		FCCC2FBA1BE7D8E8009DEEC7 /* CopyFiles */ = {
			isa = PBXCopyFilesBuildPhase;
			buildActionMask = 2147483647;
			dstPath = "";
			dstSubfolderSpec = 10;
			files = (
				FCCC2FBB1BE7D8F3009DEEC7 /* AlamofireImage.framework in CopyFiles */,
				FCCC2FBC1BE7D8F3009DEEC7 /* Alamofire.framework in CopyFiles */,
				FCCC2FBD1BE7D8F3009DEEC7 /* ObjectMapper.framework in CopyFiles */,
				FCCC2FC01BE7D8F3009DEEC7 /* ReactiveCocoa.framework in CopyFiles */,
				FCCC2FC11BE7D8F3009DEEC7 /* Result.framework in CopyFiles */,
			);
			runOnlyForDeploymentPostprocessing = 0;
		};
		FCCC30501BE94559009DEEC7 /* CopyFiles */ = {
			isa = PBXCopyFilesBuildPhase;
			buildActionMask = 2147483647;
			dstPath = "";
			dstSubfolderSpec = 10;
			files = (
				FCCC30511BE94569009DEEC7 /* AlamofireImage.framework in CopyFiles */,
				FCCC30521BE94569009DEEC7 /* Alamofire.framework in CopyFiles */,
				FCCC30531BE94569009DEEC7 /* ObjectMapper.framework in CopyFiles */,
				FCCC30541BE94569009DEEC7 /* ReactiveCocoa.framework in CopyFiles */,
				FCCC30551BE94569009DEEC7 /* Result.framework in CopyFiles */,
			);
			runOnlyForDeploymentPostprocessing = 0;
		};
/* End PBXCopyFilesBuildPhase section */

/* Begin PBXFileReference section */
		FC1D62F61BEA06A400403CC4 /* .gitignore */ = {isa = PBXFileReference; lastKnownFileType = text; path = .gitignore; sourceTree = "<group>"; };
		FC1D62F81BEA06A400403CC4 /* Common.xcconfig */ = {isa = PBXFileReference; lastKnownFileType = text.xcconfig; path = Common.xcconfig; sourceTree = "<group>"; };
		FC1D62FA1BEA06A400403CC4 /* Debug.xcconfig */ = {isa = PBXFileReference; lastKnownFileType = text.xcconfig; path = Debug.xcconfig; sourceTree = "<group>"; };
		FC1D62FB1BEA06A400403CC4 /* Profile.xcconfig */ = {isa = PBXFileReference; lastKnownFileType = text.xcconfig; path = Profile.xcconfig; sourceTree = "<group>"; };
		FC1D62FC1BEA06A400403CC4 /* Release.xcconfig */ = {isa = PBXFileReference; lastKnownFileType = text.xcconfig; path = Release.xcconfig; sourceTree = "<group>"; };
		FC1D62FD1BEA06A400403CC4 /* Test.xcconfig */ = {isa = PBXFileReference; lastKnownFileType = text.xcconfig; path = Test.xcconfig; sourceTree = "<group>"; };
		FC1D62FF1BEA06A400403CC4 /* Application.xcconfig */ = {isa = PBXFileReference; lastKnownFileType = text.xcconfig; path = Application.xcconfig; sourceTree = "<group>"; };
		FC1D63001BEA06A400403CC4 /* Framework.xcconfig */ = {isa = PBXFileReference; lastKnownFileType = text.xcconfig; path = Framework.xcconfig; sourceTree = "<group>"; };
		FC1D63011BEA06A400403CC4 /* StaticLibrary.xcconfig */ = {isa = PBXFileReference; lastKnownFileType = text.xcconfig; path = StaticLibrary.xcconfig; sourceTree = "<group>"; };
		FC1D63031BEA06A400403CC4 /* iOS-Application.xcconfig */ = {isa = PBXFileReference; lastKnownFileType = text.xcconfig; path = "iOS-Application.xcconfig"; sourceTree = "<group>"; };
		FC1D63041BEA06A400403CC4 /* iOS-Base.xcconfig */ = {isa = PBXFileReference; lastKnownFileType = text.xcconfig; path = "iOS-Base.xcconfig"; sourceTree = "<group>"; };
		FC1D63051BEA06A400403CC4 /* iOS-Framework.xcconfig */ = {isa = PBXFileReference; lastKnownFileType = text.xcconfig; path = "iOS-Framework.xcconfig"; sourceTree = "<group>"; };
		FC1D63061BEA06A400403CC4 /* iOS-StaticLibrary.xcconfig */ = {isa = PBXFileReference; lastKnownFileType = text.xcconfig; path = "iOS-StaticLibrary.xcconfig"; sourceTree = "<group>"; };
		FC1D63081BEA06A400403CC4 /* Mac-Application.xcconfig */ = {isa = PBXFileReference; lastKnownFileType = text.xcconfig; path = "Mac-Application.xcconfig"; sourceTree = "<group>"; };
		FC1D63091BEA06A400403CC4 /* Mac-Base.xcconfig */ = {isa = PBXFileReference; lastKnownFileType = text.xcconfig; path = "Mac-Base.xcconfig"; sourceTree = "<group>"; };
		FC1D630A1BEA06A400403CC4 /* Mac-DynamicLibrary.xcconfig */ = {isa = PBXFileReference; lastKnownFileType = text.xcconfig; path = "Mac-DynamicLibrary.xcconfig"; sourceTree = "<group>"; };
		FC1D630B1BEA06A400403CC4 /* Mac-Framework.xcconfig */ = {isa = PBXFileReference; lastKnownFileType = text.xcconfig; path = "Mac-Framework.xcconfig"; sourceTree = "<group>"; };
		FC1D630C1BEA06A400403CC4 /* Mac-StaticLibrary.xcconfig */ = {isa = PBXFileReference; lastKnownFileType = text.xcconfig; path = "Mac-StaticLibrary.xcconfig"; sourceTree = "<group>"; };
		FC1D630D1BEA06A400403CC4 /* README.md */ = {isa = PBXFileReference; lastKnownFileType = net.daringfireball.markdown; path = README.md; sourceTree = "<group>"; };
		FC1D630F1BEA06A400403CC4 /* tvOS-Application.xcconfig */ = {isa = PBXFileReference; lastKnownFileType = text.xcconfig; path = "tvOS-Application.xcconfig"; sourceTree = "<group>"; };
		FC1D63101BEA06A400403CC4 /* tvOS-Base.xcconfig */ = {isa = PBXFileReference; lastKnownFileType = text.xcconfig; path = "tvOS-Base.xcconfig"; sourceTree = "<group>"; };
		FC1D63111BEA06A400403CC4 /* tvOS-Framework.xcconfig */ = {isa = PBXFileReference; lastKnownFileType = text.xcconfig; path = "tvOS-Framework.xcconfig"; sourceTree = "<group>"; };
		FC1D63121BEA06A400403CC4 /* tvOS-StaticLibrary.xcconfig */ = {isa = PBXFileReference; lastKnownFileType = text.xcconfig; path = "tvOS-StaticLibrary.xcconfig"; sourceTree = "<group>"; };
		FC1D63141BEA06A400403CC4 /* watchOS-Application.xcconfig */ = {isa = PBXFileReference; lastKnownFileType = text.xcconfig; path = "watchOS-Application.xcconfig"; sourceTree = "<group>"; };
		FC1D63151BEA06A400403CC4 /* watchOS-Base.xcconfig */ = {isa = PBXFileReference; lastKnownFileType = text.xcconfig; path = "watchOS-Base.xcconfig"; sourceTree = "<group>"; };
		FC1D63161BEA06A400403CC4 /* watchOS-Framework.xcconfig */ = {isa = PBXFileReference; lastKnownFileType = text.xcconfig; path = "watchOS-Framework.xcconfig"; sourceTree = "<group>"; };
		FC1D63171BEA06A400403CC4 /* watchOS-StaticLibrary.xcconfig */ = {isa = PBXFileReference; lastKnownFileType = text.xcconfig; path = "watchOS-StaticLibrary.xcconfig"; sourceTree = "<group>"; };
		FC858B0E1B7E40FF007A9B54 /* TwitchTV.app */ = {isa = PBXFileReference; explicitFileType = wrapper.application; includeInIndex = 0; path = TwitchTV.app; sourceTree = BUILT_PRODUCTS_DIR; };
		FCBAD43D1B7E48B500B8A7BD /* ReactiveCocoa.framework */ = {isa = PBXFileReference; lastKnownFileType = wrapper.framework; path = ReactiveCocoa.framework; sourceTree = BUILT_PRODUCTS_DIR; };
		FCBAD43E1B7E48B500B8A7BD /* Result.framework */ = {isa = PBXFileReference; lastKnownFileType = wrapper.framework; path = Result.framework; sourceTree = BUILT_PRODUCTS_DIR; };
		FCCC2FAF1BE7C669009DEEC7 /* Alamofire.framework */ = {isa = PBXFileReference; lastKnownFileType = wrapper.framework; path = Alamofire.framework; sourceTree = BUILT_PRODUCTS_DIR; };
		FCCC2FB01BE7C669009DEEC7 /* ObjectMapper.framework */ = {isa = PBXFileReference; lastKnownFileType = wrapper.framework; path = ObjectMapper.framework; sourceTree = BUILT_PRODUCTS_DIR; };
		FCCC2FB11BE7C669009DEEC7 /* ReactiveCocoa.framework */ = {isa = PBXFileReference; lastKnownFileType = wrapper.framework; path = ReactiveCocoa.framework; sourceTree = BUILT_PRODUCTS_DIR; };
		FCCC2FB21BE7C669009DEEC7 /* Result.framework */ = {isa = PBXFileReference; lastKnownFileType = wrapper.framework; path = Result.framework; sourceTree = BUILT_PRODUCTS_DIR; };
		FCCC2FB81BE7D6F5009DEEC7 /* AlamofireImage.framework */ = {isa = PBXFileReference; lastKnownFileType = wrapper.framework; path = AlamofireImage.framework; sourceTree = BUILT_PRODUCTS_DIR; };
		FCCC2FE61BE7DC80009DEEC7 /* TwitchTV-tvOS.app */ = {isa = PBXFileReference; explicitFileType = wrapper.application; includeInIndex = 0; path = "TwitchTV-tvOS.app"; sourceTree = BUILT_PRODUCTS_DIR; };
		FCCC30011BE7E039009DEEC7 /* Constants.swift */ = {isa = PBXFileReference; fileEncoding = 4; lastKnownFileType = sourcecode.swift; path = Constants.swift; sourceTree = "<group>"; };
		FCCC30061BE7E039009DEEC7 /* Game.swift */ = {isa = PBXFileReference; fileEncoding = 4; lastKnownFileType = sourcecode.swift; path = Game.swift; sourceTree = "<group>"; };
		FCCC30071BE7E039009DEEC7 /* TwitchAPIClient.swift */ = {isa = PBXFileReference; fileEncoding = 4; lastKnownFileType = sourcecode.swift; path = TwitchAPIClient.swift; sourceTree = "<group>"; };
		FCCC30081BE7E039009DEEC7 /* TwitchRouter.swift */ = {isa = PBXFileReference; fileEncoding = 4; lastKnownFileType = sourcecode.swift; path = TwitchRouter.swift; sourceTree = "<group>"; };
		FCCC300A1BE7E039009DEEC7 /* GameListViewModel.swift */ = {isa = PBXFileReference; fileEncoding = 4; lastKnownFileType = sourcecode.swift; path = GameListViewModel.swift; sourceTree = "<group>"; };
		FCCC300B1BE7E039009DEEC7 /* GameViewModel.swift */ = {isa = PBXFileReference; fileEncoding = 4; lastKnownFileType = sourcecode.swift; path = GameViewModel.swift; sourceTree = "<group>"; };
		FCCC300D1BE7E039009DEEC7 /* AppDelegate.swift */ = {isa = PBXFileReference; fileEncoding = 4; lastKnownFileType = sourcecode.swift; path = AppDelegate.swift; sourceTree = "<group>"; };
		FCCC30131BE7E039009DEEC7 /* Assets.xcassets */ = {isa = PBXFileReference; lastKnownFileType = folder.assetcatalog; path = Assets.xcassets; sourceTree = "<group>"; };
		FCCC30151BE7E039009DEEC7 /* Base */ = {isa = PBXFileReference; lastKnownFileType = file.storyboard; name = Base; path = Base.lproj/LaunchScreen.storyboard; sourceTree = "<group>"; };
		FCCC30171BE7E039009DEEC7 /* Base */ = {isa = PBXFileReference; lastKnownFileType = file.storyboard; name = Base; path = Base.lproj/Main.storyboard; sourceTree = "<group>"; };
		FCCC30181BE7E039009DEEC7 /* Info.plist */ = {isa = PBXFileReference; fileEncoding = 4; lastKnownFileType = text.plist.xml; path = Info.plist; sourceTree = "<group>"; };
		FCCC301B1BE7E039009DEEC7 /* AppDelegate.swift */ = {isa = PBXFileReference; fileEncoding = 4; lastKnownFileType = sourcecode.swift; path = AppDelegate.swift; sourceTree = "<group>"; };
		FCCC30211BE7E039009DEEC7 /* Assets.xcassets */ = {isa = PBXFileReference; lastKnownFileType = folder.assetcatalog; path = Assets.xcassets; sourceTree = "<group>"; };
		FCCC30231BE7E039009DEEC7 /* Base */ = {isa = PBXFileReference; lastKnownFileType = file.storyboard; name = Base; path = Base.lproj/Main.storyboard; sourceTree = "<group>"; };
		FCCC303F1BE927BD009DEEC7 /* Info.plist */ = {isa = PBXFileReference; lastKnownFileType = text.plist.xml; path = Info.plist; sourceTree = "<group>"; };
		FCCC30421BE94152009DEEC7 /* UIColor+RGB.swift */ = {isa = PBXFileReference; fileEncoding = 4; lastKnownFileType = sourcecode.swift; path = "UIColor+RGB.swift"; sourceTree = "<group>"; };
		FCCC30451BE9441C009DEEC7 /* GamesDataSource.swift */ = {isa = PBXFileReference; fileEncoding = 4; lastKnownFileType = sourcecode.swift; path = GamesDataSource.swift; sourceTree = "<group>"; };
		FCCC304C1BE9454E009DEEC7 /* ReactiveCocoa.framework */ = {isa = PBXFileReference; lastKnownFileType = wrapper.framework; name = ReactiveCocoa.framework; path = "Carthage/Checkouts/ReactiveCocoa/build/Debug-appletvos/ReactiveCocoa.framework"; sourceTree = "<group>"; };
		FCCC304D1BE9454E009DEEC7 /* Result.framework */ = {isa = PBXFileReference; lastKnownFileType = wrapper.framework; name = Result.framework; path = "Carthage/Checkouts/Result/build/Debug-appletvos/Result.framework"; sourceTree = "<group>"; };
		FCCC30641BE951FD009DEEC7 /* GameCell.xib */ = {isa = PBXFileReference; fileEncoding = 4; lastKnownFileType = file.xib; path = GameCell.xib; sourceTree = "<group>"; };
		FCCC30651BE951FD009DEEC7 /* ViewController.swift */ = {isa = PBXFileReference; fileEncoding = 4; lastKnownFileType = sourcecode.swift; path = ViewController.swift; sourceTree = "<group>"; };
		FCCC30751BE96C2F009DEEC7 /* Stream.swift */ = {isa = PBXFileReference; fileEncoding = 4; lastKnownFileType = sourcecode.swift; path = Stream.swift; sourceTree = "<group>"; };
		FCCC30781BE96D17009DEEC7 /* Channel.swift */ = {isa = PBXFileReference; fileEncoding = 4; lastKnownFileType = sourcecode.swift; path = Channel.swift; sourceTree = "<group>"; };
		FCCC307B1BE96DEC009DEEC7 /* Preview.swift */ = {isa = PBXFileReference; fileEncoding = 4; lastKnownFileType = sourcecode.swift; path = Preview.swift; sourceTree = "<group>"; };
		FCCC307E1BE971EE009DEEC7 /* StreamListViewModel.swift */ = {isa = PBXFileReference; fileEncoding = 4; lastKnownFileType = sourcecode.swift; path = StreamListViewModel.swift; sourceTree = "<group>"; };
		FCCC30841BE972FE009DEEC7 /* StreamViewModel.swift */ = {isa = PBXFileReference; fileEncoding = 4; lastKnownFileType = sourcecode.swift; path = StreamViewModel.swift; sourceTree = "<group>"; };
		FCCC308A1BE974C0009DEEC7 /* StreamsDataSource.swift */ = {isa = PBXFileReference; fileEncoding = 4; lastKnownFileType = sourcecode.swift; path = StreamsDataSource.swift; sourceTree = "<group>"; };
		FCCC308D1BE97D02009DEEC7 /* AccessToken.swift */ = {isa = PBXFileReference; fileEncoding = 4; lastKnownFileType = sourcecode.swift; path = AccessToken.swift; sourceTree = "<group>"; };
		FCCC30901BE984E3009DEEC7 /* AVKit.framework */ = {isa = PBXFileReference; lastKnownFileType = wrapper.framework; name = AVKit.framework; path = Platforms/AppleTVOS.platform/Developer/SDKs/AppleTVOS9.0.sdk/System/Library/Frameworks/AVKit.framework; sourceTree = DEVELOPER_DIR; };
		FCE769D21BEC09D800119B19 /* TopGame.swift */ = {isa = PBXFileReference; fileEncoding = 4; lastKnownFileType = sourcecode.swift; path = TopGame.swift; sourceTree = "<group>"; };
		FCE769DD1BECFEAE00119B19 /* GameCell.swift */ = {isa = PBXFileReference; fileEncoding = 4; lastKnownFileType = sourcecode.swift; path = GameCell.swift; sourceTree = "<group>"; };
		FCE769E51BECFF6500119B19 /* GameCell.swift */ = {isa = PBXFileReference; fileEncoding = 4; lastKnownFileType = sourcecode.swift; path = GameCell.swift; sourceTree = "<group>"; };
		FCE769E61BECFF6500119B19 /* GameCell.xib */ = {isa = PBXFileReference; fileEncoding = 4; lastKnownFileType = file.xib; path = GameCell.xib; sourceTree = "<group>"; };
		FCE769E71BECFF6500119B19 /* GamesViewController.swift */ = {isa = PBXFileReference; fileEncoding = 4; lastKnownFileType = sourcecode.swift; path = GamesViewController.swift; sourceTree = "<group>"; };
		FCE769E91BECFF6500119B19 /* TwitchHomeViewController.swift */ = {isa = PBXFileReference; fileEncoding = 4; lastKnownFileType = sourcecode.swift; path = TwitchHomeViewController.swift; sourceTree = "<group>"; };
		FCE769EC1BECFF6500119B19 /* StreamCell.swift */ = {isa = PBXFileReference; fileEncoding = 4; lastKnownFileType = sourcecode.swift; path = StreamCell.swift; sourceTree = "<group>"; };
		FCE769ED1BECFF6500119B19 /* StreamCell.xib */ = {isa = PBXFileReference; fileEncoding = 4; lastKnownFileType = file.xib; path = StreamCell.xib; sourceTree = "<group>"; };
		FCE769EE1BECFF6500119B19 /* StreamsViewController.swift */ = {isa = PBXFileReference; fileEncoding = 4; lastKnownFileType = sourcecode.swift; path = StreamsViewController.swift; sourceTree = "<group>"; };
		FCE769F61BED122100119B19 /* UIKitAdditions.swift */ = {isa = PBXFileReference; fileEncoding = 4; lastKnownFileType = sourcecode.swift; path = UIKitAdditions.swift; sourceTree = "<group>"; };
		FCE769F91BED275100119B19 /* UIView+MotionEffect.swift */ = {isa = PBXFileReference; fileEncoding = 4; lastKnownFileType = sourcecode.swift; path = "UIView+MotionEffect.swift"; sourceTree = "<group>"; };
		FCE76A021BEE26A900119B19 /* UIKitHelpers.swift */ = {isa = PBXFileReference; fileEncoding = 4; lastKnownFileType = sourcecode.swift; path = UIKitHelpers.swift; sourceTree = "<group>"; };
/* End PBXFileReference section */

/* Begin PBXFrameworksBuildPhase section */
		FC858B0B1B7E40FF007A9B54 /* Frameworks */ = {
			isa = PBXFrameworksBuildPhase;
			buildActionMask = 2147483647;
			files = (
				FCCC2FB91BE7D6F5009DEEC7 /* AlamofireImage.framework in Frameworks */,
				FCCC2FB31BE7C669009DEEC7 /* Alamofire.framework in Frameworks */,
				FCCC2FB41BE7C669009DEEC7 /* ObjectMapper.framework in Frameworks */,
				FCCC2FB51BE7C669009DEEC7 /* ReactiveCocoa.framework in Frameworks */,
				FCCC2FB61BE7C669009DEEC7 /* Result.framework in Frameworks */,
			);
			runOnlyForDeploymentPostprocessing = 0;
		};
		FCCC2FE31BE7DC80009DEEC7 /* Frameworks */ = {
			isa = PBXFrameworksBuildPhase;
			buildActionMask = 2147483647;
			files = (
				FCCC30911BE984E3009DEEC7 /* AVKit.framework in Frameworks */,
				FCCC304E1BE9454E009DEEC7 /* ReactiveCocoa.framework in Frameworks */,
				FCCC304F1BE9454E009DEEC7 /* Result.framework in Frameworks */,
				FCCC30491BE9454D009DEEC7 /* Alamofire.framework in Frameworks */,
				FCCC304A1BE9454D009DEEC7 /* AlamofireImage.framework in Frameworks */,
				FCCC304B1BE9454D009DEEC7 /* ObjectMapper.framework in Frameworks */,
			);
			runOnlyForDeploymentPostprocessing = 0;
		};
/* End PBXFrameworksBuildPhase section */

/* Begin PBXGroup section */
		FC1D62F51BEA06A400403CC4 /* xcconfigs */ = {
			isa = PBXGroup;
			children = (
				FC1D62F61BEA06A400403CC4 /* .gitignore */,
				FC1D62F71BEA06A400403CC4 /* Base */,
				FC1D63021BEA06A400403CC4 /* iOS */,
				FC1D63071BEA06A400403CC4 /* Mac OS X */,
				FC1D630D1BEA06A400403CC4 /* README.md */,
				FC1D630E1BEA06A400403CC4 /* tvOS */,
				FC1D63131BEA06A400403CC4 /* watchOS */,
			);
			name = xcconfigs;
			path = Carthage/Checkouts/xcconfigs;
			sourceTree = "<group>";
		};
		FC1D62F71BEA06A400403CC4 /* Base */ = {
			isa = PBXGroup;
			children = (
				FC1D62F81BEA06A400403CC4 /* Common.xcconfig */,
				FC1D62F91BEA06A400403CC4 /* Configurations */,
				FC1D62FE1BEA06A400403CC4 /* Targets */,
			);
			path = Base;
			sourceTree = "<group>";
		};
		FC1D62F91BEA06A400403CC4 /* Configurations */ = {
			isa = PBXGroup;
			children = (
				FC1D62FA1BEA06A400403CC4 /* Debug.xcconfig */,
				FC1D62FB1BEA06A400403CC4 /* Profile.xcconfig */,
				FC1D62FC1BEA06A400403CC4 /* Release.xcconfig */,
				FC1D62FD1BEA06A400403CC4 /* Test.xcconfig */,
			);
			path = Configurations;
			sourceTree = "<group>";
		};
		FC1D62FE1BEA06A400403CC4 /* Targets */ = {
			isa = PBXGroup;
			children = (
				FC1D62FF1BEA06A400403CC4 /* Application.xcconfig */,
				FC1D63001BEA06A400403CC4 /* Framework.xcconfig */,
				FC1D63011BEA06A400403CC4 /* StaticLibrary.xcconfig */,
			);
			path = Targets;
			sourceTree = "<group>";
		};
		FC1D63021BEA06A400403CC4 /* iOS */ = {
			isa = PBXGroup;
			children = (
				FC1D63031BEA06A400403CC4 /* iOS-Application.xcconfig */,
				FC1D63041BEA06A400403CC4 /* iOS-Base.xcconfig */,
				FC1D63051BEA06A400403CC4 /* iOS-Framework.xcconfig */,
				FC1D63061BEA06A400403CC4 /* iOS-StaticLibrary.xcconfig */,
			);
			path = iOS;
			sourceTree = "<group>";
		};
		FC1D63071BEA06A400403CC4 /* Mac OS X */ = {
			isa = PBXGroup;
			children = (
				FC1D63081BEA06A400403CC4 /* Mac-Application.xcconfig */,
				FC1D63091BEA06A400403CC4 /* Mac-Base.xcconfig */,
				FC1D630A1BEA06A400403CC4 /* Mac-DynamicLibrary.xcconfig */,
				FC1D630B1BEA06A400403CC4 /* Mac-Framework.xcconfig */,
				FC1D630C1BEA06A400403CC4 /* Mac-StaticLibrary.xcconfig */,
			);
			path = "Mac OS X";
			sourceTree = "<group>";
		};
		FC1D630E1BEA06A400403CC4 /* tvOS */ = {
			isa = PBXGroup;
			children = (
				FC1D630F1BEA06A400403CC4 /* tvOS-Application.xcconfig */,
				FC1D63101BEA06A400403CC4 /* tvOS-Base.xcconfig */,
				FC1D63111BEA06A400403CC4 /* tvOS-Framework.xcconfig */,
				FC1D63121BEA06A400403CC4 /* tvOS-StaticLibrary.xcconfig */,
			);
			path = tvOS;
			sourceTree = "<group>";
		};
		FC1D63131BEA06A400403CC4 /* watchOS */ = {
			isa = PBXGroup;
			children = (
				FC1D63141BEA06A400403CC4 /* watchOS-Application.xcconfig */,
				FC1D63151BEA06A400403CC4 /* watchOS-Base.xcconfig */,
				FC1D63161BEA06A400403CC4 /* watchOS-Framework.xcconfig */,
				FC1D63171BEA06A400403CC4 /* watchOS-StaticLibrary.xcconfig */,
			);
			path = watchOS;
			sourceTree = "<group>";
		};
		FC858B051B7E40FF007A9B54 = {
			isa = PBXGroup;
			children = (
				FC1D62F51BEA06A400403CC4 /* xcconfigs */,
				FCCC2FFF1BE7E039009DEEC7 /* Code */,
				FCBAD4411B7E48DB00B8A7BD /* Frameworks */,
				FC858B0F1B7E40FF007A9B54 /* Products */,
			);
			sourceTree = "<group>";
		};
		FC858B0F1B7E40FF007A9B54 /* Products */ = {
			isa = PBXGroup;
			children = (
				FC858B0E1B7E40FF007A9B54 /* TwitchTV.app */,
				FCCC2FE61BE7DC80009DEEC7 /* TwitchTV-tvOS.app */,
			);
			name = Products;
			sourceTree = "<group>";
		};
		FCBAD4411B7E48DB00B8A7BD /* Frameworks */ = {
			isa = PBXGroup;
			children = (
				FCCC30901BE984E3009DEEC7 /* AVKit.framework */,
				FCCC304C1BE9454E009DEEC7 /* ReactiveCocoa.framework */,
				FCCC304D1BE9454E009DEEC7 /* Result.framework */,
				FCCC2FB81BE7D6F5009DEEC7 /* AlamofireImage.framework */,
				FCCC2FAF1BE7C669009DEEC7 /* Alamofire.framework */,
				FCCC2FB01BE7C669009DEEC7 /* ObjectMapper.framework */,
				FCCC2FB11BE7C669009DEEC7 /* ReactiveCocoa.framework */,
				FCCC2FB21BE7C669009DEEC7 /* Result.framework */,
				FCBAD43D1B7E48B500B8A7BD /* ReactiveCocoa.framework */,
				FCBAD43E1B7E48B500B8A7BD /* Result.framework */,
			);
			name = Frameworks;
			sourceTree = "<group>";
		};
		FCCC2FFF1BE7E039009DEEC7 /* Code */ = {
			isa = PBXGroup;
			children = (
				FCCC30001BE7E039009DEEC7 /* Common */,
				FCCC300C1BE7E039009DEEC7 /* iOS */,
				FCCC301A1BE7E039009DEEC7 /* tvOS */,
			);
			path = Code;
			sourceTree = "<group>";
		};
		FCCC30001BE7E039009DEEC7 /* Common */ = {
			isa = PBXGroup;
			children = (
				FCCC30011BE7E039009DEEC7 /* Constants.swift */,
				FCCC30601BE951C3009DEEC7 /* Views */,
				FCCC30441BE9438A009DEEC7 /* DataSources */,
				FCCC30021BE7E039009DEEC7 /* Helpers */,
				FCCC30051BE7E039009DEEC7 /* Models */,
				FCCC30091BE7E039009DEEC7 /* ViewModels */,
			);
			path = Common;
			sourceTree = "<group>";
		};
		FCCC30021BE7E039009DEEC7 /* Helpers */ = {
			isa = PBXGroup;
			children = (
				FCCC30421BE94152009DEEC7 /* UIColor+RGB.swift */,
				FCE769F61BED122100119B19 /* UIKitAdditions.swift */,
				FCE769F91BED275100119B19 /* UIView+MotionEffect.swift */,
				FCE76A021BEE26A900119B19 /* UIKitHelpers.swift */,
			);
			path = Helpers;
			sourceTree = "<group>";
		};
		FCCC30051BE7E039009DEEC7 /* Models */ = {
			isa = PBXGroup;
			children = (
				FCCC30061BE7E039009DEEC7 /* Game.swift */,
				FCCC30071BE7E039009DEEC7 /* TwitchAPIClient.swift */,
				FCCC30081BE7E039009DEEC7 /* TwitchRouter.swift */,
				FCCC30751BE96C2F009DEEC7 /* Stream.swift */,
				FCCC30781BE96D17009DEEC7 /* Channel.swift */,
				FCCC307B1BE96DEC009DEEC7 /* Preview.swift */,
				FCCC308D1BE97D02009DEEC7 /* AccessToken.swift */,
				FCE769D21BEC09D800119B19 /* TopGame.swift */,
			);
			path = Models;
			sourceTree = "<group>";
		};
		FCCC30091BE7E039009DEEC7 /* ViewModels */ = {
			isa = PBXGroup;
			children = (
				FCCC300A1BE7E039009DEEC7 /* GameListViewModel.swift */,
				FCCC300B1BE7E039009DEEC7 /* GameViewModel.swift */,
				FCCC307E1BE971EE009DEEC7 /* StreamListViewModel.swift */,
				FCCC30841BE972FE009DEEC7 /* StreamViewModel.swift */,
			);
			path = ViewModels;
			sourceTree = "<group>";
		};
		FCCC300C1BE7E039009DEEC7 /* iOS */ = {
			isa = PBXGroup;
			children = (
				FCCC300D1BE7E039009DEEC7 /* AppDelegate.swift */,
				FCCC300E1BE7E039009DEEC7 /* Controllers */,
				FCCC30121BE7E039009DEEC7 /* Resources */,
				FCCC30191BE7E039009DEEC7 /* Views */,
			);
			path = iOS;
			sourceTree = "<group>";
		};
		FCCC300E1BE7E039009DEEC7 /* Controllers */ = {
			isa = PBXGroup;
			children = (
				FCCC30621BE951FD009DEEC7 /* Home */,
			);
			path = Controllers;
			sourceTree = "<group>";
		};
		FCCC30121BE7E039009DEEC7 /* Resources */ = {
			isa = PBXGroup;
			children = (
				FCCC30131BE7E039009DEEC7 /* Assets.xcassets */,
				FCCC30141BE7E039009DEEC7 /* LaunchScreen.storyboard */,
				FCCC30161BE7E039009DEEC7 /* Main.storyboard */,
				FCCC30181BE7E039009DEEC7 /* Info.plist */,
			);
			path = Resources;
			sourceTree = "<group>";
		};
		FCCC30191BE7E039009DEEC7 /* Views */ = {
			isa = PBXGroup;
			children = (
			);
			path = Views;
			sourceTree = "<group>";
		};
		FCCC301A1BE7E039009DEEC7 /* tvOS */ = {
			isa = PBXGroup;
			children = (
				FCCC301B1BE7E039009DEEC7 /* AppDelegate.swift */,
				FCE769E21BECFF6500119B19 /* Controllers */,
				FCCC30201BE7E039009DEEC7 /* Resources */,
				FCCC30241BE7E039009DEEC7 /* Views */,
			);
			path = tvOS;
			sourceTree = "<group>";
		};
		FCCC30201BE7E039009DEEC7 /* Resources */ = {
			isa = PBXGroup;
			children = (
				FCCC303F1BE927BD009DEEC7 /* Info.plist */,
				FCCC30211BE7E039009DEEC7 /* Assets.xcassets */,
				FCCC30221BE7E039009DEEC7 /* Main.storyboard */,
			);
			path = Resources;
			sourceTree = "<group>";
		};
		FCCC30241BE7E039009DEEC7 /* Views */ = {
			isa = PBXGroup;
			children = (
			);
			path = Views;
			sourceTree = "<group>";
		};
		FCCC30441BE9438A009DEEC7 /* DataSources */ = {
			isa = PBXGroup;
			children = (
				FCCC30451BE9441C009DEEC7 /* GamesDataSource.swift */,
				FCCC308A1BE974C0009DEEC7 /* StreamsDataSource.swift */,
			);
			path = DataSources;
			sourceTree = "<group>";
		};
		FCCC30601BE951C3009DEEC7 /* Views */ = {
			isa = PBXGroup;
			children = (
			);
			path = Views;
			sourceTree = "<group>";
		};
		FCCC30621BE951FD009DEEC7 /* Home */ = {
			isa = PBXGroup;
			children = (
				FCCC30631BE951FD009DEEC7 /* Cells */,
				FCCC30651BE951FD009DEEC7 /* ViewController.swift */,
			);
			path = Home;
			sourceTree = "<group>";
		};
		FCCC30631BE951FD009DEEC7 /* Cells */ = {
			isa = PBXGroup;
			children = (
				FCE769DD1BECFEAE00119B19 /* GameCell.swift */,
				FCCC30641BE951FD009DEEC7 /* GameCell.xib */,
			);
			path = Cells;
			sourceTree = "<group>";
		};
		FCE769E21BECFF6500119B19 /* Controllers */ = {
			isa = PBXGroup;
			children = (
				FCE769E31BECFF6500119B19 /* Games */,
				FCE769E81BECFF6500119B19 /* Home */,
				FCE769EA1BECFF6500119B19 /* Streams */,
			);
			path = Controllers;
			sourceTree = "<group>";
		};
		FCE769E31BECFF6500119B19 /* Games */ = {
			isa = PBXGroup;
			children = (
				FCE769E41BECFF6500119B19 /* Cells */,
				FCE769E71BECFF6500119B19 /* GamesViewController.swift */,
			);
			path = Games;
			sourceTree = "<group>";
		};
		FCE769E41BECFF6500119B19 /* Cells */ = {
			isa = PBXGroup;
			children = (
				FCE769E51BECFF6500119B19 /* GameCell.swift */,
				FCE769E61BECFF6500119B19 /* GameCell.xib */,
			);
			path = Cells;
			sourceTree = "<group>";
		};
		FCE769E81BECFF6500119B19 /* Home */ = {
			isa = PBXGroup;
			children = (
				FCE769E91BECFF6500119B19 /* TwitchHomeViewController.swift */,
			);
			path = Home;
			sourceTree = "<group>";
		};
		FCE769EA1BECFF6500119B19 /* Streams */ = {
			isa = PBXGroup;
			children = (
				FCE769EB1BECFF6500119B19 /* Cells */,
				FCE769EE1BECFF6500119B19 /* StreamsViewController.swift */,
			);
			path = Streams;
			sourceTree = "<group>";
		};
		FCE769EB1BECFF6500119B19 /* Cells */ = {
			isa = PBXGroup;
			children = (
				FCE769EC1BECFF6500119B19 /* StreamCell.swift */,
				FCE769ED1BECFF6500119B19 /* StreamCell.xib */,
			);
			path = Cells;
			sourceTree = "<group>";
		};
/* End PBXGroup section */

/* Begin PBXNativeTarget section */
		FC858B0D1B7E40FF007A9B54 /* TwitchTV-iOS */ = {
			isa = PBXNativeTarget;
			buildConfigurationList = FC858B361B7E40FF007A9B54 /* Build configuration list for PBXNativeTarget "TwitchTV-iOS" */;
			buildPhases = (
				FC858B0A1B7E40FF007A9B54 /* Sources */,
				FC858B0B1B7E40FF007A9B54 /* Frameworks */,
				FC858B0C1B7E40FF007A9B54 /* Resources */,
				FCCC2FBA1BE7D8E8009DEEC7 /* CopyFiles */,
			);
			buildRules = (
			);
			dependencies = (
			);
			name = "TwitchTV-iOS";
			productName = ReactiveTesting;
			productReference = FC858B0E1B7E40FF007A9B54 /* TwitchTV.app */;
			productType = "com.apple.product-type.application";
		};
		FCCC2FE51BE7DC80009DEEC7 /* TwitchTV-tvOS */ = {
			isa = PBXNativeTarget;
			buildConfigurationList = FCCC2FF41BE7DC80009DEEC7 /* Build configuration list for PBXNativeTarget "TwitchTV-tvOS" */;
			buildPhases = (
				FCCC2FE21BE7DC80009DEEC7 /* Sources */,
				FCCC2FE31BE7DC80009DEEC7 /* Frameworks */,
				FCCC2FE41BE7DC80009DEEC7 /* Resources */,
				FCCC30501BE94559009DEEC7 /* CopyFiles */,
			);
			buildRules = (
			);
			dependencies = (
			);
			name = "TwitchTV-tvOS";
			productName = "TwitchTV-tvOS";
			productReference = FCCC2FE61BE7DC80009DEEC7 /* TwitchTV-tvOS.app */;
			productType = "com.apple.product-type.application";
		};
/* End PBXNativeTarget section */

/* Begin PBXProject section */
		FC858B061B7E40FF007A9B54 /* Project object */ = {
			isa = PBXProject;
			attributes = {
				LastSwiftUpdateCheck = 0710;
				LastUpgradeCheck = 0710;
				ORGANIZATIONNAME = "Benoit Layer";
				TargetAttributes = {
					FC858B0D1B7E40FF007A9B54 = {
						CreatedOnToolsVersion = 7.0;
					};
					FCCC2FE51BE7DC80009DEEC7 = {
						CreatedOnToolsVersion = 7.1;
						DevelopmentTeam = 43SXS7JQ42;
					};
				};
			};
			buildConfigurationList = FC858B091B7E40FF007A9B54 /* Build configuration list for PBXProject "TwitchTV" */;
			compatibilityVersion = "Xcode 3.2";
			developmentRegion = English;
			hasScannedForEncodings = 0;
			knownRegions = (
				en,
				Base,
			);
			mainGroup = FC858B051B7E40FF007A9B54;
			productRefGroup = FC858B0F1B7E40FF007A9B54 /* Products */;
			projectDirPath = "";
			projectRoot = "";
			targets = (
				FC858B0D1B7E40FF007A9B54 /* TwitchTV-iOS */,
				FCCC2FE51BE7DC80009DEEC7 /* TwitchTV-tvOS */,
			);
		};
/* End PBXProject section */

/* Begin PBXResourcesBuildPhase section */
		FC858B0C1B7E40FF007A9B54 /* Resources */ = {
			isa = PBXResourcesBuildPhase;
			buildActionMask = 2147483647;
			files = (
				FCCC30661BE951FD009DEEC7 /* GameCell.xib in Resources */,
				FCCC30321BE7E039009DEEC7 /* Main.storyboard in Resources */,
				FCCC30301BE7E039009DEEC7 /* Assets.xcassets in Resources */,
				FCCC30311BE7E039009DEEC7 /* LaunchScreen.storyboard in Resources */,
			);
			runOnlyForDeploymentPostprocessing = 0;
		};
		FCCC2FE41BE7DC80009DEEC7 /* Resources */ = {
			isa = PBXResourcesBuildPhase;
			buildActionMask = 2147483647;
			files = (
				FCCC303D1BE7E04B009DEEC7 /* Assets.xcassets in Resources */,
				FCCC303E1BE7E053009DEEC7 /* Main.storyboard in Resources */,
				FCE769F01BECFF6500119B19 /* GameCell.xib in Resources */,
				FCE769F41BECFF6500119B19 /* StreamCell.xib in Resources */,
			);
			runOnlyForDeploymentPostprocessing = 0;
		};
/* End PBXResourcesBuildPhase section */

/* Begin PBXSourcesBuildPhase section */
		FC858B0A1B7E40FF007A9B54 /* Sources */ = {
			isa = PBXSourcesBuildPhase;
			buildActionMask = 2147483647;
			files = (
				FCCC30461BE9441C009DEEC7 /* GamesDataSource.swift in Sources */,
				FCE769FA1BED275100119B19 /* UIView+MotionEffect.swift in Sources */,
				FCCC302C1BE7E039009DEEC7 /* AppDelegate.swift in Sources */,
				FCCC30291BE7E039009DEEC7 /* TwitchRouter.swift in Sources */,
				FCCC30851BE972FE009DEEC7 /* StreamViewModel.swift in Sources */,
				FCE769D31BEC09D800119B19 /* TopGame.swift in Sources */,
				FCE76A031BEE26A900119B19 /* UIKitHelpers.swift in Sources */,
				FCCC30281BE7E039009DEEC7 /* TwitchAPIClient.swift in Sources */,
				FCCC30681BE951FD009DEEC7 /* ViewController.swift in Sources */,
				FCCC302A1BE7E039009DEEC7 /* GameListViewModel.swift in Sources */,
				FCCC30571BE94592009DEEC7 /* UIColor+RGB.swift in Sources */,
				FCCC307C1BE96DEC009DEEC7 /* Preview.swift in Sources */,
				FCCC307F1BE971EE009DEEC7 /* StreamListViewModel.swift in Sources */,
				FCCC308E1BE97D02009DEEC7 /* AccessToken.swift in Sources */,
				FCE769F71BED122100119B19 /* UIKitAdditions.swift in Sources */,
				FCCC30791BE96D17009DEEC7 /* Channel.swift in Sources */,
				FCCC30251BE7E039009DEEC7 /* Constants.swift in Sources */,
				FCCC30271BE7E039009DEEC7 /* Game.swift in Sources */,
				FCCC30761BE96C2F009DEEC7 /* Stream.swift in Sources */,
				FCE769DF1BECFEB500119B19 /* GameCell.swift in Sources */,
				FCCC308B1BE974C0009DEEC7 /* StreamsDataSource.swift in Sources */,
				FCCC302B1BE7E039009DEEC7 /* GameViewModel.swift in Sources */,
			);
			runOnlyForDeploymentPostprocessing = 0;
		};
		FCCC2FE21BE7DC80009DEEC7 /* Sources */ = {
			isa = PBXSourcesBuildPhase;
			buildActionMask = 2147483647;
			files = (
				FCCC305A1BE945A0009DEEC7 /* TwitchAPIClient.swift in Sources */,
				FCE769F31BECFF6500119B19 /* StreamCell.swift in Sources */,
				FCCC307A1BE96D17009DEEC7 /* Channel.swift in Sources */,
				FCCC30801BE971EE009DEEC7 /* StreamListViewModel.swift in Sources */,
				FCCC305B1BE945A0009DEEC7 /* TwitchRouter.swift in Sources */,
				FCCC30481BE944FC009DEEC7 /* GameListViewModel.swift in Sources */,
				FCCC30591BE945A0009DEEC7 /* Game.swift in Sources */,
				FCCC308F1BE97D02009DEEC7 /* AccessToken.swift in Sources */,
				FCE769F51BECFF6500119B19 /* StreamsViewController.swift in Sources */,
				FCCC307D1BE96DEC009DEEC7 /* Preview.swift in Sources */,
				FCCC305C1BE945A7009DEEC7 /* GameViewModel.swift in Sources */,
				FCCC30431BE94152009DEEC7 /* UIColor+RGB.swift in Sources */,
				FCCC308C1BE974C0009DEEC7 /* StreamsDataSource.swift in Sources */,
				FCE769F11BECFF6500119B19 /* GamesViewController.swift in Sources */,
				FCE769F81BED122100119B19 /* UIKitAdditions.swift in Sources */,
				FCE769EF1BECFF6500119B19 /* GameCell.swift in Sources */,
				FCE76A041BEE26A900119B19 /* UIKitHelpers.swift in Sources */,
				FCCC303A1BE7E03F009DEEC7 /* AppDelegate.swift in Sources */,
				FCCC30771BE96C2F009DEEC7 /* Stream.swift in Sources */,
				FCCC30471BE9441C009DEEC7 /* GamesDataSource.swift in Sources */,
				FCE769FB1BED275100119B19 /* UIView+MotionEffect.swift in Sources */,
				FCE769F21BECFF6500119B19 /* TwitchHomeViewController.swift in Sources */,
				FCCC30861BE972FE009DEEC7 /* StreamViewModel.swift in Sources */,
				FCCC30561BE9458D009DEEC7 /* Constants.swift in Sources */,
				FCE769D41BEC09D800119B19 /* TopGame.swift in Sources */,
			);
			runOnlyForDeploymentPostprocessing = 0;
		};
/* End PBXSourcesBuildPhase section */

/* Begin PBXVariantGroup section */
		FCCC30141BE7E039009DEEC7 /* LaunchScreen.storyboard */ = {
			isa = PBXVariantGroup;
			children = (
				FCCC30151BE7E039009DEEC7 /* Base */,
			);
			name = LaunchScreen.storyboard;
			sourceTree = "<group>";
		};
		FCCC30161BE7E039009DEEC7 /* Main.storyboard */ = {
			isa = PBXVariantGroup;
			children = (
				FCCC30171BE7E039009DEEC7 /* Base */,
			);
			name = Main.storyboard;
			sourceTree = "<group>";
		};
		FCCC30221BE7E039009DEEC7 /* Main.storyboard */ = {
			isa = PBXVariantGroup;
			children = (
				FCCC30231BE7E039009DEEC7 /* Base */,
			);
			name = Main.storyboard;
			sourceTree = "<group>";
		};
/* End PBXVariantGroup section */

/* Begin XCBuildConfiguration section */
		FC858B341B7E40FF007A9B54 /* Debug */ = {
			isa = XCBuildConfiguration;
			buildSettings = {
				ALWAYS_SEARCH_USER_PATHS = NO;
				CLANG_CXX_LANGUAGE_STANDARD = "gnu++0x";
				CLANG_CXX_LIBRARY = "libc++";
				CLANG_ENABLE_MODULES = YES;
				CLANG_ENABLE_OBJC_ARC = YES;
				CLANG_WARN_BOOL_CONVERSION = YES;
				CLANG_WARN_CONSTANT_CONVERSION = YES;
				CLANG_WARN_DIRECT_OBJC_ISA_USAGE = YES_ERROR;
				CLANG_WARN_EMPTY_BODY = YES;
				CLANG_WARN_ENUM_CONVERSION = YES;
				CLANG_WARN_INT_CONVERSION = YES;
				CLANG_WARN_OBJC_ROOT_CLASS = YES_ERROR;
				CLANG_WARN_UNREACHABLE_CODE = YES;
				CLANG_WARN__DUPLICATE_METHOD_MATCH = YES;
				"CODE_SIGN_IDENTITY[sdk=iphoneos*]" = "iPhone Developer";
				COPY_PHASE_STRIP = NO;
				DEBUG_INFORMATION_FORMAT = dwarf;
				ENABLE_STRICT_OBJC_MSGSEND = YES;
				ENABLE_TESTABILITY = YES;
				GCC_C_LANGUAGE_STANDARD = gnu99;
				GCC_DYNAMIC_NO_PIC = NO;
				GCC_NO_COMMON_BLOCKS = YES;
				GCC_OPTIMIZATION_LEVEL = 0;
				GCC_PREPROCESSOR_DEFINITIONS = (
					"DEBUG=1",
					"$(inherited)",
				);
				GCC_WARN_64_TO_32_BIT_CONVERSION = YES;
				GCC_WARN_ABOUT_RETURN_TYPE = YES_ERROR;
				GCC_WARN_UNDECLARED_SELECTOR = YES;
				GCC_WARN_UNINITIALIZED_AUTOS = YES_AGGRESSIVE;
				GCC_WARN_UNUSED_FUNCTION = YES;
				GCC_WARN_UNUSED_VARIABLE = YES;
				IPHONEOS_DEPLOYMENT_TARGET = 9.0;
				MTL_ENABLE_DEBUG_INFO = YES;
				ONLY_ACTIVE_ARCH = YES;
				SDKROOT = iphoneos;
				SWIFT_OPTIMIZATION_LEVEL = "-Onone";
			};
			name = Debug;
		};
		FC858B351B7E40FF007A9B54 /* Release */ = {
			isa = XCBuildConfiguration;
			buildSettings = {
				ALWAYS_SEARCH_USER_PATHS = NO;
				CLANG_CXX_LANGUAGE_STANDARD = "gnu++0x";
				CLANG_CXX_LIBRARY = "libc++";
				CLANG_ENABLE_MODULES = YES;
				CLANG_ENABLE_OBJC_ARC = YES;
				CLANG_WARN_BOOL_CONVERSION = YES;
				CLANG_WARN_CONSTANT_CONVERSION = YES;
				CLANG_WARN_DIRECT_OBJC_ISA_USAGE = YES_ERROR;
				CLANG_WARN_EMPTY_BODY = YES;
				CLANG_WARN_ENUM_CONVERSION = YES;
				CLANG_WARN_INT_CONVERSION = YES;
				CLANG_WARN_OBJC_ROOT_CLASS = YES_ERROR;
				CLANG_WARN_UNREACHABLE_CODE = YES;
				CLANG_WARN__DUPLICATE_METHOD_MATCH = YES;
				"CODE_SIGN_IDENTITY[sdk=iphoneos*]" = "iPhone Developer";
				COPY_PHASE_STRIP = NO;
				DEBUG_INFORMATION_FORMAT = "dwarf-with-dsym";
				ENABLE_NS_ASSERTIONS = NO;
				ENABLE_STRICT_OBJC_MSGSEND = YES;
				GCC_C_LANGUAGE_STANDARD = gnu99;
				GCC_NO_COMMON_BLOCKS = YES;
				GCC_WARN_64_TO_32_BIT_CONVERSION = YES;
				GCC_WARN_ABOUT_RETURN_TYPE = YES_ERROR;
				GCC_WARN_UNDECLARED_SELECTOR = YES;
				GCC_WARN_UNINITIALIZED_AUTOS = YES_AGGRESSIVE;
				GCC_WARN_UNUSED_FUNCTION = YES;
				GCC_WARN_UNUSED_VARIABLE = YES;
				IPHONEOS_DEPLOYMENT_TARGET = 9.0;
				MTL_ENABLE_DEBUG_INFO = NO;
				SDKROOT = iphoneos;
				VALIDATE_PRODUCT = YES;
			};
			name = Release;
		};
		FC858B371B7E40FF007A9B54 /* Debug */ = {
			isa = XCBuildConfiguration;
			baseConfigurationReference = FC1D63031BEA06A400403CC4 /* iOS-Application.xcconfig */;
			buildSettings = {
				ASSETCATALOG_COMPILER_APPICON_NAME = AppIcon;
				FRAMEWORK_SEARCH_PATHS = "$(inherited)";
				INFOPLIST_FILE = Code/iOS/Resources/Info.plist;
				LD_RUNPATH_SEARCH_PATHS = "$(inherited) @executable_path/Frameworks";
				PRODUCT_BUNDLE_IDENTIFIER = com.notbenoit.TwitchTV;
				PRODUCT_NAME = TwitchTV;
			};
			name = Debug;
		};
		FC858B381B7E40FF007A9B54 /* Release */ = {
			isa = XCBuildConfiguration;
			baseConfigurationReference = FC1D63031BEA06A400403CC4 /* iOS-Application.xcconfig */;
			buildSettings = {
				ASSETCATALOG_COMPILER_APPICON_NAME = AppIcon;
				FRAMEWORK_SEARCH_PATHS = "$(inherited)";
				INFOPLIST_FILE = Code/iOS/Resources/Info.plist;
				LD_RUNPATH_SEARCH_PATHS = "$(inherited) @executable_path/Frameworks";
				PRODUCT_BUNDLE_IDENTIFIER = com.notbenoit.TwitchTV;
				PRODUCT_NAME = TwitchTV;
			};
			name = Release;
		};
		FCCC2FF51BE7DC80009DEEC7 /* Debug */ = {
			isa = XCBuildConfiguration;
			baseConfigurationReference = FC1D630F1BEA06A400403CC4 /* tvOS-Application.xcconfig */;
			buildSettings = {
				ASSETCATALOG_COMPILER_APPICON_NAME = "App Icon & Top Shelf Image";
				ASSETCATALOG_COMPILER_LAUNCHIMAGE_NAME = LaunchImage;
				CODE_SIGN_IDENTITY = "iPhone Developer";
				FRAMEWORK_SEARCH_PATHS = "$(inherited)";
				INFOPLIST_FILE = Code/tvOS/Resources/Info.plist;
				LD_RUNPATH_SEARCH_PATHS = "$(inherited) @executable_path/Frameworks";
				PRODUCT_BUNDLE_IDENTIFIER = com.notbenoit.TwitchTV;
				PRODUCT_NAME = "$(TARGET_NAME)";
				SDKROOT = appletvos;
				TARGETED_DEVICE_FAMILY = 3;
				TVOS_DEPLOYMENT_TARGET = 9.0;
			};
			name = Debug;
		};
		FCCC2FF61BE7DC80009DEEC7 /* Release */ = {
			isa = XCBuildConfiguration;
			baseConfigurationReference = FC1D630F1BEA06A400403CC4 /* tvOS-Application.xcconfig */;
			buildSettings = {
				ASSETCATALOG_COMPILER_APPICON_NAME = "App Icon & Top Shelf Image";
				ASSETCATALOG_COMPILER_LAUNCHIMAGE_NAME = LaunchImage;
				CODE_SIGN_IDENTITY = "iPhone Developer";
				FRAMEWORK_SEARCH_PATHS = "$(inherited)";
				INFOPLIST_FILE = Code/tvOS/Resources/Info.plist;
				LD_RUNPATH_SEARCH_PATHS = "$(inherited) @executable_path/Frameworks";
				PRODUCT_BUNDLE_IDENTIFIER = com.notbenoit.TwitchTV;
				PRODUCT_NAME = "$(TARGET_NAME)";
				SDKROOT = appletvos;
				TARGETED_DEVICE_FAMILY = 3;
				TVOS_DEPLOYMENT_TARGET = 9.0;
			};
			name = Release;
		};
/* End XCBuildConfiguration section */

/* Begin XCConfigurationList section */
		FC858B091B7E40FF007A9B54 /* Build configuration list for PBXProject "TwitchTV" */ = {
			isa = XCConfigurationList;
			buildConfigurations = (
				FC858B341B7E40FF007A9B54 /* Debug */,
				FC858B351B7E40FF007A9B54 /* Release */,
			);
			defaultConfigurationIsVisible = 0;
			defaultConfigurationName = Release;
		};
		FC858B361B7E40FF007A9B54 /* Build configuration list for PBXNativeTarget "TwitchTV-iOS" */ = {
			isa = XCConfigurationList;
			buildConfigurations = (
				FC858B371B7E40FF007A9B54 /* Debug */,
				FC858B381B7E40FF007A9B54 /* Release */,
			);
			defaultConfigurationIsVisible = 0;
			defaultConfigurationName = Release;
		};
		FCCC2FF41BE7DC80009DEEC7 /* Build configuration list for PBXNativeTarget "TwitchTV-tvOS" */ = {
			isa = XCConfigurationList;
			buildConfigurations = (
				FCCC2FF51BE7DC80009DEEC7 /* Debug */,
				FCCC2FF61BE7DC80009DEEC7 /* Release */,
			);
			defaultConfigurationIsVisible = 0;
			defaultConfigurationName = Release;
		};
/* End XCConfigurationList section */
	};
	rootObject = FC858B061B7E40FF007A9B54 /* Project object */;
}
